// !$*UTF8*$!
{
	archiveVersion = 1;
	classes = {
	};
	objectVersion = 46;
	objects = {

/* Begin PBXBuildFile section */
		BE1ECBB917F1962C006CCD56 /* CoreLocation.framework in Frameworks */ = {isa = PBXBuildFile; fileRef = BE1ECBB817F1962C006CCD56 /* CoreLocation.framework */; };
		BE1ECBBB17F19632006CCD56 /* MapKit.framework in Frameworks */ = {isa = PBXBuildFile; fileRef = BE1ECBBA17F19632006CCD56 /* MapKit.framework */; };
		BE1ECC1E17F1B4BF006CCD56 /* Foursquare2.m in Sources */ = {isa = PBXBuildFile; fileRef = BE1ECC1217F1B4BF006CCD56 /* Foursquare2.m */; };
		BE1ECC1F17F1B4BF006CCD56 /* FSRequester.m in Sources */ = {isa = PBXBuildFile; fileRef = BE1ECC1417F1B4BF006CCD56 /* FSRequester.m */; };
		BE1ECC2017F1B4BF006CCD56 /* FSTargetCallback.m in Sources */ = {isa = PBXBuildFile; fileRef = BE1ECC1617F1B4BF006CCD56 /* FSTargetCallback.m */; };
		BE1ECC2117F1B4BF006CCD56 /* FSWebLogin.m in Sources */ = {isa = PBXBuildFile; fileRef = BE1ECC1817F1B4BF006CCD56 /* FSWebLogin.m */; };
		BE1ECC2217F1B4BF006CCD56 /* FSWebLogin.xib in Resources */ = {isa = PBXBuildFile; fileRef = BE1ECC1917F1B4BF006CCD56 /* FSWebLogin.xib */; };
		BE1ECC2917F1B4CE006CCD56 /* FSOAuth.m in Sources */ = {isa = PBXBuildFile; fileRef = BE1ECC2817F1B4CE006CCD56 /* FSOAuth.m */; };
		BE1ECC5417F1E724006CCD56 /* AFHTTPClient.m in Sources */ = {isa = PBXBuildFile; fileRef = BE1ECC4217F1E724006CCD56 /* AFHTTPClient.m */; };
		BE1ECC5517F1E724006CCD56 /* AFHTTPRequestOperation.m in Sources */ = {isa = PBXBuildFile; fileRef = BE1ECC4417F1E724006CCD56 /* AFHTTPRequestOperation.m */; };
		BE1ECC5617F1E724006CCD56 /* AFImageRequestOperation.m in Sources */ = {isa = PBXBuildFile; fileRef = BE1ECC4617F1E724006CCD56 /* AFImageRequestOperation.m */; };
		BE1ECC5717F1E724006CCD56 /* AFJSONRequestOperation.m in Sources */ = {isa = PBXBuildFile; fileRef = BE1ECC4817F1E724006CCD56 /* AFJSONRequestOperation.m */; };
		BE1ECC5817F1E724006CCD56 /* AFNetworkActivityIndicatorManager.m in Sources */ = {isa = PBXBuildFile; fileRef = BE1ECC4A17F1E724006CCD56 /* AFNetworkActivityIndicatorManager.m */; };
		BE1ECC5917F1E724006CCD56 /* AFPropertyListRequestOperation.m in Sources */ = {isa = PBXBuildFile; fileRef = BE1ECC4D17F1E724006CCD56 /* AFPropertyListRequestOperation.m */; };
		BE1ECC5A17F1E724006CCD56 /* AFURLConnectionOperation.m in Sources */ = {isa = PBXBuildFile; fileRef = BE1ECC4F17F1E724006CCD56 /* AFURLConnectionOperation.m */; };
		BE1ECC5B17F1E724006CCD56 /* AFXMLRequestOperation.m in Sources */ = {isa = PBXBuildFile; fileRef = BE1ECC5117F1E724006CCD56 /* AFXMLRequestOperation.m */; };
		BE1ECC5C17F1E724006CCD56 /* UIImageView+AFNetworking.m in Sources */ = {isa = PBXBuildFile; fileRef = BE1ECC5317F1E724006CCD56 /* UIImageView+AFNetworking.m */; };
		BE1ECC5E17F22DE9006CCD56 /* SystemConfiguration.framework in Frameworks */ = {isa = PBXBuildFile; fileRef = BE1ECC5D17F22DE9006CCD56 /* SystemConfiguration.framework */; };
		BE1ECC6017F22DF8006CCD56 /* MobileCoreServices.framework in Frameworks */ = {isa = PBXBuildFile; fileRef = BE1ECC5F17F22DF8006CCD56 /* MobileCoreServices.framework */; };
		BE644B16183D5DF6007AEE9F /* Resources.bundle in Resources */ = {isa = PBXBuildFile; fileRef = BE644B14183D5DF6007AEE9F /* Resources.bundle */; };
		BE644B17183D5DF6007AEE9F /* VeespoFramework.framework in Frameworks */ = {isa = PBXBuildFile; fileRef = BE644B15183D5DF6007AEE9F /* VeespoFramework.framework */; };
		BE644B1B183D5EDA007AEE9F /* PickerView.m in Sources */ = {isa = PBXBuildFile; fileRef = BE644B1A183D5EDA007AEE9F /* PickerView.m */; };
		BE644B1E183D6D7A007AEE9F /* Localizable.strings in Resources */ = {isa = PBXBuildFile; fileRef = BE644B20183D6D7A007AEE9F /* Localizable.strings */; };
		BE644B24183D7C2B007AEE9F /* Veespo-Keys.plist in Resources */ = {isa = PBXBuildFile; fileRef = BE644B23183D7C2B007AEE9F /* Veespo-Keys.plist */; };
		BE7516EE1818192500C2717B /* AdSupport.framework in Frameworks */ = {isa = PBXBuildFile; fileRef = BE7516ED1818192500C2717B /* AdSupport.framework */; };
		BEC63F52183CC6BD001C82B6 /* VEAppDelegate.m in Sources */ = {isa = PBXBuildFile; fileRef = BEC63F19183CC6BD001C82B6 /* VEAppDelegate.m */; };
		BEC63F53183CC6BD001C82B6 /* RassegnaCell.m in Sources */ = {isa = PBXBuildFile; fileRef = BEC63F1C183CC6BD001C82B6 /* RassegnaCell.m */; };
		BEC63F54183CC6BD001C82B6 /* VEMenuCell.m in Sources */ = {isa = PBXBuildFile; fileRef = BEC63F1E183CC6BD001C82B6 /* VEMenuCell.m */; };
		BEC63F55183CC6BD001C82B6 /* VEFSHeaderView.m in Sources */ = {isa = PBXBuildFile; fileRef = BEC63F21183CC6BD001C82B6 /* VEFSHeaderView.m */; };
		BEC63F56183CC6BD001C82B6 /* VEVenueCell.m in Sources */ = {isa = PBXBuildFile; fileRef = BEC63F23183CC6BD001C82B6 /* VEVenueCell.m */; };
		BEC63F57183CC6BD001C82B6 /* VEDetailVenue.m in Sources */ = {isa = PBXBuildFile; fileRef = BEC63F26183CC6BD001C82B6 /* VEDetailVenue.m */; };
		BEC63F58183CC6BD001C82B6 /* VEDetailVenue.xib in Resources */ = {isa = PBXBuildFile; fileRef = BEC63F27183CC6BD001C82B6 /* VEDetailVenue.xib */; };
		BEC63F59183CC6BD001C82B6 /* VEEspnViewController.m in Sources */ = {isa = PBXBuildFile; fileRef = BEC63F29183CC6BD001C82B6 /* VEEspnViewController.m */; };
		BEC63F5A183CC6BD001C82B6 /* VEFSViewController.m in Sources */ = {isa = PBXBuildFile; fileRef = BEC63F2B183CC6BD001C82B6 /* VEFSViewController.m */; };
		BEC63F5B183CC6BD001C82B6 /* VEMenuViewController.m in Sources */ = {isa = PBXBuildFile; fileRef = BEC63F2D183CC6BD001C82B6 /* VEMenuViewController.m */; };
		BEC63F5C183CC6BD001C82B6 /* VERootViewController.m in Sources */ = {isa = PBXBuildFile; fileRef = BEC63F2F183CC6BD001C82B6 /* VERootViewController.m */; };
		BEC63F5D183CC6BD001C82B6 /* VERSSViewController.m in Sources */ = {isa = PBXBuildFile; fileRef = BEC63F31183CC6BD001C82B6 /* VERSSViewController.m */; };
		BEC63F5E183CC6BD001C82B6 /* VETargetDetailViewController.m in Sources */ = {isa = PBXBuildFile; fileRef = BEC63F33183CC6BD001C82B6 /* VETargetDetailViewController.m */; };
		BEC63F5F183CC6BD001C82B6 /* VETargetViewController.m in Sources */ = {isa = PBXBuildFile; fileRef = BEC63F35183CC6BD001C82B6 /* VETargetViewController.m */; };
		BEC63F61183CC6BD001C82B6 /* VEViewController.m in Sources */ = {isa = PBXBuildFile; fileRef = BEC63F39183CC6BD001C82B6 /* VEViewController.m */; };
		BEC63F62183CC6BD001C82B6 /* WebViewController.m in Sources */ = {isa = PBXBuildFile; fileRef = BEC63F3B183CC6BD001C82B6 /* WebViewController.m */; };
		BEC63F63183CC6BD001C82B6 /* WebViewController.xib in Resources */ = {isa = PBXBuildFile; fileRef = BEC63F3C183CC6BD001C82B6 /* WebViewController.xib */; };
		BEC63F65183CC6BD001C82B6 /* FSConverter.m in Sources */ = {isa = PBXBuildFile; fileRef = BEC63F40183CC6BD001C82B6 /* FSConverter.m */; };
		BEC63F66183CC6BD001C82B6 /* FSVenue.m in Sources */ = {isa = PBXBuildFile; fileRef = BEC63F43183CC6BD001C82B6 /* FSVenue.m */; };
		BEC63F67183CC6BD001C82B6 /* VEUser.m in Sources */ = {isa = PBXBuildFile; fileRef = BEC63F45183CC6BD001C82B6 /* VEUser.m */; };
		BEC63F68183CC6BD001C82B6 /* pin.png in Resources */ = {isa = PBXBuildFile; fileRef = BEC63F47183CC6BD001C82B6 /* pin.png */; };
		BEC63F69183CC6BD001C82B6 /* pin@2x.png in Resources */ = {isa = PBXBuildFile; fileRef = BEC63F48183CC6BD001C82B6 /* pin@2x.png */; };
		BEC63F6A183CC6BD001C82B6 /* poweredByFoursquare_gray.png in Resources */ = {isa = PBXBuildFile; fileRef = BEC63F49183CC6BD001C82B6 /* poweredByFoursquare_gray.png */; };
		BEC63F6B183CC6BD001C82B6 /* poweredByFoursquare_gray@2x.png in Resources */ = {isa = PBXBuildFile; fileRef = BEC63F4A183CC6BD001C82B6 /* poweredByFoursquare_gray@2x.png */; };
		BEC63F6C183CC6BD001C82B6 /* user.png in Resources */ = {isa = PBXBuildFile; fileRef = BEC63F4B183CC6BD001C82B6 /* user.png */; };
		BEC63F6D183CC6BD001C82B6 /* VERSSParser.m in Sources */ = {isa = PBXBuildFile; fileRef = BEC63F4E183CC6BD001C82B6 /* VERSSParser.m */; };
		BEC63F6E183CC6BD001C82B6 /* VEConnection.m in Sources */ = {isa = PBXBuildFile; fileRef = BEC63F51183CC6BD001C82B6 /* VEConnection.m */; };
		BEC63F70183CC790001C82B6 /* Empty.xib in Resources */ = {isa = PBXBuildFile; fileRef = BEC63F6F183CC790001C82B6 /* Empty.xib */; };
		BEC63F77183CC7BC001C82B6 /* UIControl+VEControl.m in Sources */ = {isa = PBXBuildFile; fileRef = BEC63F74183CC7BC001C82B6 /* UIControl+VEControl.m */; };
		BEC63F7C183CD0B3001C82B6 /* main.m in Sources */ = {isa = PBXBuildFile; fileRef = BEC63F7A183CD0B3001C82B6 /* main.m */; };
		BEC63F7D183CD0B3001C82B6 /* Veespo-Info.plist in Resources */ = {isa = PBXBuildFile; fileRef = BEC63F7B183CD0B3001C82B6 /* Veespo-Info.plist */; };
		BEC63F7E183CD27D001C82B6 /* Main.storyboard in Resources */ = {isa = PBXBuildFile; fileRef = BE010A95180AEF0E0012817F /* Main.storyboard */; };
		BEC63F80183CD528001C82B6 /* Supporting Files in Resources */ = {isa = PBXBuildFile; fileRef = BEC63F7F183CD528001C82B6 /* Supporting Files */; };
		BEEB671717EC9A1A00F394E9 /* Foundation.framework in Frameworks */ = {isa = PBXBuildFile; fileRef = BEEB671617EC9A1A00F394E9 /* Foundation.framework */; };
		BEEB671917EC9A1A00F394E9 /* CoreGraphics.framework in Frameworks */ = {isa = PBXBuildFile; fileRef = BEEB671817EC9A1A00F394E9 /* CoreGraphics.framework */; };
		BEEB671B17EC9A1A00F394E9 /* UIKit.framework in Frameworks */ = {isa = PBXBuildFile; fileRef = BEEB671A17EC9A1A00F394E9 /* UIKit.framework */; };
		BEEB672117EC9A1A00F394E9 /* InfoPlist.strings in Resources */ = {isa = PBXBuildFile; fileRef = BEEB671F17EC9A1A00F394E9 /* InfoPlist.strings */; };
		BEEB672F17EC9A1A00F394E9 /* Images.xcassets in Resources */ = {isa = PBXBuildFile; fileRef = BEEB672E17EC9A1A00F394E9 /* Images.xcassets */; };
		BEEB673617EC9A1A00F394E9 /* XCTest.framework in Frameworks */ = {isa = PBXBuildFile; fileRef = BEEB673517EC9A1A00F394E9 /* XCTest.framework */; };
		BEEB673717EC9A1A00F394E9 /* Foundation.framework in Frameworks */ = {isa = PBXBuildFile; fileRef = BEEB671617EC9A1A00F394E9 /* Foundation.framework */; };
		BEEB673817EC9A1A00F394E9 /* UIKit.framework in Frameworks */ = {isa = PBXBuildFile; fileRef = BEEB671A17EC9A1A00F394E9 /* UIKit.framework */; };
		BEEB674017EC9A1A00F394E9 /* InfoPlist.strings in Resources */ = {isa = PBXBuildFile; fileRef = BEEB673E17EC9A1A00F394E9 /* InfoPlist.strings */; };
		BEEB674217EC9A1A00F394E9 /* VeespoTests.m in Sources */ = {isa = PBXBuildFile; fileRef = BEEB674117EC9A1A00F394E9 /* VeespoTests.m */; };
		BEEB675217ECAAB200F394E9 /* MBProgressHUD.m in Sources */ = {isa = PBXBuildFile; fileRef = BEEB675117ECAAB200F394E9 /* MBProgressHUD.m */; };
		BEEB675917ECAB3000F394E9 /* GHRevealViewController.m in Sources */ = {isa = PBXBuildFile; fileRef = BEEB675517ECAB3000F394E9 /* GHRevealViewController.m */; };
		BEEB675A17ECAB3000F394E9 /* GHSidebarSearchViewController.m in Sources */ = {isa = PBXBuildFile; fileRef = BEEB675717ECAB3000F394E9 /* GHSidebarSearchViewController.m */; };
/* End PBXBuildFile section */

/* Begin PBXContainerItemProxy section */
		BEEB673917EC9A1A00F394E9 /* PBXContainerItemProxy */ = {
			isa = PBXContainerItemProxy;
			containerPortal = BEEB670B17EC9A1A00F394E9 /* Project object */;
			proxyType = 1;
			remoteGlobalIDString = BEEB671217EC9A1A00F394E9;
			remoteInfo = Veespo;
		};
/* End PBXContainerItemProxy section */

/* Begin PBXFileReference section */
		BE010A96180AEF0E0012817F /* Base */ = {isa = PBXFileReference; lastKnownFileType = file.storyboard; name = Base; path = Base.lproj/Main.storyboard; sourceTree = "<group>"; };
		BE1ECBB817F1962C006CCD56 /* CoreLocation.framework */ = {isa = PBXFileReference; lastKnownFileType = wrapper.framework; name = CoreLocation.framework; path = System/Library/Frameworks/CoreLocation.framework; sourceTree = SDKROOT; };
		BE1ECBBA17F19632006CCD56 /* MapKit.framework */ = {isa = PBXFileReference; lastKnownFileType = wrapper.framework; name = MapKit.framework; path = System/Library/Frameworks/MapKit.framework; sourceTree = SDKROOT; };
		BE1ECC1117F1B4BF006CCD56 /* Foursquare2.h */ = {isa = PBXFileReference; fileEncoding = 4; lastKnownFileType = sourcecode.c.h; name = Foursquare2.h; path = "../../../Progetti/Foursquare-API-v2/Foursquare2/Foursquare2.h"; sourceTree = "<group>"; };
		BE1ECC1217F1B4BF006CCD56 /* Foursquare2.m */ = {isa = PBXFileReference; fileEncoding = 4; lastKnownFileType = sourcecode.c.objc; name = Foursquare2.m; path = "../../../Progetti/Foursquare-API-v2/Foursquare2/Foursquare2.m"; sourceTree = "<group>"; };
		BE1ECC1317F1B4BF006CCD56 /* FSRequester.h */ = {isa = PBXFileReference; fileEncoding = 4; lastKnownFileType = sourcecode.c.h; name = FSRequester.h; path = "../../../Progetti/Foursquare-API-v2/Foursquare2/FSRequester.h"; sourceTree = "<group>"; };
		BE1ECC1417F1B4BF006CCD56 /* FSRequester.m */ = {isa = PBXFileReference; fileEncoding = 4; lastKnownFileType = sourcecode.c.objc; name = FSRequester.m; path = "../../../Progetti/Foursquare-API-v2/Foursquare2/FSRequester.m"; sourceTree = "<group>"; };
		BE1ECC1517F1B4BF006CCD56 /* FSTargetCallback.h */ = {isa = PBXFileReference; fileEncoding = 4; lastKnownFileType = sourcecode.c.h; name = FSTargetCallback.h; path = "../../../Progetti/Foursquare-API-v2/Foursquare2/FSTargetCallback.h"; sourceTree = "<group>"; };
		BE1ECC1617F1B4BF006CCD56 /* FSTargetCallback.m */ = {isa = PBXFileReference; fileEncoding = 4; lastKnownFileType = sourcecode.c.objc; name = FSTargetCallback.m; path = "../../../Progetti/Foursquare-API-v2/Foursquare2/FSTargetCallback.m"; sourceTree = "<group>"; };
		BE1ECC1717F1B4BF006CCD56 /* FSWebLogin.h */ = {isa = PBXFileReference; fileEncoding = 4; lastKnownFileType = sourcecode.c.h; name = FSWebLogin.h; path = "../../../Progetti/Foursquare-API-v2/Foursquare2/FSWebLogin.h"; sourceTree = "<group>"; };
		BE1ECC1817F1B4BF006CCD56 /* FSWebLogin.m */ = {isa = PBXFileReference; fileEncoding = 4; lastKnownFileType = sourcecode.c.objc; name = FSWebLogin.m; path = "../../../Progetti/Foursquare-API-v2/Foursquare2/FSWebLogin.m"; sourceTree = "<group>"; };
		BE1ECC1917F1B4BF006CCD56 /* FSWebLogin.xib */ = {isa = PBXFileReference; fileEncoding = 4; lastKnownFileType = file.xib; name = FSWebLogin.xib; path = "../../../Progetti/Foursquare-API-v2/Foursquare2/FSWebLogin.xib"; sourceTree = "<group>"; };
		BE1ECC2717F1B4CE006CCD56 /* FSOAuth.h */ = {isa = PBXFileReference; fileEncoding = 4; lastKnownFileType = sourcecode.c.h; name = FSOAuth.h; path = "../../../Progetti/Foursquare-API-v2/Foursquare2/submodule/foursquare-ios-oauth/FSOAuth.h"; sourceTree = "<group>"; };
		BE1ECC2817F1B4CE006CCD56 /* FSOAuth.m */ = {isa = PBXFileReference; fileEncoding = 4; lastKnownFileType = sourcecode.c.objc; name = FSOAuth.m; path = "../../../Progetti/Foursquare-API-v2/Foursquare2/submodule/foursquare-ios-oauth/FSOAuth.m"; sourceTree = "<group>"; };
		BE1ECC4117F1E724006CCD56 /* AFHTTPClient.h */ = {isa = PBXFileReference; fileEncoding = 4; lastKnownFileType = sourcecode.c.h; name = AFHTTPClient.h; path = ../../../Progetti/AFNetworking/AFNetworking/AFHTTPClient.h; sourceTree = "<group>"; };
		BE1ECC4217F1E724006CCD56 /* AFHTTPClient.m */ = {isa = PBXFileReference; fileEncoding = 4; lastKnownFileType = sourcecode.c.objc; name = AFHTTPClient.m; path = ../../../Progetti/AFNetworking/AFNetworking/AFHTTPClient.m; sourceTree = "<group>"; };
		BE1ECC4317F1E724006CCD56 /* AFHTTPRequestOperation.h */ = {isa = PBXFileReference; fileEncoding = 4; lastKnownFileType = sourcecode.c.h; name = AFHTTPRequestOperation.h; path = ../../../Progetti/AFNetworking/AFNetworking/AFHTTPRequestOperation.h; sourceTree = "<group>"; };
		BE1ECC4417F1E724006CCD56 /* AFHTTPRequestOperation.m */ = {isa = PBXFileReference; fileEncoding = 4; lastKnownFileType = sourcecode.c.objc; name = AFHTTPRequestOperation.m; path = ../../../Progetti/AFNetworking/AFNetworking/AFHTTPRequestOperation.m; sourceTree = "<group>"; };
		BE1ECC4517F1E724006CCD56 /* AFImageRequestOperation.h */ = {isa = PBXFileReference; fileEncoding = 4; lastKnownFileType = sourcecode.c.h; name = AFImageRequestOperation.h; path = ../../../Progetti/AFNetworking/AFNetworking/AFImageRequestOperation.h; sourceTree = "<group>"; };
		BE1ECC4617F1E724006CCD56 /* AFImageRequestOperation.m */ = {isa = PBXFileReference; fileEncoding = 4; lastKnownFileType = sourcecode.c.objc; name = AFImageRequestOperation.m; path = ../../../Progetti/AFNetworking/AFNetworking/AFImageRequestOperation.m; sourceTree = "<group>"; };
		BE1ECC4717F1E724006CCD56 /* AFJSONRequestOperation.h */ = {isa = PBXFileReference; fileEncoding = 4; lastKnownFileType = sourcecode.c.h; name = AFJSONRequestOperation.h; path = ../../../Progetti/AFNetworking/AFNetworking/AFJSONRequestOperation.h; sourceTree = "<group>"; };
		BE1ECC4817F1E724006CCD56 /* AFJSONRequestOperation.m */ = {isa = PBXFileReference; fileEncoding = 4; lastKnownFileType = sourcecode.c.objc; name = AFJSONRequestOperation.m; path = ../../../Progetti/AFNetworking/AFNetworking/AFJSONRequestOperation.m; sourceTree = "<group>"; };
		BE1ECC4917F1E724006CCD56 /* AFNetworkActivityIndicatorManager.h */ = {isa = PBXFileReference; fileEncoding = 4; lastKnownFileType = sourcecode.c.h; name = AFNetworkActivityIndicatorManager.h; path = ../../../Progetti/AFNetworking/AFNetworking/AFNetworkActivityIndicatorManager.h; sourceTree = "<group>"; };
		BE1ECC4A17F1E724006CCD56 /* AFNetworkActivityIndicatorManager.m */ = {isa = PBXFileReference; fileEncoding = 4; lastKnownFileType = sourcecode.c.objc; name = AFNetworkActivityIndicatorManager.m; path = ../../../Progetti/AFNetworking/AFNetworking/AFNetworkActivityIndicatorManager.m; sourceTree = "<group>"; };
		BE1ECC4B17F1E724006CCD56 /* AFNetworking.h */ = {isa = PBXFileReference; fileEncoding = 4; lastKnownFileType = sourcecode.c.h; name = AFNetworking.h; path = ../../../Progetti/AFNetworking/AFNetworking/AFNetworking.h; sourceTree = "<group>"; };
		BE1ECC4C17F1E724006CCD56 /* AFPropertyListRequestOperation.h */ = {isa = PBXFileReference; fileEncoding = 4; lastKnownFileType = sourcecode.c.h; name = AFPropertyListRequestOperation.h; path = ../../../Progetti/AFNetworking/AFNetworking/AFPropertyListRequestOperation.h; sourceTree = "<group>"; };
		BE1ECC4D17F1E724006CCD56 /* AFPropertyListRequestOperation.m */ = {isa = PBXFileReference; fileEncoding = 4; lastKnownFileType = sourcecode.c.objc; name = AFPropertyListRequestOperation.m; path = ../../../Progetti/AFNetworking/AFNetworking/AFPropertyListRequestOperation.m; sourceTree = "<group>"; };
		BE1ECC4E17F1E724006CCD56 /* AFURLConnectionOperation.h */ = {isa = PBXFileReference; fileEncoding = 4; lastKnownFileType = sourcecode.c.h; name = AFURLConnectionOperation.h; path = ../../../Progetti/AFNetworking/AFNetworking/AFURLConnectionOperation.h; sourceTree = "<group>"; };
		BE1ECC4F17F1E724006CCD56 /* AFURLConnectionOperation.m */ = {isa = PBXFileReference; fileEncoding = 4; lastKnownFileType = sourcecode.c.objc; name = AFURLConnectionOperation.m; path = ../../../Progetti/AFNetworking/AFNetworking/AFURLConnectionOperation.m; sourceTree = "<group>"; };
		BE1ECC5017F1E724006CCD56 /* AFXMLRequestOperation.h */ = {isa = PBXFileReference; fileEncoding = 4; lastKnownFileType = sourcecode.c.h; name = AFXMLRequestOperation.h; path = ../../../Progetti/AFNetworking/AFNetworking/AFXMLRequestOperation.h; sourceTree = "<group>"; };
		BE1ECC5117F1E724006CCD56 /* AFXMLRequestOperation.m */ = {isa = PBXFileReference; fileEncoding = 4; lastKnownFileType = sourcecode.c.objc; name = AFXMLRequestOperation.m; path = ../../../Progetti/AFNetworking/AFNetworking/AFXMLRequestOperation.m; sourceTree = "<group>"; };
		BE1ECC5217F1E724006CCD56 /* UIImageView+AFNetworking.h */ = {isa = PBXFileReference; fileEncoding = 4; lastKnownFileType = sourcecode.c.h; name = "UIImageView+AFNetworking.h"; path = "../../../Progetti/AFNetworking/AFNetworking/UIImageView+AFNetworking.h"; sourceTree = "<group>"; };
		BE1ECC5317F1E724006CCD56 /* UIImageView+AFNetworking.m */ = {isa = PBXFileReference; fileEncoding = 4; lastKnownFileType = sourcecode.c.objc; name = "UIImageView+AFNetworking.m"; path = "../../../Progetti/AFNetworking/AFNetworking/UIImageView+AFNetworking.m"; sourceTree = "<group>"; };
		BE1ECC5D17F22DE9006CCD56 /* SystemConfiguration.framework */ = {isa = PBXFileReference; lastKnownFileType = wrapper.framework; name = SystemConfiguration.framework; path = System/Library/Frameworks/SystemConfiguration.framework; sourceTree = SDKROOT; };
		BE1ECC5F17F22DF8006CCD56 /* MobileCoreServices.framework */ = {isa = PBXFileReference; lastKnownFileType = wrapper.framework; name = MobileCoreServices.framework; path = System/Library/Frameworks/MobileCoreServices.framework; sourceTree = SDKROOT; };
		BE644B14183D5DF6007AEE9F /* Resources.bundle */ = {isa = PBXFileReference; lastKnownFileType = "wrapper.plug-in"; path = Resources.bundle; sourceTree = "<group>"; };
		BE644B15183D5DF6007AEE9F /* VeespoFramework.framework */ = {isa = PBXFileReference; lastKnownFileType = wrapper.framework; path = VeespoFramework.framework; sourceTree = "<group>"; };
		BE644B19183D5EDA007AEE9F /* PickerView.h */ = {isa = PBXFileReference; fileEncoding = 4; lastKnownFileType = sourcecode.c.h; path = PickerView.h; sourceTree = "<group>"; };
		BE644B1A183D5EDA007AEE9F /* PickerView.m */ = {isa = PBXFileReference; fileEncoding = 4; lastKnownFileType = sourcecode.c.objc; path = PickerView.m; sourceTree = "<group>"; };
		BE644B1F183D6D7A007AEE9F /* Base */ = {isa = PBXFileReference; lastKnownFileType = file; name = Base; path = Base.lproj/Localizable.strings; sourceTree = "<group>"; };
		BE644B21183D6D7F007AEE9F /* it */ = {isa = PBXFileReference; lastKnownFileType = file; name = it; path = it.lproj/Localizable.strings; sourceTree = "<group>"; };
		BE644B22183D6D89007AEE9F /* en */ = {isa = PBXFileReference; lastKnownFileType = file; name = en; path = en.lproj/Localizable.strings; sourceTree = "<group>"; };
		BE644B23183D7C2B007AEE9F /* Veespo-Keys.plist */ = {isa = PBXFileReference; fileEncoding = 4; lastKnownFileType = text.plist.xml; name = "Veespo-Keys.plist"; path = "Supporting Files/Veespo-Keys.plist"; sourceTree = "<group>"; };
		BE7516ED1818192500C2717B /* AdSupport.framework */ = {isa = PBXFileReference; lastKnownFileType = wrapper.framework; name = AdSupport.framework; path = System/Library/Frameworks/AdSupport.framework; sourceTree = SDKROOT; };
		BEC63F18183CC6BD001C82B6 /* VEAppDelegate.h */ = {isa = PBXFileReference; fileEncoding = 4; lastKnownFileType = sourcecode.c.h; path = VEAppDelegate.h; sourceTree = "<group>"; };
		BEC63F19183CC6BD001C82B6 /* VEAppDelegate.m */ = {isa = PBXFileReference; fileEncoding = 4; lastKnownFileType = sourcecode.c.objc; path = VEAppDelegate.m; sourceTree = "<group>"; };
		BEC63F1B183CC6BD001C82B6 /* RassegnaCell.h */ = {isa = PBXFileReference; fileEncoding = 4; lastKnownFileType = sourcecode.c.h; path = RassegnaCell.h; sourceTree = "<group>"; };
		BEC63F1C183CC6BD001C82B6 /* RassegnaCell.m */ = {isa = PBXFileReference; fileEncoding = 4; lastKnownFileType = sourcecode.c.objc; path = RassegnaCell.m; sourceTree = "<group>"; };
		BEC63F1D183CC6BD001C82B6 /* VEMenuCell.h */ = {isa = PBXFileReference; fileEncoding = 4; lastKnownFileType = sourcecode.c.h; path = VEMenuCell.h; sourceTree = "<group>"; };
		BEC63F1E183CC6BD001C82B6 /* VEMenuCell.m */ = {isa = PBXFileReference; fileEncoding = 4; lastKnownFileType = sourcecode.c.objc; path = VEMenuCell.m; sourceTree = "<group>"; };
		BEC63F20183CC6BD001C82B6 /* VEFSHeaderView.h */ = {isa = PBXFileReference; fileEncoding = 4; lastKnownFileType = sourcecode.c.h; path = VEFSHeaderView.h; sourceTree = "<group>"; };
		BEC63F21183CC6BD001C82B6 /* VEFSHeaderView.m */ = {isa = PBXFileReference; fileEncoding = 4; lastKnownFileType = sourcecode.c.objc; path = VEFSHeaderView.m; sourceTree = "<group>"; };
		BEC63F22183CC6BD001C82B6 /* VEVenueCell.h */ = {isa = PBXFileReference; fileEncoding = 4; lastKnownFileType = sourcecode.c.h; path = VEVenueCell.h; sourceTree = "<group>"; };
		BEC63F23183CC6BD001C82B6 /* VEVenueCell.m */ = {isa = PBXFileReference; fileEncoding = 4; lastKnownFileType = sourcecode.c.objc; path = VEVenueCell.m; sourceTree = "<group>"; };
		BEC63F25183CC6BD001C82B6 /* VEDetailVenue.h */ = {isa = PBXFileReference; fileEncoding = 4; lastKnownFileType = sourcecode.c.h; path = VEDetailVenue.h; sourceTree = "<group>"; };
		BEC63F26183CC6BD001C82B6 /* VEDetailVenue.m */ = {isa = PBXFileReference; fileEncoding = 4; lastKnownFileType = sourcecode.c.objc; path = VEDetailVenue.m; sourceTree = "<group>"; };
		BEC63F27183CC6BD001C82B6 /* VEDetailVenue.xib */ = {isa = PBXFileReference; fileEncoding = 4; lastKnownFileType = file.xib; path = VEDetailVenue.xib; sourceTree = "<group>"; };
		BEC63F28183CC6BD001C82B6 /* VEEspnViewController.h */ = {isa = PBXFileReference; fileEncoding = 4; lastKnownFileType = sourcecode.c.h; path = VEEspnViewController.h; sourceTree = "<group>"; };
		BEC63F29183CC6BD001C82B6 /* VEEspnViewController.m */ = {isa = PBXFileReference; fileEncoding = 4; lastKnownFileType = sourcecode.c.objc; path = VEEspnViewController.m; sourceTree = "<group>"; };
		BEC63F2A183CC6BD001C82B6 /* VEFSViewController.h */ = {isa = PBXFileReference; fileEncoding = 4; lastKnownFileType = sourcecode.c.h; path = VEFSViewController.h; sourceTree = "<group>"; };
		BEC63F2B183CC6BD001C82B6 /* VEFSViewController.m */ = {isa = PBXFileReference; fileEncoding = 4; lastKnownFileType = sourcecode.c.objc; path = VEFSViewController.m; sourceTree = "<group>"; };
		BEC63F2C183CC6BD001C82B6 /* VEMenuViewController.h */ = {isa = PBXFileReference; fileEncoding = 4; lastKnownFileType = sourcecode.c.h; path = VEMenuViewController.h; sourceTree = "<group>"; };
		BEC63F2D183CC6BD001C82B6 /* VEMenuViewController.m */ = {isa = PBXFileReference; fileEncoding = 4; lastKnownFileType = sourcecode.c.objc; path = VEMenuViewController.m; sourceTree = "<group>"; };
		BEC63F2E183CC6BD001C82B6 /* VERootViewController.h */ = {isa = PBXFileReference; fileEncoding = 4; lastKnownFileType = sourcecode.c.h; path = VERootViewController.h; sourceTree = "<group>"; };
		BEC63F2F183CC6BD001C82B6 /* VERootViewController.m */ = {isa = PBXFileReference; fileEncoding = 4; lastKnownFileType = sourcecode.c.objc; path = VERootViewController.m; sourceTree = "<group>"; };
		BEC63F30183CC6BD001C82B6 /* VERSSViewController.h */ = {isa = PBXFileReference; fileEncoding = 4; lastKnownFileType = sourcecode.c.h; path = VERSSViewController.h; sourceTree = "<group>"; };
		BEC63F31183CC6BD001C82B6 /* VERSSViewController.m */ = {isa = PBXFileReference; fileEncoding = 4; lastKnownFileType = sourcecode.c.objc; path = VERSSViewController.m; sourceTree = "<group>"; };
		BEC63F32183CC6BD001C82B6 /* VETargetDetailViewController.h */ = {isa = PBXFileReference; fileEncoding = 4; lastKnownFileType = sourcecode.c.h; path = VETargetDetailViewController.h; sourceTree = "<group>"; };
		BEC63F33183CC6BD001C82B6 /* VETargetDetailViewController.m */ = {isa = PBXFileReference; fileEncoding = 4; lastKnownFileType = sourcecode.c.objc; path = VETargetDetailViewController.m; sourceTree = "<group>"; };
		BEC63F34183CC6BD001C82B6 /* VETargetViewController.h */ = {isa = PBXFileReference; fileEncoding = 4; lastKnownFileType = sourcecode.c.h; path = VETargetViewController.h; sourceTree = "<group>"; };
		BEC63F35183CC6BD001C82B6 /* VETargetViewController.m */ = {isa = PBXFileReference; fileEncoding = 4; lastKnownFileType = sourcecode.c.objc; path = VETargetViewController.m; sourceTree = "<group>"; };
		BEC63F38183CC6BD001C82B6 /* VEViewController.h */ = {isa = PBXFileReference; fileEncoding = 4; lastKnownFileType = sourcecode.c.h; path = VEViewController.h; sourceTree = "<group>"; };
		BEC63F39183CC6BD001C82B6 /* VEViewController.m */ = {isa = PBXFileReference; fileEncoding = 4; lastKnownFileType = sourcecode.c.objc; path = VEViewController.m; sourceTree = "<group>"; };
		BEC63F3A183CC6BD001C82B6 /* WebViewController.h */ = {isa = PBXFileReference; fileEncoding = 4; lastKnownFileType = sourcecode.c.h; path = WebViewController.h; sourceTree = "<group>"; };
		BEC63F3B183CC6BD001C82B6 /* WebViewController.m */ = {isa = PBXFileReference; fileEncoding = 4; lastKnownFileType = sourcecode.c.objc; path = WebViewController.m; sourceTree = "<group>"; };
		BEC63F3C183CC6BD001C82B6 /* WebViewController.xib */ = {isa = PBXFileReference; fileEncoding = 4; lastKnownFileType = file.xib; path = WebViewController.xib; sourceTree = "<group>"; };
		BEC63F3F183CC6BD001C82B6 /* FSConverter.h */ = {isa = PBXFileReference; fileEncoding = 4; lastKnownFileType = sourcecode.c.h; path = FSConverter.h; sourceTree = "<group>"; };
		BEC63F40183CC6BD001C82B6 /* FSConverter.m */ = {isa = PBXFileReference; fileEncoding = 4; lastKnownFileType = sourcecode.c.objc; path = FSConverter.m; sourceTree = "<group>"; };
		BEC63F42183CC6BD001C82B6 /* FSVenue.h */ = {isa = PBXFileReference; fileEncoding = 4; lastKnownFileType = sourcecode.c.h; path = FSVenue.h; sourceTree = "<group>"; };
		BEC63F43183CC6BD001C82B6 /* FSVenue.m */ = {isa = PBXFileReference; fileEncoding = 4; lastKnownFileType = sourcecode.c.objc; path = FSVenue.m; sourceTree = "<group>"; };
		BEC63F44183CC6BD001C82B6 /* VEUser.h */ = {isa = PBXFileReference; fileEncoding = 4; lastKnownFileType = sourcecode.c.h; path = VEUser.h; sourceTree = "<group>"; };
		BEC63F45183CC6BD001C82B6 /* VEUser.m */ = {isa = PBXFileReference; fileEncoding = 4; lastKnownFileType = sourcecode.c.objc; path = VEUser.m; sourceTree = "<group>"; };
		BEC63F47183CC6BD001C82B6 /* pin.png */ = {isa = PBXFileReference; lastKnownFileType = image.png; path = pin.png; sourceTree = "<group>"; };
		BEC63F48183CC6BD001C82B6 /* pin@2x.png */ = {isa = PBXFileReference; lastKnownFileType = image.png; path = "pin@2x.png"; sourceTree = "<group>"; };
		BEC63F49183CC6BD001C82B6 /* poweredByFoursquare_gray.png */ = {isa = PBXFileReference; lastKnownFileType = image.png; path = poweredByFoursquare_gray.png; sourceTree = "<group>"; };
		BEC63F4A183CC6BD001C82B6 /* poweredByFoursquare_gray@2x.png */ = {isa = PBXFileReference; lastKnownFileType = image.png; path = "poweredByFoursquare_gray@2x.png"; sourceTree = "<group>"; };
		BEC63F4B183CC6BD001C82B6 /* user.png */ = {isa = PBXFileReference; lastKnownFileType = image.png; path = user.png; sourceTree = "<group>"; };
		BEC63F4D183CC6BD001C82B6 /* VERSSParser.h */ = {isa = PBXFileReference; fileEncoding = 4; lastKnownFileType = sourcecode.c.h; path = VERSSParser.h; sourceTree = "<group>"; };
		BEC63F4E183CC6BD001C82B6 /* VERSSParser.m */ = {isa = PBXFileReference; fileEncoding = 4; lastKnownFileType = sourcecode.c.objc; path = VERSSParser.m; sourceTree = "<group>"; };
		BEC63F50183CC6BD001C82B6 /* VEConnection.h */ = {isa = PBXFileReference; fileEncoding = 4; lastKnownFileType = sourcecode.c.h; path = VEConnection.h; sourceTree = "<group>"; };
		BEC63F51183CC6BD001C82B6 /* VEConnection.m */ = {isa = PBXFileReference; fileEncoding = 4; lastKnownFileType = sourcecode.c.objc; path = VEConnection.m; sourceTree = "<group>"; };
		BEC63F6F183CC790001C82B6 /* Empty.xib */ = {isa = PBXFileReference; fileEncoding = 4; lastKnownFileType = file.xib; path = Empty.xib; sourceTree = "<group>"; };
		BEC63F73183CC7BC001C82B6 /* UIControl+VEControl.h */ = {isa = PBXFileReference; fileEncoding = 4; lastKnownFileType = sourcecode.c.h; path = "UIControl+VEControl.h"; sourceTree = "<group>"; };
		BEC63F74183CC7BC001C82B6 /* UIControl+VEControl.m */ = {isa = PBXFileReference; fileEncoding = 4; lastKnownFileType = sourcecode.c.objc; path = "UIControl+VEControl.m"; sourceTree = "<group>"; };
		BEC63F76183CC7BC001C82B6 /* Veespo-Prefix.pch */ = {isa = PBXFileReference; fileEncoding = 4; lastKnownFileType = sourcecode.c.h; path = "Veespo-Prefix.pch"; sourceTree = "<group>"; };
		BEC63F79183CD00D001C82B6 /* Veespo-Prefix.pch */ = {isa = PBXFileReference; fileEncoding = 4; lastKnownFileType = sourcecode.c.h; path = "Veespo-Prefix.pch"; sourceTree = "<group>"; };
		BEC63F7A183CD0B3001C82B6 /* main.m */ = {isa = PBXFileReference; fileEncoding = 4; lastKnownFileType = sourcecode.c.objc; path = main.m; sourceTree = "<group>"; };
		BEC63F7B183CD0B3001C82B6 /* Veespo-Info.plist */ = {isa = PBXFileReference; fileEncoding = 4; lastKnownFileType = text.plist.xml; path = "Veespo-Info.plist"; sourceTree = "<group>"; };
		BEC63F7F183CD528001C82B6 /* Supporting Files */ = {isa = PBXFileReference; lastKnownFileType = folder; path = "Supporting Files"; sourceTree = "<group>"; };
		BEEB671317EC9A1A00F394E9 /* Veespo.app */ = {isa = PBXFileReference; explicitFileType = wrapper.application; includeInIndex = 0; path = Veespo.app; sourceTree = BUILT_PRODUCTS_DIR; };
		BEEB671617EC9A1A00F394E9 /* Foundation.framework */ = {isa = PBXFileReference; lastKnownFileType = wrapper.framework; name = Foundation.framework; path = System/Library/Frameworks/Foundation.framework; sourceTree = SDKROOT; };
		BEEB671817EC9A1A00F394E9 /* CoreGraphics.framework */ = {isa = PBXFileReference; lastKnownFileType = wrapper.framework; name = CoreGraphics.framework; path = System/Library/Frameworks/CoreGraphics.framework; sourceTree = SDKROOT; };
		BEEB671A17EC9A1A00F394E9 /* UIKit.framework */ = {isa = PBXFileReference; lastKnownFileType = wrapper.framework; name = UIKit.framework; path = System/Library/Frameworks/UIKit.framework; sourceTree = SDKROOT; };
		BEEB672017EC9A1A00F394E9 /* en */ = {isa = PBXFileReference; lastKnownFileType = text.plist.strings; name = en; path = en.lproj/InfoPlist.strings; sourceTree = "<group>"; };
		BEEB672E17EC9A1A00F394E9 /* Images.xcassets */ = {isa = PBXFileReference; lastKnownFileType = folder.assetcatalog; name = Images.xcassets; path = ../Images.xcassets; sourceTree = "<group>"; };
		BEEB673417EC9A1A00F394E9 /* VeespoTests.xctest */ = {isa = PBXFileReference; explicitFileType = wrapper.cfbundle; includeInIndex = 0; path = VeespoTests.xctest; sourceTree = BUILT_PRODUCTS_DIR; };
		BEEB673517EC9A1A00F394E9 /* XCTest.framework */ = {isa = PBXFileReference; lastKnownFileType = wrapper.framework; name = XCTest.framework; path = Library/Frameworks/XCTest.framework; sourceTree = DEVELOPER_DIR; };
		BEEB673D17EC9A1A00F394E9 /* VeespoTests-Info.plist */ = {isa = PBXFileReference; lastKnownFileType = text.plist.xml; path = "VeespoTests-Info.plist"; sourceTree = "<group>"; };
		BEEB673F17EC9A1A00F394E9 /* en */ = {isa = PBXFileReference; lastKnownFileType = text.plist.strings; name = en; path = en.lproj/InfoPlist.strings; sourceTree = "<group>"; };
		BEEB674117EC9A1A00F394E9 /* VeespoTests.m */ = {isa = PBXFileReference; lastKnownFileType = sourcecode.c.objc; path = VeespoTests.m; sourceTree = "<group>"; };
		BEEB674C17ECA95E00F394E9 /* it */ = {isa = PBXFileReference; lastKnownFileType = text.plist.strings; name = it; path = it.lproj/InfoPlist.strings; sourceTree = "<group>"; };
		BEEB674D17ECA95E00F394E9 /* it */ = {isa = PBXFileReference; lastKnownFileType = text.plist.strings; name = it; path = it.lproj/InfoPlist.strings; sourceTree = "<group>"; };
		BEEB675017ECAAB200F394E9 /* MBProgressHUD.h */ = {isa = PBXFileReference; fileEncoding = 4; lastKnownFileType = sourcecode.c.h; name = MBProgressHUD.h; path = ../../../Progetti/MBProgressHUD/MBProgressHUD.h; sourceTree = "<group>"; };
		BEEB675117ECAAB200F394E9 /* MBProgressHUD.m */ = {isa = PBXFileReference; fileEncoding = 4; lastKnownFileType = sourcecode.c.objc; name = MBProgressHUD.m; path = ../../../Progetti/MBProgressHUD/MBProgressHUD.m; sourceTree = "<group>"; };
		BEEB675417ECAB3000F394E9 /* GHRevealViewController.h */ = {isa = PBXFileReference; fileEncoding = 4; lastKnownFileType = sourcecode.c.h; name = GHRevealViewController.h; path = ../../../Progetti/GHSidebarNav/GHSidebarNav/GHRevealViewController.h; sourceTree = "<group>"; };
		BEEB675517ECAB3000F394E9 /* GHRevealViewController.m */ = {isa = PBXFileReference; fileEncoding = 4; lastKnownFileType = sourcecode.c.objc; name = GHRevealViewController.m; path = ../../../Progetti/GHSidebarNav/GHSidebarNav/GHRevealViewController.m; sourceTree = "<group>"; };
		BEEB675617ECAB3000F394E9 /* GHSidebarSearchViewController.h */ = {isa = PBXFileReference; fileEncoding = 4; lastKnownFileType = sourcecode.c.h; name = GHSidebarSearchViewController.h; path = ../../../Progetti/GHSidebarNav/GHSidebarNav/GHSidebarSearchViewController.h; sourceTree = "<group>"; };
		BEEB675717ECAB3000F394E9 /* GHSidebarSearchViewController.m */ = {isa = PBXFileReference; fileEncoding = 4; lastKnownFileType = sourcecode.c.objc; name = GHSidebarSearchViewController.m; path = ../../../Progetti/GHSidebarNav/GHSidebarNav/GHSidebarSearchViewController.m; sourceTree = "<group>"; };
		BEEB675817ECAB3000F394E9 /* GHSidebarSearchViewControllerDelegate.h */ = {isa = PBXFileReference; fileEncoding = 4; lastKnownFileType = sourcecode.c.h; name = GHSidebarSearchViewControllerDelegate.h; path = ../../../Progetti/GHSidebarNav/GHSidebarNav/GHSidebarSearchViewControllerDelegate.h; sourceTree = "<group>"; };
/* End PBXFileReference section */

/* Begin PBXFrameworksBuildPhase section */
		BEEB671017EC9A1A00F394E9 /* Frameworks */ = {
			isa = PBXFrameworksBuildPhase;
			buildActionMask = 2147483647;
			files = (
				BE7516EE1818192500C2717B /* AdSupport.framework in Frameworks */,
				BE1ECC6017F22DF8006CCD56 /* MobileCoreServices.framework in Frameworks */,
				BE1ECC5E17F22DE9006CCD56 /* SystemConfiguration.framework in Frameworks */,
				BE1ECBBB17F19632006CCD56 /* MapKit.framework in Frameworks */,
				BE1ECBB917F1962C006CCD56 /* CoreLocation.framework in Frameworks */,
				BEEB671917EC9A1A00F394E9 /* CoreGraphics.framework in Frameworks */,
				BEEB671B17EC9A1A00F394E9 /* UIKit.framework in Frameworks */,
				BEEB671717EC9A1A00F394E9 /* Foundation.framework in Frameworks */,
				BE644B17183D5DF6007AEE9F /* VeespoFramework.framework in Frameworks */,
			);
			runOnlyForDeploymentPostprocessing = 0;
		};
		BEEB673117EC9A1A00F394E9 /* Frameworks */ = {
			isa = PBXFrameworksBuildPhase;
			buildActionMask = 2147483647;
			files = (
				BEEB673617EC9A1A00F394E9 /* XCTest.framework in Frameworks */,
				BEEB673817EC9A1A00F394E9 /* UIKit.framework in Frameworks */,
				BEEB673717EC9A1A00F394E9 /* Foundation.framework in Frameworks */,
			);
			runOnlyForDeploymentPostprocessing = 0;
		};
/* End PBXFrameworksBuildPhase section */

/* Begin PBXGroup section */
		BE1ECB6D17F1955F006CCD56 /* Foursquare2 */ = {
			isa = PBXGroup;
			children = (
				BE1ECC2717F1B4CE006CCD56 /* FSOAuth.h */,
				BE1ECC2817F1B4CE006CCD56 /* FSOAuth.m */,
				BE1ECC1117F1B4BF006CCD56 /* Foursquare2.h */,
				BE1ECC1217F1B4BF006CCD56 /* Foursquare2.m */,
				BE1ECC1317F1B4BF006CCD56 /* FSRequester.h */,
				BE1ECC1417F1B4BF006CCD56 /* FSRequester.m */,
				BE1ECC1517F1B4BF006CCD56 /* FSTargetCallback.h */,
				BE1ECC1617F1B4BF006CCD56 /* FSTargetCallback.m */,
				BE1ECC1717F1B4BF006CCD56 /* FSWebLogin.h */,
				BE1ECC1817F1B4BF006CCD56 /* FSWebLogin.m */,
				BE1ECC1917F1B4BF006CCD56 /* FSWebLogin.xib */,
			);
			name = Foursquare2;
			sourceTree = "<group>";
		};
		BE1ECC4017F1E704006CCD56 /* AFNetworking */ = {
			isa = PBXGroup;
			children = (
				BE1ECC4117F1E724006CCD56 /* AFHTTPClient.h */,
				BE1ECC4217F1E724006CCD56 /* AFHTTPClient.m */,
				BE1ECC4317F1E724006CCD56 /* AFHTTPRequestOperation.h */,
				BE1ECC4417F1E724006CCD56 /* AFHTTPRequestOperation.m */,
				BE1ECC4517F1E724006CCD56 /* AFImageRequestOperation.h */,
				BE1ECC4617F1E724006CCD56 /* AFImageRequestOperation.m */,
				BE1ECC4717F1E724006CCD56 /* AFJSONRequestOperation.h */,
				BE1ECC4817F1E724006CCD56 /* AFJSONRequestOperation.m */,
				BE1ECC4917F1E724006CCD56 /* AFNetworkActivityIndicatorManager.h */,
				BE1ECC4A17F1E724006CCD56 /* AFNetworkActivityIndicatorManager.m */,
				BE1ECC4B17F1E724006CCD56 /* AFNetworking.h */,
				BE1ECC4C17F1E724006CCD56 /* AFPropertyListRequestOperation.h */,
				BE1ECC4D17F1E724006CCD56 /* AFPropertyListRequestOperation.m */,
				BE1ECC4E17F1E724006CCD56 /* AFURLConnectionOperation.h */,
				BE1ECC4F17F1E724006CCD56 /* AFURLConnectionOperation.m */,
				BE1ECC5017F1E724006CCD56 /* AFXMLRequestOperation.h */,
				BE1ECC5117F1E724006CCD56 /* AFXMLRequestOperation.m */,
				BE1ECC5217F1E724006CCD56 /* UIImageView+AFNetworking.h */,
				BE1ECC5317F1E724006CCD56 /* UIImageView+AFNetworking.m */,
			);
			name = AFNetworking;
			sourceTree = "<group>";
		};
		BE644B12183D5DF6007AEE9F /* VeespoFramework.embeddedframework */ = {
			isa = PBXGroup;
			children = (
				BE644B13183D5DF6007AEE9F /* Resources */,
				BE644B15183D5DF6007AEE9F /* VeespoFramework.framework */,
			);
			path = VeespoFramework.embeddedframework;
			sourceTree = "<group>";
		};
		BE644B13183D5DF6007AEE9F /* Resources */ = {
			isa = PBXGroup;
			children = (
				BE644B14183D5DF6007AEE9F /* Resources.bundle */,
			);
			path = Resources;
			sourceTree = "<group>";
		};
		BE644B18183D5EDA007AEE9F /* PickerView */ = {
			isa = PBXGroup;
			children = (
				BE644B19183D5EDA007AEE9F /* PickerView.h */,
				BE644B1A183D5EDA007AEE9F /* PickerView.m */,
			);
			path = PickerView;
			sourceTree = "<group>";
		};
		BEC63F17183CC6BD001C82B6 /* Application */ = {
			isa = PBXGroup;
			children = (
				BEEB672E17EC9A1A00F394E9 /* Images.xcassets */,
				BE010A95180AEF0E0012817F /* Main.storyboard */,
				BEC63F18183CC6BD001C82B6 /* VEAppDelegate.h */,
				BEC63F19183CC6BD001C82B6 /* VEAppDelegate.m */,
			);
			path = Application;
			sourceTree = "<group>";
		};
		BEC63F1A183CC6BD001C82B6 /* Cells */ = {
			isa = PBXGroup;
			children = (
				BEC63F1B183CC6BD001C82B6 /* RassegnaCell.h */,
				BEC63F1C183CC6BD001C82B6 /* RassegnaCell.m */,
				BEC63F1D183CC6BD001C82B6 /* VEMenuCell.h */,
				BEC63F1E183CC6BD001C82B6 /* VEMenuCell.m */,
			);
			path = Cells;
			sourceTree = "<group>";
		};
		BEC63F1F183CC6BD001C82B6 /* Collections */ = {
			isa = PBXGroup;
			children = (
				BEC63F6F183CC790001C82B6 /* Empty.xib */,
				BEC63F20183CC6BD001C82B6 /* VEFSHeaderView.h */,
				BEC63F21183CC6BD001C82B6 /* VEFSHeaderView.m */,
				BEC63F22183CC6BD001C82B6 /* VEVenueCell.h */,
				BEC63F23183CC6BD001C82B6 /* VEVenueCell.m */,
			);
			path = Collections;
			sourceTree = "<group>";
		};
		BEC63F24183CC6BD001C82B6 /* Controllers */ = {
			isa = PBXGroup;
			children = (
				BEC63F25183CC6BD001C82B6 /* VEDetailVenue.h */,
				BEC63F26183CC6BD001C82B6 /* VEDetailVenue.m */,
				BEC63F27183CC6BD001C82B6 /* VEDetailVenue.xib */,
				BEC63F28183CC6BD001C82B6 /* VEEspnViewController.h */,
				BEC63F29183CC6BD001C82B6 /* VEEspnViewController.m */,
				BEC63F2A183CC6BD001C82B6 /* VEFSViewController.h */,
				BEC63F2B183CC6BD001C82B6 /* VEFSViewController.m */,
				BEC63F2C183CC6BD001C82B6 /* VEMenuViewController.h */,
				BEC63F2D183CC6BD001C82B6 /* VEMenuViewController.m */,
				BEC63F2E183CC6BD001C82B6 /* VERootViewController.h */,
				BEC63F2F183CC6BD001C82B6 /* VERootViewController.m */,
				BEC63F30183CC6BD001C82B6 /* VERSSViewController.h */,
				BEC63F31183CC6BD001C82B6 /* VERSSViewController.m */,
				BEC63F32183CC6BD001C82B6 /* VETargetDetailViewController.h */,
				BEC63F33183CC6BD001C82B6 /* VETargetDetailViewController.m */,
				BEC63F34183CC6BD001C82B6 /* VETargetViewController.h */,
				BEC63F35183CC6BD001C82B6 /* VETargetViewController.m */,
				BEC63F38183CC6BD001C82B6 /* VEViewController.h */,
				BEC63F39183CC6BD001C82B6 /* VEViewController.m */,
				BEC63F3A183CC6BD001C82B6 /* WebViewController.h */,
				BEC63F3B183CC6BD001C82B6 /* WebViewController.m */,
				BEC63F3C183CC6BD001C82B6 /* WebViewController.xib */,
			);
			path = Controllers;
			sourceTree = "<group>";
		};
		BEC63F3D183CC6BD001C82B6 /* Foursquare */ = {
			isa = PBXGroup;
			children = (
				BEC63F3F183CC6BD001C82B6 /* FSConverter.h */,
				BEC63F40183CC6BD001C82B6 /* FSConverter.m */,
			);
			path = Foursquare;
			sourceTree = "<group>";
		};
		BEC63F41183CC6BD001C82B6 /* Models */ = {
			isa = PBXGroup;
			children = (
				BEC63F42183CC6BD001C82B6 /* FSVenue.h */,
				BEC63F43183CC6BD001C82B6 /* FSVenue.m */,
				BEC63F44183CC6BD001C82B6 /* VEUser.h */,
				BEC63F45183CC6BD001C82B6 /* VEUser.m */,
			);
			path = Models;
			sourceTree = "<group>";
		};
		BEC63F46183CC6BD001C82B6 /* Resources */ = {
			isa = PBXGroup;
			children = (
				BEC63F47183CC6BD001C82B6 /* pin.png */,
				BEC63F48183CC6BD001C82B6 /* pin@2x.png */,
				BEC63F49183CC6BD001C82B6 /* poweredByFoursquare_gray.png */,
				BEC63F4A183CC6BD001C82B6 /* poweredByFoursquare_gray@2x.png */,
				BEC63F4B183CC6BD001C82B6 /* user.png */,
			);
			path = Resources;
			sourceTree = "<group>";
		};
		BEC63F4C183CC6BD001C82B6 /* RSS */ = {
			isa = PBXGroup;
			children = (
				BEC63F4D183CC6BD001C82B6 /* VERSSParser.h */,
				BEC63F4E183CC6BD001C82B6 /* VERSSParser.m */,
			);
			path = RSS;
			sourceTree = "<group>";
		};
		BEC63F4F183CC6BD001C82B6 /* Veespo */ = {
			isa = PBXGroup;
			children = (
				BEC63F50183CC6BD001C82B6 /* VEConnection.h */,
				BEC63F51183CC6BD001C82B6 /* VEConnection.m */,
			);
			path = Veespo;
			sourceTree = "<group>";
		};
		BEC63F71183CC7BC001C82B6 /* Tools */ = {
			isa = PBXGroup;
			children = (
				BEC63F72183CC7BC001C82B6 /* UIControl+VEControl */,
			);
			path = Tools;
			sourceTree = "<group>";
		};
		BEC63F72183CC7BC001C82B6 /* UIControl+VEControl */ = {
			isa = PBXGroup;
			children = (
				BEC63F73183CC7BC001C82B6 /* UIControl+VEControl.h */,
				BEC63F74183CC7BC001C82B6 /* UIControl+VEControl.m */,
				BEC63F76183CC7BC001C82B6 /* Veespo-Prefix.pch */,
			);
			path = "UIControl+VEControl";
			sourceTree = "<group>";
		};
		BEEB670A17EC9A1A00F394E9 = {
			isa = PBXGroup;
			children = (
				BEEB671C17EC9A1A00F394E9 /* Veespo */,
				BEEB673B17EC9A1A00F394E9 /* VeespoTests */,
				BEEB671517EC9A1A00F394E9 /* Frameworks */,
				BEEB671417EC9A1A00F394E9 /* Products */,
			);
			sourceTree = "<group>";
		};
		BEEB671417EC9A1A00F394E9 /* Products */ = {
			isa = PBXGroup;
			children = (
				BEEB671317EC9A1A00F394E9 /* Veespo.app */,
				BEEB673417EC9A1A00F394E9 /* VeespoTests.xctest */,
			);
			name = Products;
			sourceTree = "<group>";
		};
		BEEB671517EC9A1A00F394E9 /* Frameworks */ = {
			isa = PBXGroup;
			children = (
				BE644B12183D5DF6007AEE9F /* VeespoFramework.embeddedframework */,
				BE7516ED1818192500C2717B /* AdSupport.framework */,
				BE1ECC5F17F22DF8006CCD56 /* MobileCoreServices.framework */,
				BE1ECC5D17F22DE9006CCD56 /* SystemConfiguration.framework */,
				BE1ECBBA17F19632006CCD56 /* MapKit.framework */,
				BE1ECBB817F1962C006CCD56 /* CoreLocation.framework */,
				BEEB671617EC9A1A00F394E9 /* Foundation.framework */,
				BEEB671817EC9A1A00F394E9 /* CoreGraphics.framework */,
				BEEB671A17EC9A1A00F394E9 /* UIKit.framework */,
				BEEB673517EC9A1A00F394E9 /* XCTest.framework */,
			);
			name = Frameworks;
			sourceTree = "<group>";
		};
		BEEB671C17EC9A1A00F394E9 /* Veespo */ = {
			isa = PBXGroup;
			children = (
				BEC63F17183CC6BD001C82B6 /* Application */,
				BEC63F1A183CC6BD001C82B6 /* Cells */,
				BEC63F1F183CC6BD001C82B6 /* Collections */,
				BEC63F24183CC6BD001C82B6 /* Controllers */,
				BEC63F3D183CC6BD001C82B6 /* Foursquare */,
				BEC63F41183CC6BD001C82B6 /* Models */,
				BE644B18183D5EDA007AEE9F /* PickerView */,
				BEC63F46183CC6BD001C82B6 /* Resources */,
				BEC63F4C183CC6BD001C82B6 /* RSS */,
				BEC63F71183CC7BC001C82B6 /* Tools */,
				BEC63F4F183CC6BD001C82B6 /* Veespo */,
				BEEB674E17ECAA7F00F394E9 /* Classes */,
				BEEB671D17EC9A1A00F394E9 /* Supporting Files */,
			);
			path = Veespo;
			sourceTree = "<group>";
		};
		BEEB671D17EC9A1A00F394E9 /* Supporting Files */ = {
			isa = PBXGroup;
			children = (
				BE644B23183D7C2B007AEE9F /* Veespo-Keys.plist */,
				BEC63F7F183CD528001C82B6 /* Supporting Files */,
				BEC63F7A183CD0B3001C82B6 /* main.m */,
				BEC63F7B183CD0B3001C82B6 /* Veespo-Info.plist */,
				BEC63F79183CD00D001C82B6 /* Veespo-Prefix.pch */,
				BEEB671F17EC9A1A00F394E9 /* InfoPlist.strings */,
				BE644B20183D6D7A007AEE9F /* Localizable.strings */,
			);
			name = "Supporting Files";
			sourceTree = "<group>";
		};
		BEEB673B17EC9A1A00F394E9 /* VeespoTests */ = {
			isa = PBXGroup;
			children = (
				BEEB674117EC9A1A00F394E9 /* VeespoTests.m */,
				BEEB673C17EC9A1A00F394E9 /* Supporting Files */,
			);
			path = VeespoTests;
			sourceTree = "<group>";
		};
		BEEB673C17EC9A1A00F394E9 /* Supporting Files */ = {
			isa = PBXGroup;
			children = (
				BEEB673D17EC9A1A00F394E9 /* VeespoTests-Info.plist */,
				BEEB673E17EC9A1A00F394E9 /* InfoPlist.strings */,
			);
			name = "Supporting Files";
			sourceTree = "<group>";
		};
		BEEB674E17ECAA7F00F394E9 /* Classes */ = {
			isa = PBXGroup;
			children = (
				BEEB674F17ECAA8600F394E9 /* Library */,
			);
			name = Classes;
			sourceTree = "<group>";
		};
		BEEB674F17ECAA8600F394E9 /* Library */ = {
			isa = PBXGroup;
			children = (
				BE1ECC4017F1E704006CCD56 /* AFNetworking */,
				BE1ECB6D17F1955F006CCD56 /* Foursquare2 */,
				BEEB675B17ECAB3600F394E9 /* GHSidebarNav */,
				BEEB675317ECAAB800F394E9 /* MBProgressHUD */,
			);
			name = Library;
			sourceTree = "<group>";
		};
		BEEB675317ECAAB800F394E9 /* MBProgressHUD */ = {
			isa = PBXGroup;
			children = (
				BEEB675017ECAAB200F394E9 /* MBProgressHUD.h */,
				BEEB675117ECAAB200F394E9 /* MBProgressHUD.m */,
			);
			name = MBProgressHUD;
			sourceTree = "<group>";
		};
		BEEB675B17ECAB3600F394E9 /* GHSidebarNav */ = {
			isa = PBXGroup;
			children = (
				BEEB675417ECAB3000F394E9 /* GHRevealViewController.h */,
				BEEB675517ECAB3000F394E9 /* GHRevealViewController.m */,
				BEEB675617ECAB3000F394E9 /* GHSidebarSearchViewController.h */,
				BEEB675717ECAB3000F394E9 /* GHSidebarSearchViewController.m */,
				BEEB675817ECAB3000F394E9 /* GHSidebarSearchViewControllerDelegate.h */,
			);
			name = GHSidebarNav;
			sourceTree = "<group>";
		};
/* End PBXGroup section */

/* Begin PBXNativeTarget section */
		BEEB671217EC9A1A00F394E9 /* Veespo */ = {
			isa = PBXNativeTarget;
			buildConfigurationList = BEEB674517EC9A1A00F394E9 /* Build configuration list for PBXNativeTarget "Veespo" */;
			buildPhases = (
				BEEB670F17EC9A1A00F394E9 /* Sources */,
				BEEB671017EC9A1A00F394E9 /* Frameworks */,
				BEEB671117EC9A1A00F394E9 /* Resources */,
			);
			buildRules = (
			);
			dependencies = (
			);
			name = Veespo;
			productName = Veespo;
			productReference = BEEB671317EC9A1A00F394E9 /* Veespo.app */;
			productType = "com.apple.product-type.application";
		};
		BEEB673317EC9A1A00F394E9 /* VeespoTests */ = {
			isa = PBXNativeTarget;
			buildConfigurationList = BEEB674817EC9A1A00F394E9 /* Build configuration list for PBXNativeTarget "VeespoTests" */;
			buildPhases = (
				BEEB673017EC9A1A00F394E9 /* Sources */,
				BEEB673117EC9A1A00F394E9 /* Frameworks */,
				BEEB673217EC9A1A00F394E9 /* Resources */,
			);
			buildRules = (
			);
			dependencies = (
				BEEB673A17EC9A1A00F394E9 /* PBXTargetDependency */,
			);
			name = VeespoTests;
			productName = VeespoTests;
			productReference = BEEB673417EC9A1A00F394E9 /* VeespoTests.xctest */;
			productType = "com.apple.product-type.bundle.unit-test";
		};
/* End PBXNativeTarget section */

/* Begin PBXProject section */
		BEEB670B17EC9A1A00F394E9 /* Project object */ = {
			isa = PBXProject;
			attributes = {
				CLASSPREFIX = VE;
				LastUpgradeCheck = 0500;
				ORGANIZATIONNAME = "Veespo Ltd.";
				TargetAttributes = {
					BEEB673317EC9A1A00F394E9 = {
						TestTargetID = BEEB671217EC9A1A00F394E9;
					};
				};
			};
			buildConfigurationList = BEEB670E17EC9A1A00F394E9 /* Build configuration list for PBXProject "Veespo" */;
			compatibilityVersion = "Xcode 3.2";
			developmentRegion = English;
			hasScannedForEncodings = 0;
			knownRegions = (
				en,
				Base,
				it,
			);
			mainGroup = BEEB670A17EC9A1A00F394E9;
			productRefGroup = BEEB671417EC9A1A00F394E9 /* Products */;
			projectDirPath = "";
			projectRoot = "";
			targets = (
				BEEB671217EC9A1A00F394E9 /* Veespo */,
				BEEB673317EC9A1A00F394E9 /* VeespoTests */,
			);
		};
/* End PBXProject section */

/* Begin PBXResourcesBuildPhase section */
		BEEB671117EC9A1A00F394E9 /* Resources */ = {
			isa = PBXResourcesBuildPhase;
			buildActionMask = 2147483647;
			files = (
				BEC63F80183CD528001C82B6 /* Supporting Files in Resources */,
				BEC63F7E183CD27D001C82B6 /* Main.storyboard in Resources */,
				BEC63F69183CC6BD001C82B6 /* pin@2x.png in Resources */,
				BE644B16183D5DF6007AEE9F /* Resources.bundle in Resources */,
				BEEB672F17EC9A1A00F394E9 /* Images.xcassets in Resources */,
				BEEB672117EC9A1A00F394E9 /* InfoPlist.strings in Resources */,
				BEC63F58183CC6BD001C82B6 /* VEDetailVenue.xib in Resources */,
				BEC63F70183CC790001C82B6 /* Empty.xib in Resources */,
				BE644B24183D7C2B007AEE9F /* Veespo-Keys.plist in Resources */,
				BEC63F7D183CD0B3001C82B6 /* Veespo-Info.plist in Resources */,
				BEC63F6A183CC6BD001C82B6 /* poweredByFoursquare_gray.png in Resources */,
				BE1ECC2217F1B4BF006CCD56 /* FSWebLogin.xib in Resources */,
				BEC63F63183CC6BD001C82B6 /* WebViewController.xib in Resources */,
				BEC63F6B183CC6BD001C82B6 /* poweredByFoursquare_gray@2x.png in Resources */,
				BE644B1E183D6D7A007AEE9F /* Localizable.strings in Resources */,
				BEC63F6C183CC6BD001C82B6 /* user.png in Resources */,
				BEC63F68183CC6BD001C82B6 /* pin.png in Resources */,
			);
			runOnlyForDeploymentPostprocessing = 0;
		};
		BEEB673217EC9A1A00F394E9 /* Resources */ = {
			isa = PBXResourcesBuildPhase;
			buildActionMask = 2147483647;
			files = (
				BEEB674017EC9A1A00F394E9 /* InfoPlist.strings in Resources */,
			);
			runOnlyForDeploymentPostprocessing = 0;
		};
/* End PBXResourcesBuildPhase section */

/* Begin PBXSourcesBuildPhase section */
		BEEB670F17EC9A1A00F394E9 /* Sources */ = {
			isa = PBXSourcesBuildPhase;
			buildActionMask = 2147483647;
			files = (
				BEC63F5B183CC6BD001C82B6 /* VEMenuViewController.m in Sources */,
				BEC63F5A183CC6BD001C82B6 /* VEFSViewController.m in Sources */,
				BEC63F52183CC6BD001C82B6 /* VEAppDelegate.m in Sources */,
				BEC63F56183CC6BD001C82B6 /* VEVenueCell.m in Sources */,
				BEC63F77183CC7BC001C82B6 /* UIControl+VEControl.m in Sources */,
				BEEB675A17ECAB3000F394E9 /* GHSidebarSearchViewController.m in Sources */,
				BE1ECC1F17F1B4BF006CCD56 /* FSRequester.m in Sources */,
				BEC63F5C183CC6BD001C82B6 /* VERootViewController.m in Sources */,
				BEC63F61183CC6BD001C82B6 /* VEViewController.m in Sources */,
				BE1ECC5A17F1E724006CCD56 /* AFURLConnectionOperation.m in Sources */,
				BE1ECC1E17F1B4BF006CCD56 /* Foursquare2.m in Sources */,
				BEC63F5E183CC6BD001C82B6 /* VETargetDetailViewController.m in Sources */,
				BE1ECC5C17F1E724006CCD56 /* UIImageView+AFNetworking.m in Sources */,
				BEC63F7C183CD0B3001C82B6 /* main.m in Sources */,
				BE1ECC5417F1E724006CCD56 /* AFHTTPClient.m in Sources */,
				BEC63F65183CC6BD001C82B6 /* FSConverter.m in Sources */,
				BEC63F66183CC6BD001C82B6 /* FSVenue.m in Sources */,
				BEC63F6E183CC6BD001C82B6 /* VEConnection.m in Sources */,
				BEC63F55183CC6BD001C82B6 /* VEFSHeaderView.m in Sources */,
				BEC63F62183CC6BD001C82B6 /* WebViewController.m in Sources */,
				BEC63F59183CC6BD001C82B6 /* VEEspnViewController.m in Sources */,
				BE1ECC5517F1E724006CCD56 /* AFHTTPRequestOperation.m in Sources */,
				BEC63F5F183CC6BD001C82B6 /* VETargetViewController.m in Sources */,
				BEC63F6D183CC6BD001C82B6 /* VERSSParser.m in Sources */,
				BE644B1B183D5EDA007AEE9F /* PickerView.m in Sources */,
				BE1ECC5917F1E724006CCD56 /* AFPropertyListRequestOperation.m in Sources */,
				BE1ECC5617F1E724006CCD56 /* AFImageRequestOperation.m in Sources */,
				BE1ECC5717F1E724006CCD56 /* AFJSONRequestOperation.m in Sources */,
				BEC63F5D183CC6BD001C82B6 /* VERSSViewController.m in Sources */,
				BE1ECC2917F1B4CE006CCD56 /* FSOAuth.m in Sources */,
				BEC63F67183CC6BD001C82B6 /* VEUser.m in Sources */,
				BE1ECC2017F1B4BF006CCD56 /* FSTargetCallback.m in Sources */,
				BE1ECC5B17F1E724006CCD56 /* AFXMLRequestOperation.m in Sources */,
				BEC63F54183CC6BD001C82B6 /* VEMenuCell.m in Sources */,
				BE1ECC2117F1B4BF006CCD56 /* FSWebLogin.m in Sources */,
				BEEB675917ECAB3000F394E9 /* GHRevealViewController.m in Sources */,
				BEEB675217ECAAB200F394E9 /* MBProgressHUD.m in Sources */,
				BEC63F53183CC6BD001C82B6 /* RassegnaCell.m in Sources */,
				BEC63F57183CC6BD001C82B6 /* VEDetailVenue.m in Sources */,
				BE1ECC5817F1E724006CCD56 /* AFNetworkActivityIndicatorManager.m in Sources */,
			);
			runOnlyForDeploymentPostprocessing = 0;
		};
		BEEB673017EC9A1A00F394E9 /* Sources */ = {
			isa = PBXSourcesBuildPhase;
			buildActionMask = 2147483647;
			files = (
				BEEB674217EC9A1A00F394E9 /* VeespoTests.m in Sources */,
			);
			runOnlyForDeploymentPostprocessing = 0;
		};
/* End PBXSourcesBuildPhase section */

/* Begin PBXTargetDependency section */
		BEEB673A17EC9A1A00F394E9 /* PBXTargetDependency */ = {
			isa = PBXTargetDependency;
			target = BEEB671217EC9A1A00F394E9 /* Veespo */;
			targetProxy = BEEB673917EC9A1A00F394E9 /* PBXContainerItemProxy */;
		};
/* End PBXTargetDependency section */

/* Begin PBXVariantGroup section */
		BE010A95180AEF0E0012817F /* Main.storyboard */ = {
			isa = PBXVariantGroup;
			children = (
				BE010A96180AEF0E0012817F /* Base */,
			);
			name = Main.storyboard;
			path = ..;
			sourceTree = "<group>";
		};
		BE644B20183D6D7A007AEE9F /* Localizable.strings */ = {
			isa = PBXVariantGroup;
			children = (
				BE644B1F183D6D7A007AEE9F /* Base */,
				BE644B21183D6D7F007AEE9F /* it */,
				BE644B22183D6D89007AEE9F /* en */,
			);
			name = Localizable.strings;
			path = "Supporting Files";
			sourceTree = "<group>";
		};
		BEEB671F17EC9A1A00F394E9 /* InfoPlist.strings */ = {
			isa = PBXVariantGroup;
			children = (
				BEEB672017EC9A1A00F394E9 /* en */,
				BEEB674C17ECA95E00F394E9 /* it */,
			);
			name = InfoPlist.strings;
			sourceTree = "<group>";
		};
		BEEB673E17EC9A1A00F394E9 /* InfoPlist.strings */ = {
			isa = PBXVariantGroup;
			children = (
				BEEB673F17EC9A1A00F394E9 /* en */,
				BEEB674D17ECA95E00F394E9 /* it */,
			);
			name = InfoPlist.strings;
			sourceTree = "<group>";
		};
/* End PBXVariantGroup section */

/* Begin XCBuildConfiguration section */
		BEEB674317EC9A1A00F394E9 /* Debug */ = {
			isa = XCBuildConfiguration;
			buildSettings = {
				ALWAYS_SEARCH_USER_PATHS = NO;
				ARCHS = "$(ARCHS_STANDARD_INCLUDING_64_BIT)";
				CLANG_CXX_LANGUAGE_STANDARD = "gnu++0x";
				CLANG_CXX_LIBRARY = "libc++";
				CLANG_ENABLE_MODULES = YES;
				CLANG_ENABLE_OBJC_ARC = YES;
				CLANG_WARN_BOOL_CONVERSION = YES;
				CLANG_WARN_CONSTANT_CONVERSION = YES;
				CLANG_WARN_DIRECT_OBJC_ISA_USAGE = YES_ERROR;
				CLANG_WARN_EMPTY_BODY = YES;
				CLANG_WARN_ENUM_CONVERSION = YES;
				CLANG_WARN_INT_CONVERSION = YES;
				CLANG_WARN_OBJC_ROOT_CLASS = YES_ERROR;
				CLANG_WARN__DUPLICATE_METHOD_MATCH = YES;
				"CODE_SIGN_IDENTITY[sdk=iphoneos*]" = "iPhone Developer";
				COPY_PHASE_STRIP = NO;
				GCC_C_LANGUAGE_STANDARD = gnu99;
				GCC_DYNAMIC_NO_PIC = NO;
				GCC_OPTIMIZATION_LEVEL = 0;
				GCC_PREPROCESSOR_DEFINITIONS = (
					"DEBUG=1",
					"$(inherited)",
				);
				GCC_SYMBOLS_PRIVATE_EXTERN = NO;
				GCC_WARN_64_TO_32_BIT_CONVERSION = YES;
				GCC_WARN_ABOUT_RETURN_TYPE = YES_ERROR;
				GCC_WARN_UNDECLARED_SELECTOR = YES;
				GCC_WARN_UNINITIALIZED_AUTOS = YES;
				GCC_WARN_UNUSED_FUNCTION = YES;
				GCC_WARN_UNUSED_VARIABLE = YES;
				IPHONEOS_DEPLOYMENT_TARGET = 7.0;
				ONLY_ACTIVE_ARCH = YES;
				SDKROOT = iphoneos;
			};
			name = Debug;
		};
		BEEB674417EC9A1A00F394E9 /* Release */ = {
			isa = XCBuildConfiguration;
			buildSettings = {
				ALWAYS_SEARCH_USER_PATHS = NO;
				ARCHS = "$(ARCHS_STANDARD_INCLUDING_64_BIT)";
				CLANG_CXX_LANGUAGE_STANDARD = "gnu++0x";
				CLANG_CXX_LIBRARY = "libc++";
				CLANG_ENABLE_MODULES = YES;
				CLANG_ENABLE_OBJC_ARC = YES;
				CLANG_WARN_BOOL_CONVERSION = YES;
				CLANG_WARN_CONSTANT_CONVERSION = YES;
				CLANG_WARN_DIRECT_OBJC_ISA_USAGE = YES_ERROR;
				CLANG_WARN_EMPTY_BODY = YES;
				CLANG_WARN_ENUM_CONVERSION = YES;
				CLANG_WARN_INT_CONVERSION = YES;
				CLANG_WARN_OBJC_ROOT_CLASS = YES_ERROR;
				CLANG_WARN__DUPLICATE_METHOD_MATCH = YES;
				"CODE_SIGN_IDENTITY[sdk=iphoneos*]" = "iPhone Distribution";
				COPY_PHASE_STRIP = YES;
				ENABLE_NS_ASSERTIONS = NO;
				GCC_C_LANGUAGE_STANDARD = gnu99;
				GCC_WARN_64_TO_32_BIT_CONVERSION = YES;
				GCC_WARN_ABOUT_RETURN_TYPE = YES_ERROR;
				GCC_WARN_UNDECLARED_SELECTOR = YES;
				GCC_WARN_UNINITIALIZED_AUTOS = YES;
				GCC_WARN_UNUSED_FUNCTION = YES;
				GCC_WARN_UNUSED_VARIABLE = YES;
				IPHONEOS_DEPLOYMENT_TARGET = 7.0;
				SDKROOT = iphoneos;
				VALIDATE_PRODUCT = YES;
			};
			name = Release;
		};
		BEEB674617EC9A1A00F394E9 /* Debug */ = {
			isa = XCBuildConfiguration;
			buildSettings = {
				ARCHS = "$(ARCHS_STANDARD)";
				ASSETCATALOG_COMPILER_APPICON_NAME = AppIcon;
				ASSETCATALOG_COMPILER_LAUNCHIMAGE_NAME = LaunchImage;
				"CODE_SIGN_IDENTITY[sdk=iphoneos*]" = "iPhone Developer";
				FRAMEWORK_SEARCH_PATHS = /Volumes/MyPassport/Dropbox/veespo/Veespo/VeespoFramework.embeddedframework;
				GCC_PRECOMPILE_PREFIX_HEADER = YES;
				GCC_PREFIX_HEADER = "Veespo/Veespo-Prefix.pch";
				INFOPLIST_FILE = "Veespo/Veespo-Info.plist";
				IPHONEOS_DEPLOYMENT_TARGET = 7.0;
				PRODUCT_NAME = "$(TARGET_NAME)";
				PROVISIONING_PROFILE = "";
				VALID_ARCHS = "armv7 armv7s";
				WRAPPER_EXTENSION = app;
			};
			name = Debug;
		};
		BEEB674717EC9A1A00F394E9 /* Release */ = {
			isa = XCBuildConfiguration;
			buildSettings = {
				ARCHS = "$(ARCHS_STANDARD)";
				ASSETCATALOG_COMPILER_APPICON_NAME = AppIcon;
				ASSETCATALOG_COMPILER_LAUNCHIMAGE_NAME = LaunchImage;
				"CODE_SIGN_IDENTITY[sdk=iphoneos*]" = "iPhone Distribution: Alessio Roberto";
				FRAMEWORK_SEARCH_PATHS = /Volumes/MyPassport/Dropbox/veespo/Veespo/VeespoFramework.embeddedframework;
				GCC_PRECOMPILE_PREFIX_HEADER = YES;
				GCC_PREFIX_HEADER = "Veespo/Veespo-Prefix.pch";
				INFOPLIST_FILE = "Veespo/Veespo-Info.plist";
				IPHONEOS_DEPLOYMENT_TARGET = 7.0;
				PRODUCT_NAME = "$(TARGET_NAME)";
				PROVISIONING_PROFILE = "A1BC7315-4B44-4B95-8425-53A8F446EC12";
				VALID_ARCHS = "armv7 armv7s";
				WRAPPER_EXTENSION = app;
			};
			name = Release;
		};
		BEEB674917EC9A1A00F394E9 /* Debug */ = {
			isa = XCBuildConfiguration;
			buildSettings = {
				ARCHS = "$(ARCHS_STANDARD_INCLUDING_64_BIT)";
				BUNDLE_LOADER = "$(BUILT_PRODUCTS_DIR)/Veespo.app/Veespo";
				FRAMEWORK_SEARCH_PATHS = (
					"$(SDKROOT)/Developer/Library/Frameworks",
					"$(inherited)",
					"$(DEVELOPER_FRAMEWORKS_DIR)",
				);
				GCC_PRECOMPILE_PREFIX_HEADER = YES;
				GCC_PREFIX_HEADER = "Veespo/Veespo-Prefix.pch";
				GCC_PREPROCESSOR_DEFINITIONS = (
					"DEBUG=1",
					"$(inherited)",
				);
				INFOPLIST_FILE = "VeespoTests/VeespoTests-Info.plist";
				PRODUCT_NAME = "$(TARGET_NAME)";
				TEST_HOST = "$(BUNDLE_LOADER)";
				WRAPPER_EXTENSION = xctest;
			};
			name = Debug;
		};
		BEEB674A17EC9A1A00F394E9 /* Release */ = {
			isa = XCBuildConfiguration;
			buildSettings = {
				ARCHS = "$(ARCHS_STANDARD_INCLUDING_64_BIT)";
				BUNDLE_LOADER = "$(BUILT_PRODUCTS_DIR)/Veespo.app/Veespo";
				FRAMEWORK_SEARCH_PATHS = (
					"$(SDKROOT)/Developer/Library/Frameworks",
					"$(inherited)",
					"$(DEVELOPER_FRAMEWORKS_DIR)",
				);
				GCC_PRECOMPILE_PREFIX_HEADER = YES;
				GCC_PREFIX_HEADER = "Veespo/Veespo-Prefix.pch";
				INFOPLIST_FILE = "VeespoTests/VeespoTests-Info.plist";
				PRODUCT_NAME = "$(TARGET_NAME)";
				TEST_HOST = "$(BUNDLE_LOADER)";
				WRAPPER_EXTENSION = xctest;
			};
			name = Release;
		};
/* End XCBuildConfiguration section */

/* Begin XCConfigurationList section */
		BEEB670E17EC9A1A00F394E9 /* Build configuration list for PBXProject "Veespo" */ = {
			isa = XCConfigurationList;
			buildConfigurations = (
				BEEB674317EC9A1A00F394E9 /* Debug */,
				BEEB674417EC9A1A00F394E9 /* Release */,
			);
			defaultConfigurationIsVisible = 0;
			defaultConfigurationName = Release;
		};
		BEEB674517EC9A1A00F394E9 /* Build configuration list for PBXNativeTarget "Veespo" */ = {
			isa = XCConfigurationList;
			buildConfigurations = (
				BEEB674617EC9A1A00F394E9 /* Debug */,
				BEEB674717EC9A1A00F394E9 /* Release */,
			);
			defaultConfigurationIsVisible = 0;
			defaultConfigurationName = Release;
		};
		BEEB674817EC9A1A00F394E9 /* Build configuration list for PBXNativeTarget "VeespoTests" */ = {
			isa = XCConfigurationList;
			buildConfigurations = (
				BEEB674917EC9A1A00F394E9 /* Debug */,
				BEEB674A17EC9A1A00F394E9 /* Release */,
			);
			defaultConfigurationIsVisible = 0;
			defaultConfigurationName = Release;
		};
/* End XCConfigurationList section */
	};
	rootObject = BEEB670B17EC9A1A00F394E9 /* Project object */;
}
