// !$*UTF8*$!
{
	archiveVersion = 1;
	classes = {
	};
	objectVersion = 46;
	objects = {

/* Begin PBXBuildFile section */
		BE1ECBB917F1962C006CCD56 /* CoreLocation.framework in Frameworks */ = {isa = PBXBuildFile; fileRef = BE1ECBB817F1962C006CCD56 /* CoreLocation.framework */; };
		BE1ECBBB17F19632006CCD56 /* MapKit.framework in Frameworks */ = {isa = PBXBuildFile; fileRef = BE1ECBBA17F19632006CCD56 /* MapKit.framework */; };
		BE1ECC1E17F1B4BF006CCD56 /* Foursquare2.m in Sources */ = {isa = PBXBuildFile; fileRef = BE1ECC1217F1B4BF006CCD56 /* Foursquare2.m */; };
		BE1ECC1F17F1B4BF006CCD56 /* FSRequester.m in Sources */ = {isa = PBXBuildFile; fileRef = BE1ECC1417F1B4BF006CCD56 /* FSRequester.m */; };
		BE1ECC2017F1B4BF006CCD56 /* FSTargetCallback.m in Sources */ = {isa = PBXBuildFile; fileRef = BE1ECC1617F1B4BF006CCD56 /* FSTargetCallback.m */; };
		BE1ECC2117F1B4BF006CCD56 /* FSWebLogin.m in Sources */ = {isa = PBXBuildFile; fileRef = BE1ECC1817F1B4BF006CCD56 /* FSWebLogin.m */; };
		BE1ECC2217F1B4BF006CCD56 /* FSWebLogin.xib in Resources */ = {isa = PBXBuildFile; fileRef = BE1ECC1917F1B4BF006CCD56 /* FSWebLogin.xib */; };
		BE1ECC2917F1B4CE006CCD56 /* FSOAuth.m in Sources */ = {isa = PBXBuildFile; fileRef = BE1ECC2817F1B4CE006CCD56 /* FSOAuth.m */; };
		BE1ECC2A17F1B50E006CCD56 /* VEFSViewController.m in Sources */ = {isa = PBXBuildFile; fileRef = BE1ECBB617F1960A006CCD56 /* VEFSViewController.m */; };
		BE1ECC3517F1CC00006CCD56 /* pin.png in Resources */ = {isa = PBXBuildFile; fileRef = BE1ECC3117F1CC00006CCD56 /* pin.png */; };
		BE1ECC3617F1CC00006CCD56 /* pin@2x.png in Resources */ = {isa = PBXBuildFile; fileRef = BE1ECC3217F1CC00006CCD56 /* pin@2x.png */; };
		BE1ECC3717F1CC00006CCD56 /* poweredByFoursquare_gray.png in Resources */ = {isa = PBXBuildFile; fileRef = BE1ECC3317F1CC00006CCD56 /* poweredByFoursquare_gray.png */; };
		BE1ECC3817F1CC00006CCD56 /* poweredByFoursquare_gray@2x.png in Resources */ = {isa = PBXBuildFile; fileRef = BE1ECC3417F1CC00006CCD56 /* poweredByFoursquare_gray@2x.png */; };
		BE1ECC3B17F1D470006CCD56 /* VEVenueCell.m in Sources */ = {isa = PBXBuildFile; fileRef = BE1ECC3A17F1D470006CCD56 /* VEVenueCell.m */; };
		BE1ECC3D17F1D51F006CCD56 /* Empty.xib in Resources */ = {isa = PBXBuildFile; fileRef = BE1ECC3C17F1D51F006CCD56 /* Empty.xib */; };
		BE1ECC5417F1E724006CCD56 /* AFHTTPClient.m in Sources */ = {isa = PBXBuildFile; fileRef = BE1ECC4217F1E724006CCD56 /* AFHTTPClient.m */; };
		BE1ECC5517F1E724006CCD56 /* AFHTTPRequestOperation.m in Sources */ = {isa = PBXBuildFile; fileRef = BE1ECC4417F1E724006CCD56 /* AFHTTPRequestOperation.m */; };
		BE1ECC5617F1E724006CCD56 /* AFImageRequestOperation.m in Sources */ = {isa = PBXBuildFile; fileRef = BE1ECC4617F1E724006CCD56 /* AFImageRequestOperation.m */; };
		BE1ECC5717F1E724006CCD56 /* AFJSONRequestOperation.m in Sources */ = {isa = PBXBuildFile; fileRef = BE1ECC4817F1E724006CCD56 /* AFJSONRequestOperation.m */; };
		BE1ECC5817F1E724006CCD56 /* AFNetworkActivityIndicatorManager.m in Sources */ = {isa = PBXBuildFile; fileRef = BE1ECC4A17F1E724006CCD56 /* AFNetworkActivityIndicatorManager.m */; };
		BE1ECC5917F1E724006CCD56 /* AFPropertyListRequestOperation.m in Sources */ = {isa = PBXBuildFile; fileRef = BE1ECC4D17F1E724006CCD56 /* AFPropertyListRequestOperation.m */; };
		BE1ECC5A17F1E724006CCD56 /* AFURLConnectionOperation.m in Sources */ = {isa = PBXBuildFile; fileRef = BE1ECC4F17F1E724006CCD56 /* AFURLConnectionOperation.m */; };
		BE1ECC5B17F1E724006CCD56 /* AFXMLRequestOperation.m in Sources */ = {isa = PBXBuildFile; fileRef = BE1ECC5117F1E724006CCD56 /* AFXMLRequestOperation.m */; };
		BE1ECC5C17F1E724006CCD56 /* UIImageView+AFNetworking.m in Sources */ = {isa = PBXBuildFile; fileRef = BE1ECC5317F1E724006CCD56 /* UIImageView+AFNetworking.m */; };
		BE1ECC5E17F22DE9006CCD56 /* SystemConfiguration.framework in Frameworks */ = {isa = PBXBuildFile; fileRef = BE1ECC5D17F22DE9006CCD56 /* SystemConfiguration.framework */; };
		BE1ECC6017F22DF8006CCD56 /* MobileCoreServices.framework in Frameworks */ = {isa = PBXBuildFile; fileRef = BE1ECC5F17F22DF8006CCD56 /* MobileCoreServices.framework */; };
		BE1ECC6B17F22E6F006CCD56 /* FSConverter.m in Sources */ = {isa = PBXBuildFile; fileRef = BE1ECC6817F22E6F006CCD56 /* FSConverter.m */; };
		BE1ECC6C17F22E6F006CCD56 /* FSVenue.m in Sources */ = {isa = PBXBuildFile; fileRef = BE1ECC6A17F22E6F006CCD56 /* FSVenue.m */; };
		BE1ECC7017F22FE0006CCD56 /* VERSSViewController.m in Sources */ = {isa = PBXBuildFile; fileRef = BE1ECC6F17F22FE0006CCD56 /* VERSSViewController.m */; };
		BE1ECC7317F23485006CCD56 /* VERSSParser.m in Sources */ = {isa = PBXBuildFile; fileRef = BE1ECC7217F23485006CCD56 /* VERSSParser.m */; };
		BE1ECC7617F237D0006CCD56 /* RassegnaCell.m in Sources */ = {isa = PBXBuildFile; fileRef = BE1ECC7517F237D0006CCD56 /* RassegnaCell.m */; };
		BE1ECC7A17F23B4F006CCD56 /* WebVC.m in Sources */ = {isa = PBXBuildFile; fileRef = BE1ECC7817F23B4F006CCD56 /* WebVC.m */; };
		BE1ECC7B17F23B4F006CCD56 /* WebVC.xib in Resources */ = {isa = PBXBuildFile; fileRef = BE1ECC7917F23B4F006CCD56 /* WebVC.xib */; };
		BE1ECC7F17F310D1006CCD56 /* VEEspnViewController.m in Sources */ = {isa = PBXBuildFile; fileRef = BE1ECC7E17F310D1006CCD56 /* VEEspnViewController.m */; };
		BE79E55817EF9F41006F60F6 /* VEUser.m in Sources */ = {isa = PBXBuildFile; fileRef = BE79E55717EF9F41006F60F6 /* VEUser.m */; };
		BEA0DFF517EDE6A300102645 /* VERootViewController.m in Sources */ = {isa = PBXBuildFile; fileRef = BEA0DFF417EDE6A300102645 /* VERootViewController.m */; };
		BEA0DFF817EDE9AD00102645 /* VEMenuViewController.m in Sources */ = {isa = PBXBuildFile; fileRef = BEA0DFF717EDE9AD00102645 /* VEMenuViewController.m */; };
		BEA0DFFB17EF1D8F00102645 /* VEMenuCell.m in Sources */ = {isa = PBXBuildFile; fileRef = BEA0DFFA17EF1D8F00102645 /* VEMenuCell.m */; };
		BEA0DFFF17EF311C00102645 /* user.png in Resources */ = {isa = PBXBuildFile; fileRef = BEA0DFFE17EF311C00102645 /* user.png */; };
		BEA0E00217EF694800102645 /* VEVeespoViewController.m in Sources */ = {isa = PBXBuildFile; fileRef = BEA0E00117EF694800102645 /* VEVeespoViewController.m */; };
		BEA0E00417EF7FE700102645 /* VEVeespoNib.xib in Resources */ = {isa = PBXBuildFile; fileRef = BEA0E00317EF7FE700102645 /* VEVeespoNib.xib */; };
		BEE2FBFB17F4322300DD0FBD /* VEFSHeaderView.m in Sources */ = {isa = PBXBuildFile; fileRef = BEE2FBFA17F4322300DD0FBD /* VEFSHeaderView.m */; };
		BEEB671717EC9A1A00F394E9 /* Foundation.framework in Frameworks */ = {isa = PBXBuildFile; fileRef = BEEB671617EC9A1A00F394E9 /* Foundation.framework */; };
		BEEB671917EC9A1A00F394E9 /* CoreGraphics.framework in Frameworks */ = {isa = PBXBuildFile; fileRef = BEEB671817EC9A1A00F394E9 /* CoreGraphics.framework */; };
		BEEB671B17EC9A1A00F394E9 /* UIKit.framework in Frameworks */ = {isa = PBXBuildFile; fileRef = BEEB671A17EC9A1A00F394E9 /* UIKit.framework */; };
		BEEB672117EC9A1A00F394E9 /* InfoPlist.strings in Resources */ = {isa = PBXBuildFile; fileRef = BEEB671F17EC9A1A00F394E9 /* InfoPlist.strings */; };
		BEEB672317EC9A1A00F394E9 /* main.m in Sources */ = {isa = PBXBuildFile; fileRef = BEEB672217EC9A1A00F394E9 /* main.m */; };
		BEEB672717EC9A1A00F394E9 /* VEAppDelegate.m in Sources */ = {isa = PBXBuildFile; fileRef = BEEB672617EC9A1A00F394E9 /* VEAppDelegate.m */; };
		BEEB672A17EC9A1A00F394E9 /* Main.storyboard in Resources */ = {isa = PBXBuildFile; fileRef = BEEB672817EC9A1A00F394E9 /* Main.storyboard */; };
		BEEB672D17EC9A1A00F394E9 /* VEViewController.m in Sources */ = {isa = PBXBuildFile; fileRef = BEEB672C17EC9A1A00F394E9 /* VEViewController.m */; };
		BEEB672F17EC9A1A00F394E9 /* Images.xcassets in Resources */ = {isa = PBXBuildFile; fileRef = BEEB672E17EC9A1A00F394E9 /* Images.xcassets */; };
		BEEB673617EC9A1A00F394E9 /* XCTest.framework in Frameworks */ = {isa = PBXBuildFile; fileRef = BEEB673517EC9A1A00F394E9 /* XCTest.framework */; };
		BEEB673717EC9A1A00F394E9 /* Foundation.framework in Frameworks */ = {isa = PBXBuildFile; fileRef = BEEB671617EC9A1A00F394E9 /* Foundation.framework */; };
		BEEB673817EC9A1A00F394E9 /* UIKit.framework in Frameworks */ = {isa = PBXBuildFile; fileRef = BEEB671A17EC9A1A00F394E9 /* UIKit.framework */; };
		BEEB674017EC9A1A00F394E9 /* InfoPlist.strings in Resources */ = {isa = PBXBuildFile; fileRef = BEEB673E17EC9A1A00F394E9 /* InfoPlist.strings */; };
		BEEB674217EC9A1A00F394E9 /* VeespoTests.m in Sources */ = {isa = PBXBuildFile; fileRef = BEEB674117EC9A1A00F394E9 /* VeespoTests.m */; };
		BEEB675217ECAAB200F394E9 /* MBProgressHUD.m in Sources */ = {isa = PBXBuildFile; fileRef = BEEB675117ECAAB200F394E9 /* MBProgressHUD.m */; };
		BEEB675917ECAB3000F394E9 /* GHRevealViewController.m in Sources */ = {isa = PBXBuildFile; fileRef = BEEB675517ECAB3000F394E9 /* GHRevealViewController.m */; };
		BEEB675A17ECAB3000F394E9 /* GHSidebarSearchViewController.m in Sources */ = {isa = PBXBuildFile; fileRef = BEEB675717ECAB3000F394E9 /* GHSidebarSearchViewController.m */; };
/* End PBXBuildFile section */

/* Begin PBXContainerItemProxy section */
		BEEB673917EC9A1A00F394E9 /* PBXContainerItemProxy */ = {
			isa = PBXContainerItemProxy;
			containerPortal = BEEB670B17EC9A1A00F394E9 /* Project object */;
			proxyType = 1;
			remoteGlobalIDString = BEEB671217EC9A1A00F394E9;
			remoteInfo = Veespo;
		};
/* End PBXContainerItemProxy section */

/* Begin PBXFileReference section */
		BE1ECBB517F1960A006CCD56 /* VEFSViewController.h */ = {isa = PBXFileReference; fileEncoding = 4; lastKnownFileType = sourcecode.c.h; name = VEFSViewController.h; path = Classes/Foursquare/VEFSViewController.h; sourceTree = "<group>"; };
		BE1ECBB617F1960A006CCD56 /* VEFSViewController.m */ = {isa = PBXFileReference; fileEncoding = 4; lastKnownFileType = sourcecode.c.objc; name = VEFSViewController.m; path = Classes/Foursquare/VEFSViewController.m; sourceTree = "<group>"; };
		BE1ECBB817F1962C006CCD56 /* CoreLocation.framework */ = {isa = PBXFileReference; lastKnownFileType = wrapper.framework; name = CoreLocation.framework; path = System/Library/Frameworks/CoreLocation.framework; sourceTree = SDKROOT; };
		BE1ECBBA17F19632006CCD56 /* MapKit.framework */ = {isa = PBXFileReference; lastKnownFileType = wrapper.framework; name = MapKit.framework; path = System/Library/Frameworks/MapKit.framework; sourceTree = SDKROOT; };
		BE1ECC1117F1B4BF006CCD56 /* Foursquare2.h */ = {isa = PBXFileReference; fileEncoding = 4; lastKnownFileType = sourcecode.c.h; name = Foursquare2.h; path = "../../../Progetti/Foursquare-API-v2/Foursquare2/Foursquare2.h"; sourceTree = "<group>"; };
		BE1ECC1217F1B4BF006CCD56 /* Foursquare2.m */ = {isa = PBXFileReference; fileEncoding = 4; lastKnownFileType = sourcecode.c.objc; name = Foursquare2.m; path = "../../../Progetti/Foursquare-API-v2/Foursquare2/Foursquare2.m"; sourceTree = "<group>"; };
		BE1ECC1317F1B4BF006CCD56 /* FSRequester.h */ = {isa = PBXFileReference; fileEncoding = 4; lastKnownFileType = sourcecode.c.h; name = FSRequester.h; path = "../../../Progetti/Foursquare-API-v2/Foursquare2/FSRequester.h"; sourceTree = "<group>"; };
		BE1ECC1417F1B4BF006CCD56 /* FSRequester.m */ = {isa = PBXFileReference; fileEncoding = 4; lastKnownFileType = sourcecode.c.objc; name = FSRequester.m; path = "../../../Progetti/Foursquare-API-v2/Foursquare2/FSRequester.m"; sourceTree = "<group>"; };
		BE1ECC1517F1B4BF006CCD56 /* FSTargetCallback.h */ = {isa = PBXFileReference; fileEncoding = 4; lastKnownFileType = sourcecode.c.h; name = FSTargetCallback.h; path = "../../../Progetti/Foursquare-API-v2/Foursquare2/FSTargetCallback.h"; sourceTree = "<group>"; };
		BE1ECC1617F1B4BF006CCD56 /* FSTargetCallback.m */ = {isa = PBXFileReference; fileEncoding = 4; lastKnownFileType = sourcecode.c.objc; name = FSTargetCallback.m; path = "../../../Progetti/Foursquare-API-v2/Foursquare2/FSTargetCallback.m"; sourceTree = "<group>"; };
		BE1ECC1717F1B4BF006CCD56 /* FSWebLogin.h */ = {isa = PBXFileReference; fileEncoding = 4; lastKnownFileType = sourcecode.c.h; name = FSWebLogin.h; path = "../../../Progetti/Foursquare-API-v2/Foursquare2/FSWebLogin.h"; sourceTree = "<group>"; };
		BE1ECC1817F1B4BF006CCD56 /* FSWebLogin.m */ = {isa = PBXFileReference; fileEncoding = 4; lastKnownFileType = sourcecode.c.objc; name = FSWebLogin.m; path = "../../../Progetti/Foursquare-API-v2/Foursquare2/FSWebLogin.m"; sourceTree = "<group>"; };
		BE1ECC1917F1B4BF006CCD56 /* FSWebLogin.xib */ = {isa = PBXFileReference; fileEncoding = 4; lastKnownFileType = file.xib; name = FSWebLogin.xib; path = "../../../Progetti/Foursquare-API-v2/Foursquare2/FSWebLogin.xib"; sourceTree = "<group>"; };
		BE1ECC2717F1B4CE006CCD56 /* FSOAuth.h */ = {isa = PBXFileReference; fileEncoding = 4; lastKnownFileType = sourcecode.c.h; name = FSOAuth.h; path = "../../../Progetti/Foursquare-API-v2/Foursquare2/submodule/foursquare-ios-oauth/FSOAuth.h"; sourceTree = "<group>"; };
		BE1ECC2817F1B4CE006CCD56 /* FSOAuth.m */ = {isa = PBXFileReference; fileEncoding = 4; lastKnownFileType = sourcecode.c.objc; name = FSOAuth.m; path = "../../../Progetti/Foursquare-API-v2/Foursquare2/submodule/foursquare-ios-oauth/FSOAuth.m"; sourceTree = "<group>"; };
		BE1ECC3117F1CC00006CCD56 /* pin.png */ = {isa = PBXFileReference; lastKnownFileType = image.png; path = pin.png; sourceTree = "<group>"; };
		BE1ECC3217F1CC00006CCD56 /* pin@2x.png */ = {isa = PBXFileReference; lastKnownFileType = image.png; path = "pin@2x.png"; sourceTree = "<group>"; };
		BE1ECC3317F1CC00006CCD56 /* poweredByFoursquare_gray.png */ = {isa = PBXFileReference; lastKnownFileType = image.png; path = poweredByFoursquare_gray.png; sourceTree = "<group>"; };
		BE1ECC3417F1CC00006CCD56 /* poweredByFoursquare_gray@2x.png */ = {isa = PBXFileReference; lastKnownFileType = image.png; path = "poweredByFoursquare_gray@2x.png"; sourceTree = "<group>"; };
		BE1ECC3917F1D470006CCD56 /* VEVenueCell.h */ = {isa = PBXFileReference; fileEncoding = 4; lastKnownFileType = sourcecode.c.h; name = VEVenueCell.h; path = Classes/Foursquare/VEVenueCell.h; sourceTree = "<group>"; };
		BE1ECC3A17F1D470006CCD56 /* VEVenueCell.m */ = {isa = PBXFileReference; fileEncoding = 4; lastKnownFileType = sourcecode.c.objc; name = VEVenueCell.m; path = Classes/Foursquare/VEVenueCell.m; sourceTree = "<group>"; };
		BE1ECC3C17F1D51F006CCD56 /* Empty.xib */ = {isa = PBXFileReference; fileEncoding = 4; lastKnownFileType = file.xib; name = Empty.xib; path = Classes/Foursquare/Empty.xib; sourceTree = "<group>"; };
		BE1ECC4117F1E724006CCD56 /* AFHTTPClient.h */ = {isa = PBXFileReference; fileEncoding = 4; lastKnownFileType = sourcecode.c.h; name = AFHTTPClient.h; path = ../../../Progetti/AFNetworking/AFNetworking/AFHTTPClient.h; sourceTree = "<group>"; };
		BE1ECC4217F1E724006CCD56 /* AFHTTPClient.m */ = {isa = PBXFileReference; fileEncoding = 4; lastKnownFileType = sourcecode.c.objc; name = AFHTTPClient.m; path = ../../../Progetti/AFNetworking/AFNetworking/AFHTTPClient.m; sourceTree = "<group>"; };
		BE1ECC4317F1E724006CCD56 /* AFHTTPRequestOperation.h */ = {isa = PBXFileReference; fileEncoding = 4; lastKnownFileType = sourcecode.c.h; name = AFHTTPRequestOperation.h; path = ../../../Progetti/AFNetworking/AFNetworking/AFHTTPRequestOperation.h; sourceTree = "<group>"; };
		BE1ECC4417F1E724006CCD56 /* AFHTTPRequestOperation.m */ = {isa = PBXFileReference; fileEncoding = 4; lastKnownFileType = sourcecode.c.objc; name = AFHTTPRequestOperation.m; path = ../../../Progetti/AFNetworking/AFNetworking/AFHTTPRequestOperation.m; sourceTree = "<group>"; };
		BE1ECC4517F1E724006CCD56 /* AFImageRequestOperation.h */ = {isa = PBXFileReference; fileEncoding = 4; lastKnownFileType = sourcecode.c.h; name = AFImageRequestOperation.h; path = ../../../Progetti/AFNetworking/AFNetworking/AFImageRequestOperation.h; sourceTree = "<group>"; };
		BE1ECC4617F1E724006CCD56 /* AFImageRequestOperation.m */ = {isa = PBXFileReference; fileEncoding = 4; lastKnownFileType = sourcecode.c.objc; name = AFImageRequestOperation.m; path = ../../../Progetti/AFNetworking/AFNetworking/AFImageRequestOperation.m; sourceTree = "<group>"; };
		BE1ECC4717F1E724006CCD56 /* AFJSONRequestOperation.h */ = {isa = PBXFileReference; fileEncoding = 4; lastKnownFileType = sourcecode.c.h; name = AFJSONRequestOperation.h; path = ../../../Progetti/AFNetworking/AFNetworking/AFJSONRequestOperation.h; sourceTree = "<group>"; };
		BE1ECC4817F1E724006CCD56 /* AFJSONRequestOperation.m */ = {isa = PBXFileReference; fileEncoding = 4; lastKnownFileType = sourcecode.c.objc; name = AFJSONRequestOperation.m; path = ../../../Progetti/AFNetworking/AFNetworking/AFJSONRequestOperation.m; sourceTree = "<group>"; };
		BE1ECC4917F1E724006CCD56 /* AFNetworkActivityIndicatorManager.h */ = {isa = PBXFileReference; fileEncoding = 4; lastKnownFileType = sourcecode.c.h; name = AFNetworkActivityIndicatorManager.h; path = ../../../Progetti/AFNetworking/AFNetworking/AFNetworkActivityIndicatorManager.h; sourceTree = "<group>"; };
		BE1ECC4A17F1E724006CCD56 /* AFNetworkActivityIndicatorManager.m */ = {isa = PBXFileReference; fileEncoding = 4; lastKnownFileType = sourcecode.c.objc; name = AFNetworkActivityIndicatorManager.m; path = ../../../Progetti/AFNetworking/AFNetworking/AFNetworkActivityIndicatorManager.m; sourceTree = "<group>"; };
		BE1ECC4B17F1E724006CCD56 /* AFNetworking.h */ = {isa = PBXFileReference; fileEncoding = 4; lastKnownFileType = sourcecode.c.h; name = AFNetworking.h; path = ../../../Progetti/AFNetworking/AFNetworking/AFNetworking.h; sourceTree = "<group>"; };
		BE1ECC4C17F1E724006CCD56 /* AFPropertyListRequestOperation.h */ = {isa = PBXFileReference; fileEncoding = 4; lastKnownFileType = sourcecode.c.h; name = AFPropertyListRequestOperation.h; path = ../../../Progetti/AFNetworking/AFNetworking/AFPropertyListRequestOperation.h; sourceTree = "<group>"; };
		BE1ECC4D17F1E724006CCD56 /* AFPropertyListRequestOperation.m */ = {isa = PBXFileReference; fileEncoding = 4; lastKnownFileType = sourcecode.c.objc; name = AFPropertyListRequestOperation.m; path = ../../../Progetti/AFNetworking/AFNetworking/AFPropertyListRequestOperation.m; sourceTree = "<group>"; };
		BE1ECC4E17F1E724006CCD56 /* AFURLConnectionOperation.h */ = {isa = PBXFileReference; fileEncoding = 4; lastKnownFileType = sourcecode.c.h; name = AFURLConnectionOperation.h; path = ../../../Progetti/AFNetworking/AFNetworking/AFURLConnectionOperation.h; sourceTree = "<group>"; };
		BE1ECC4F17F1E724006CCD56 /* AFURLConnectionOperation.m */ = {isa = PBXFileReference; fileEncoding = 4; lastKnownFileType = sourcecode.c.objc; name = AFURLConnectionOperation.m; path = ../../../Progetti/AFNetworking/AFNetworking/AFURLConnectionOperation.m; sourceTree = "<group>"; };
		BE1ECC5017F1E724006CCD56 /* AFXMLRequestOperation.h */ = {isa = PBXFileReference; fileEncoding = 4; lastKnownFileType = sourcecode.c.h; name = AFXMLRequestOperation.h; path = ../../../Progetti/AFNetworking/AFNetworking/AFXMLRequestOperation.h; sourceTree = "<group>"; };
		BE1ECC5117F1E724006CCD56 /* AFXMLRequestOperation.m */ = {isa = PBXFileReference; fileEncoding = 4; lastKnownFileType = sourcecode.c.objc; name = AFXMLRequestOperation.m; path = ../../../Progetti/AFNetworking/AFNetworking/AFXMLRequestOperation.m; sourceTree = "<group>"; };
		BE1ECC5217F1E724006CCD56 /* UIImageView+AFNetworking.h */ = {isa = PBXFileReference; fileEncoding = 4; lastKnownFileType = sourcecode.c.h; name = "UIImageView+AFNetworking.h"; path = "../../../Progetti/AFNetworking/AFNetworking/UIImageView+AFNetworking.h"; sourceTree = "<group>"; };
		BE1ECC5317F1E724006CCD56 /* UIImageView+AFNetworking.m */ = {isa = PBXFileReference; fileEncoding = 4; lastKnownFileType = sourcecode.c.objc; name = "UIImageView+AFNetworking.m"; path = "../../../Progetti/AFNetworking/AFNetworking/UIImageView+AFNetworking.m"; sourceTree = "<group>"; };
		BE1ECC5D17F22DE9006CCD56 /* SystemConfiguration.framework */ = {isa = PBXFileReference; lastKnownFileType = wrapper.framework; name = SystemConfiguration.framework; path = System/Library/Frameworks/SystemConfiguration.framework; sourceTree = SDKROOT; };
		BE1ECC5F17F22DF8006CCD56 /* MobileCoreServices.framework */ = {isa = PBXFileReference; lastKnownFileType = wrapper.framework; name = MobileCoreServices.framework; path = System/Library/Frameworks/MobileCoreServices.framework; sourceTree = SDKROOT; };
		BE1ECC6717F22E6F006CCD56 /* FSConverter.h */ = {isa = PBXFileReference; fileEncoding = 4; lastKnownFileType = sourcecode.c.h; name = FSConverter.h; path = Classes/Foursquare/FSConverter.h; sourceTree = "<group>"; };
		BE1ECC6817F22E6F006CCD56 /* FSConverter.m */ = {isa = PBXFileReference; fileEncoding = 4; lastKnownFileType = sourcecode.c.objc; name = FSConverter.m; path = Classes/Foursquare/FSConverter.m; sourceTree = "<group>"; };
		BE1ECC6917F22E6F006CCD56 /* FSVenue.h */ = {isa = PBXFileReference; fileEncoding = 4; lastKnownFileType = sourcecode.c.h; name = FSVenue.h; path = Classes/Foursquare/FSVenue.h; sourceTree = "<group>"; };
		BE1ECC6A17F22E6F006CCD56 /* FSVenue.m */ = {isa = PBXFileReference; fileEncoding = 4; lastKnownFileType = sourcecode.c.objc; name = FSVenue.m; path = Classes/Foursquare/FSVenue.m; sourceTree = "<group>"; };
		BE1ECC6E17F22FE0006CCD56 /* VERSSViewController.h */ = {isa = PBXFileReference; fileEncoding = 4; lastKnownFileType = sourcecode.c.h; name = VERSSViewController.h; path = Classes/RSS/VERSSViewController.h; sourceTree = "<group>"; };
		BE1ECC6F17F22FE0006CCD56 /* VERSSViewController.m */ = {isa = PBXFileReference; fileEncoding = 4; lastKnownFileType = sourcecode.c.objc; name = VERSSViewController.m; path = Classes/RSS/VERSSViewController.m; sourceTree = "<group>"; };
		BE1ECC7117F23485006CCD56 /* VERSSParser.h */ = {isa = PBXFileReference; fileEncoding = 4; lastKnownFileType = sourcecode.c.h; name = VERSSParser.h; path = Classes/RSS/VERSSParser.h; sourceTree = "<group>"; };
		BE1ECC7217F23485006CCD56 /* VERSSParser.m */ = {isa = PBXFileReference; fileEncoding = 4; lastKnownFileType = sourcecode.c.objc; name = VERSSParser.m; path = Classes/RSS/VERSSParser.m; sourceTree = "<group>"; };
		BE1ECC7417F237D0006CCD56 /* RassegnaCell.h */ = {isa = PBXFileReference; fileEncoding = 4; lastKnownFileType = sourcecode.c.h; path = RassegnaCell.h; sourceTree = "<group>"; };
		BE1ECC7517F237D0006CCD56 /* RassegnaCell.m */ = {isa = PBXFileReference; fileEncoding = 4; lastKnownFileType = sourcecode.c.objc; path = RassegnaCell.m; sourceTree = "<group>"; };
		BE1ECC7717F23B4F006CCD56 /* WebVC.h */ = {isa = PBXFileReference; fileEncoding = 4; lastKnownFileType = sourcecode.c.h; path = WebVC.h; sourceTree = "<group>"; };
		BE1ECC7817F23B4F006CCD56 /* WebVC.m */ = {isa = PBXFileReference; fileEncoding = 4; lastKnownFileType = sourcecode.c.objc; path = WebVC.m; sourceTree = "<group>"; };
		BE1ECC7917F23B4F006CCD56 /* WebVC.xib */ = {isa = PBXFileReference; fileEncoding = 4; lastKnownFileType = file.xib; path = WebVC.xib; sourceTree = "<group>"; };
		BE1ECC7D17F310D1006CCD56 /* VEEspnViewController.h */ = {isa = PBXFileReference; fileEncoding = 4; lastKnownFileType = sourcecode.c.h; name = VEEspnViewController.h; path = Classes/ESPN/VEEspnViewController.h; sourceTree = "<group>"; };
		BE1ECC7E17F310D1006CCD56 /* VEEspnViewController.m */ = {isa = PBXFileReference; fileEncoding = 4; lastKnownFileType = sourcecode.c.objc; name = VEEspnViewController.m; path = Classes/ESPN/VEEspnViewController.m; sourceTree = "<group>"; };
		BE79E55617EF9F41006F60F6 /* VEUser.h */ = {isa = PBXFileReference; fileEncoding = 4; lastKnownFileType = sourcecode.c.h; name = VEUser.h; path = Classes/VEUser.h; sourceTree = "<group>"; };
		BE79E55717EF9F41006F60F6 /* VEUser.m */ = {isa = PBXFileReference; fileEncoding = 4; lastKnownFileType = sourcecode.c.objc; name = VEUser.m; path = Classes/VEUser.m; sourceTree = "<group>"; };
		BEA0DFF317EDE6A200102645 /* VERootViewController.h */ = {isa = PBXFileReference; fileEncoding = 4; lastKnownFileType = sourcecode.c.h; name = VERootViewController.h; path = Classes/VERootViewController.h; sourceTree = "<group>"; };
		BEA0DFF417EDE6A300102645 /* VERootViewController.m */ = {isa = PBXFileReference; fileEncoding = 4; lastKnownFileType = sourcecode.c.objc; name = VERootViewController.m; path = Classes/VERootViewController.m; sourceTree = "<group>"; };
		BEA0DFF617EDE9AD00102645 /* VEMenuViewController.h */ = {isa = PBXFileReference; fileEncoding = 4; lastKnownFileType = sourcecode.c.h; name = VEMenuViewController.h; path = Classes/VEMenuViewController.h; sourceTree = "<group>"; };
		BEA0DFF717EDE9AD00102645 /* VEMenuViewController.m */ = {isa = PBXFileReference; fileEncoding = 4; lastKnownFileType = sourcecode.c.objc; name = VEMenuViewController.m; path = Classes/VEMenuViewController.m; sourceTree = "<group>"; };
		BEA0DFF917EF1D8F00102645 /* VEMenuCell.h */ = {isa = PBXFileReference; fileEncoding = 4; lastKnownFileType = sourcecode.c.h; name = VEMenuCell.h; path = Classes/VEMenuCell.h; sourceTree = "<group>"; };
		BEA0DFFA17EF1D8F00102645 /* VEMenuCell.m */ = {isa = PBXFileReference; fileEncoding = 4; lastKnownFileType = sourcecode.c.objc; name = VEMenuCell.m; path = Classes/VEMenuCell.m; sourceTree = "<group>"; };
		BEA0DFFE17EF311C00102645 /* user.png */ = {isa = PBXFileReference; lastKnownFileType = image.png; path = user.png; sourceTree = "<group>"; };
		BEA0E00017EF694800102645 /* VEVeespoViewController.h */ = {isa = PBXFileReference; fileEncoding = 4; lastKnownFileType = sourcecode.c.h; name = VEVeespoViewController.h; path = Classes/VEVeespoViewController.h; sourceTree = "<group>"; };
		BEA0E00117EF694800102645 /* VEVeespoViewController.m */ = {isa = PBXFileReference; fileEncoding = 4; lastKnownFileType = sourcecode.c.objc; name = VEVeespoViewController.m; path = Classes/VEVeespoViewController.m; sourceTree = "<group>"; };
		BEA0E00317EF7FE700102645 /* VEVeespoNib.xib */ = {isa = PBXFileReference; fileEncoding = 4; lastKnownFileType = file.xib; name = VEVeespoNib.xib; path = Classes/VEVeespoNib.xib; sourceTree = "<group>"; };
		BEE2FBF917F4322300DD0FBD /* VEFSHeaderView.h */ = {isa = PBXFileReference; fileEncoding = 4; lastKnownFileType = sourcecode.c.h; name = VEFSHeaderView.h; path = Classes/Foursquare/VEFSHeaderView.h; sourceTree = "<group>"; };
		BEE2FBFA17F4322300DD0FBD /* VEFSHeaderView.m */ = {isa = PBXFileReference; fileEncoding = 4; lastKnownFileType = sourcecode.c.objc; name = VEFSHeaderView.m; path = Classes/Foursquare/VEFSHeaderView.m; sourceTree = "<group>"; };
		BEEB671317EC9A1A00F394E9 /* Veespo.app */ = {isa = PBXFileReference; explicitFileType = wrapper.application; includeInIndex = 0; path = Veespo.app; sourceTree = BUILT_PRODUCTS_DIR; };
		BEEB671617EC9A1A00F394E9 /* Foundation.framework */ = {isa = PBXFileReference; lastKnownFileType = wrapper.framework; name = Foundation.framework; path = System/Library/Frameworks/Foundation.framework; sourceTree = SDKROOT; };
		BEEB671817EC9A1A00F394E9 /* CoreGraphics.framework */ = {isa = PBXFileReference; lastKnownFileType = wrapper.framework; name = CoreGraphics.framework; path = System/Library/Frameworks/CoreGraphics.framework; sourceTree = SDKROOT; };
		BEEB671A17EC9A1A00F394E9 /* UIKit.framework */ = {isa = PBXFileReference; lastKnownFileType = wrapper.framework; name = UIKit.framework; path = System/Library/Frameworks/UIKit.framework; sourceTree = SDKROOT; };
		BEEB671E17EC9A1A00F394E9 /* Veespo-Info.plist */ = {isa = PBXFileReference; lastKnownFileType = text.plist.xml; path = "Veespo-Info.plist"; sourceTree = "<group>"; };
		BEEB672017EC9A1A00F394E9 /* en */ = {isa = PBXFileReference; lastKnownFileType = text.plist.strings; name = en; path = en.lproj/InfoPlist.strings; sourceTree = "<group>"; };
		BEEB672217EC9A1A00F394E9 /* main.m */ = {isa = PBXFileReference; lastKnownFileType = sourcecode.c.objc; path = main.m; sourceTree = "<group>"; };
		BEEB672417EC9A1A00F394E9 /* Veespo-Prefix.pch */ = {isa = PBXFileReference; lastKnownFileType = sourcecode.c.h; path = "Veespo-Prefix.pch"; sourceTree = "<group>"; };
		BEEB672517EC9A1A00F394E9 /* VEAppDelegate.h */ = {isa = PBXFileReference; lastKnownFileType = sourcecode.c.h; path = VEAppDelegate.h; sourceTree = "<group>"; };
		BEEB672617EC9A1A00F394E9 /* VEAppDelegate.m */ = {isa = PBXFileReference; lastKnownFileType = sourcecode.c.objc; path = VEAppDelegate.m; sourceTree = "<group>"; };
		BEEB672917EC9A1A00F394E9 /* Base */ = {isa = PBXFileReference; lastKnownFileType = file.storyboard; name = Base; path = Base.lproj/Main.storyboard; sourceTree = "<group>"; };
		BEEB672B17EC9A1A00F394E9 /* VEViewController.h */ = {isa = PBXFileReference; lastKnownFileType = sourcecode.c.h; path = VEViewController.h; sourceTree = "<group>"; };
		BEEB672C17EC9A1A00F394E9 /* VEViewController.m */ = {isa = PBXFileReference; lastKnownFileType = sourcecode.c.objc; path = VEViewController.m; sourceTree = "<group>"; };
		BEEB672E17EC9A1A00F394E9 /* Images.xcassets */ = {isa = PBXFileReference; lastKnownFileType = folder.assetcatalog; path = Images.xcassets; sourceTree = "<group>"; };
		BEEB673417EC9A1A00F394E9 /* VeespoTests.xctest */ = {isa = PBXFileReference; explicitFileType = wrapper.cfbundle; includeInIndex = 0; path = VeespoTests.xctest; sourceTree = BUILT_PRODUCTS_DIR; };
		BEEB673517EC9A1A00F394E9 /* XCTest.framework */ = {isa = PBXFileReference; lastKnownFileType = wrapper.framework; name = XCTest.framework; path = Library/Frameworks/XCTest.framework; sourceTree = DEVELOPER_DIR; };
		BEEB673D17EC9A1A00F394E9 /* VeespoTests-Info.plist */ = {isa = PBXFileReference; lastKnownFileType = text.plist.xml; path = "VeespoTests-Info.plist"; sourceTree = "<group>"; };
		BEEB673F17EC9A1A00F394E9 /* en */ = {isa = PBXFileReference; lastKnownFileType = text.plist.strings; name = en; path = en.lproj/InfoPlist.strings; sourceTree = "<group>"; };
		BEEB674117EC9A1A00F394E9 /* VeespoTests.m */ = {isa = PBXFileReference; lastKnownFileType = sourcecode.c.objc; path = VeespoTests.m; sourceTree = "<group>"; };
		BEEB674B17ECA95E00F394E9 /* it */ = {isa = PBXFileReference; lastKnownFileType = text.plist.strings; name = it; path = it.lproj/Main.strings; sourceTree = "<group>"; };
		BEEB674C17ECA95E00F394E9 /* it */ = {isa = PBXFileReference; lastKnownFileType = text.plist.strings; name = it; path = it.lproj/InfoPlist.strings; sourceTree = "<group>"; };
		BEEB674D17ECA95E00F394E9 /* it */ = {isa = PBXFileReference; lastKnownFileType = text.plist.strings; name = it; path = it.lproj/InfoPlist.strings; sourceTree = "<group>"; };
		BEEB675017ECAAB200F394E9 /* MBProgressHUD.h */ = {isa = PBXFileReference; fileEncoding = 4; lastKnownFileType = sourcecode.c.h; name = MBProgressHUD.h; path = ../../../Progetti/MBProgressHUD/MBProgressHUD.h; sourceTree = "<group>"; };
		BEEB675117ECAAB200F394E9 /* MBProgressHUD.m */ = {isa = PBXFileReference; fileEncoding = 4; lastKnownFileType = sourcecode.c.objc; name = MBProgressHUD.m; path = ../../../Progetti/MBProgressHUD/MBProgressHUD.m; sourceTree = "<group>"; };
		BEEB675417ECAB3000F394E9 /* GHRevealViewController.h */ = {isa = PBXFileReference; fileEncoding = 4; lastKnownFileType = sourcecode.c.h; name = GHRevealViewController.h; path = ../../../Progetti/GHSidebarNav/GHSidebarNav/GHRevealViewController.h; sourceTree = "<group>"; };
		BEEB675517ECAB3000F394E9 /* GHRevealViewController.m */ = {isa = PBXFileReference; fileEncoding = 4; lastKnownFileType = sourcecode.c.objc; name = GHRevealViewController.m; path = ../../../Progetti/GHSidebarNav/GHSidebarNav/GHRevealViewController.m; sourceTree = "<group>"; };
		BEEB675617ECAB3000F394E9 /* GHSidebarSearchViewController.h */ = {isa = PBXFileReference; fileEncoding = 4; lastKnownFileType = sourcecode.c.h; name = GHSidebarSearchViewController.h; path = ../../../Progetti/GHSidebarNav/GHSidebarNav/GHSidebarSearchViewController.h; sourceTree = "<group>"; };
		BEEB675717ECAB3000F394E9 /* GHSidebarSearchViewController.m */ = {isa = PBXFileReference; fileEncoding = 4; lastKnownFileType = sourcecode.c.objc; name = GHSidebarSearchViewController.m; path = ../../../Progetti/GHSidebarNav/GHSidebarNav/GHSidebarSearchViewController.m; sourceTree = "<group>"; };
		BEEB675817ECAB3000F394E9 /* GHSidebarSearchViewControllerDelegate.h */ = {isa = PBXFileReference; fileEncoding = 4; lastKnownFileType = sourcecode.c.h; name = GHSidebarSearchViewControllerDelegate.h; path = ../../../Progetti/GHSidebarNav/GHSidebarNav/GHSidebarSearchViewControllerDelegate.h; sourceTree = "<group>"; };
/* End PBXFileReference section */

/* Begin PBXFrameworksBuildPhase section */
		BEEB671017EC9A1A00F394E9 /* Frameworks */ = {
			isa = PBXFrameworksBuildPhase;
			buildActionMask = 2147483647;
			files = (
				BE1ECC6017F22DF8006CCD56 /* MobileCoreServices.framework in Frameworks */,
				BE1ECC5E17F22DE9006CCD56 /* SystemConfiguration.framework in Frameworks */,
				BE1ECBBB17F19632006CCD56 /* MapKit.framework in Frameworks */,
				BE1ECBB917F1962C006CCD56 /* CoreLocation.framework in Frameworks */,
				BEEB671917EC9A1A00F394E9 /* CoreGraphics.framework in Frameworks */,
				BEEB671B17EC9A1A00F394E9 /* UIKit.framework in Frameworks */,
				BEEB671717EC9A1A00F394E9 /* Foundation.framework in Frameworks */,
			);
			runOnlyForDeploymentPostprocessing = 0;
		};
		BEEB673117EC9A1A00F394E9 /* Frameworks */ = {
			isa = PBXFrameworksBuildPhase;
			buildActionMask = 2147483647;
			files = (
				BEEB673617EC9A1A00F394E9 /* XCTest.framework in Frameworks */,
				BEEB673817EC9A1A00F394E9 /* UIKit.framework in Frameworks */,
				BEEB673717EC9A1A00F394E9 /* Foundation.framework in Frameworks */,
			);
			runOnlyForDeploymentPostprocessing = 0;
		};
/* End PBXFrameworksBuildPhase section */

/* Begin PBXGroup section */
		BE1ECB6C17F194A9006CCD56 /* Foursquare */ = {
			isa = PBXGroup;
			children = (
				BE1ECC6717F22E6F006CCD56 /* FSConverter.h */,
				BE1ECC6817F22E6F006CCD56 /* FSConverter.m */,
				BE1ECC6917F22E6F006CCD56 /* FSVenue.h */,
				BE1ECC6A17F22E6F006CCD56 /* FSVenue.m */,
				BE1ECBB517F1960A006CCD56 /* VEFSViewController.h */,
				BE1ECBB617F1960A006CCD56 /* VEFSViewController.m */,
				BE1ECC3917F1D470006CCD56 /* VEVenueCell.h */,
				BE1ECC3A17F1D470006CCD56 /* VEVenueCell.m */,
				BE1ECC3C17F1D51F006CCD56 /* Empty.xib */,
				BEE2FBF917F4322300DD0FBD /* VEFSHeaderView.h */,
				BEE2FBFA17F4322300DD0FBD /* VEFSHeaderView.m */,
			);
			name = Foursquare;
			sourceTree = "<group>";
		};
		BE1ECB6D17F1955F006CCD56 /* Foursquare2 */ = {
			isa = PBXGroup;
			children = (
				BE1ECC3117F1CC00006CCD56 /* pin.png */,
				BE1ECC3217F1CC00006CCD56 /* pin@2x.png */,
				BE1ECC3317F1CC00006CCD56 /* poweredByFoursquare_gray.png */,
				BE1ECC3417F1CC00006CCD56 /* poweredByFoursquare_gray@2x.png */,
				BE1ECC2717F1B4CE006CCD56 /* FSOAuth.h */,
				BE1ECC2817F1B4CE006CCD56 /* FSOAuth.m */,
				BE1ECC1117F1B4BF006CCD56 /* Foursquare2.h */,
				BE1ECC1217F1B4BF006CCD56 /* Foursquare2.m */,
				BE1ECC1317F1B4BF006CCD56 /* FSRequester.h */,
				BE1ECC1417F1B4BF006CCD56 /* FSRequester.m */,
				BE1ECC1517F1B4BF006CCD56 /* FSTargetCallback.h */,
				BE1ECC1617F1B4BF006CCD56 /* FSTargetCallback.m */,
				BE1ECC1717F1B4BF006CCD56 /* FSWebLogin.h */,
				BE1ECC1817F1B4BF006CCD56 /* FSWebLogin.m */,
				BE1ECC1917F1B4BF006CCD56 /* FSWebLogin.xib */,
			);
			name = Foursquare2;
			sourceTree = "<group>";
		};
		BE1ECC4017F1E704006CCD56 /* AFNetworking */ = {
			isa = PBXGroup;
			children = (
				BE1ECC4117F1E724006CCD56 /* AFHTTPClient.h */,
				BE1ECC4217F1E724006CCD56 /* AFHTTPClient.m */,
				BE1ECC4317F1E724006CCD56 /* AFHTTPRequestOperation.h */,
				BE1ECC4417F1E724006CCD56 /* AFHTTPRequestOperation.m */,
				BE1ECC4517F1E724006CCD56 /* AFImageRequestOperation.h */,
				BE1ECC4617F1E724006CCD56 /* AFImageRequestOperation.m */,
				BE1ECC4717F1E724006CCD56 /* AFJSONRequestOperation.h */,
				BE1ECC4817F1E724006CCD56 /* AFJSONRequestOperation.m */,
				BE1ECC4917F1E724006CCD56 /* AFNetworkActivityIndicatorManager.h */,
				BE1ECC4A17F1E724006CCD56 /* AFNetworkActivityIndicatorManager.m */,
				BE1ECC4B17F1E724006CCD56 /* AFNetworking.h */,
				BE1ECC4C17F1E724006CCD56 /* AFPropertyListRequestOperation.h */,
				BE1ECC4D17F1E724006CCD56 /* AFPropertyListRequestOperation.m */,
				BE1ECC4E17F1E724006CCD56 /* AFURLConnectionOperation.h */,
				BE1ECC4F17F1E724006CCD56 /* AFURLConnectionOperation.m */,
				BE1ECC5017F1E724006CCD56 /* AFXMLRequestOperation.h */,
				BE1ECC5117F1E724006CCD56 /* AFXMLRequestOperation.m */,
				BE1ECC5217F1E724006CCD56 /* UIImageView+AFNetworking.h */,
				BE1ECC5317F1E724006CCD56 /* UIImageView+AFNetworking.m */,
			);
			name = AFNetworking;
			sourceTree = "<group>";
		};
		BE1ECC6D17F22EFD006CCD56 /* RSS */ = {
			isa = PBXGroup;
			children = (
				BE1ECC7717F23B4F006CCD56 /* WebVC.h */,
				BE1ECC7817F23B4F006CCD56 /* WebVC.m */,
				BE1ECC7917F23B4F006CCD56 /* WebVC.xib */,
				BE1ECC7417F237D0006CCD56 /* RassegnaCell.h */,
				BE1ECC7517F237D0006CCD56 /* RassegnaCell.m */,
				BE1ECC6E17F22FE0006CCD56 /* VERSSViewController.h */,
				BE1ECC6F17F22FE0006CCD56 /* VERSSViewController.m */,
				BE1ECC7117F23485006CCD56 /* VERSSParser.h */,
				BE1ECC7217F23485006CCD56 /* VERSSParser.m */,
			);
			name = RSS;
			sourceTree = "<group>";
		};
		BE1ECC7C17F31088006CCD56 /* ESPN */ = {
			isa = PBXGroup;
			children = (
				BE1ECC7D17F310D1006CCD56 /* VEEspnViewController.h */,
				BE1ECC7E17F310D1006CCD56 /* VEEspnViewController.m */,
			);
			name = ESPN;
			sourceTree = "<group>";
		};
		BEEB670A17EC9A1A00F394E9 = {
			isa = PBXGroup;
			children = (
				BEEB671C17EC9A1A00F394E9 /* Veespo */,
				BEEB673B17EC9A1A00F394E9 /* VeespoTests */,
				BEEB671517EC9A1A00F394E9 /* Frameworks */,
				BEEB671417EC9A1A00F394E9 /* Products */,
			);
			sourceTree = "<group>";
		};
		BEEB671417EC9A1A00F394E9 /* Products */ = {
			isa = PBXGroup;
			children = (
				BEEB671317EC9A1A00F394E9 /* Veespo.app */,
				BEEB673417EC9A1A00F394E9 /* VeespoTests.xctest */,
			);
			name = Products;
			sourceTree = "<group>";
		};
		BEEB671517EC9A1A00F394E9 /* Frameworks */ = {
			isa = PBXGroup;
			children = (
				BE1ECC5F17F22DF8006CCD56 /* MobileCoreServices.framework */,
				BE1ECC5D17F22DE9006CCD56 /* SystemConfiguration.framework */,
				BE1ECBBA17F19632006CCD56 /* MapKit.framework */,
				BE1ECBB817F1962C006CCD56 /* CoreLocation.framework */,
				BEEB671617EC9A1A00F394E9 /* Foundation.framework */,
				BEEB671817EC9A1A00F394E9 /* CoreGraphics.framework */,
				BEEB671A17EC9A1A00F394E9 /* UIKit.framework */,
				BEEB673517EC9A1A00F394E9 /* XCTest.framework */,
			);
			name = Frameworks;
			sourceTree = "<group>";
		};
		BEEB671C17EC9A1A00F394E9 /* Veespo */ = {
			isa = PBXGroup;
			children = (
				BEA0DFFE17EF311C00102645 /* user.png */,
				BEEB674E17ECAA7F00F394E9 /* Classes */,
				BEEB672517EC9A1A00F394E9 /* VEAppDelegate.h */,
				BEEB672617EC9A1A00F394E9 /* VEAppDelegate.m */,
				BEEB672817EC9A1A00F394E9 /* Main.storyboard */,
				BEEB672B17EC9A1A00F394E9 /* VEViewController.h */,
				BEEB672C17EC9A1A00F394E9 /* VEViewController.m */,
				BEEB672E17EC9A1A00F394E9 /* Images.xcassets */,
				BEEB671D17EC9A1A00F394E9 /* Supporting Files */,
			);
			path = Veespo;
			sourceTree = "<group>";
		};
		BEEB671D17EC9A1A00F394E9 /* Supporting Files */ = {
			isa = PBXGroup;
			children = (
				BEEB671E17EC9A1A00F394E9 /* Veespo-Info.plist */,
				BEEB671F17EC9A1A00F394E9 /* InfoPlist.strings */,
				BEEB672217EC9A1A00F394E9 /* main.m */,
				BEEB672417EC9A1A00F394E9 /* Veespo-Prefix.pch */,
			);
			name = "Supporting Files";
			sourceTree = "<group>";
		};
		BEEB673B17EC9A1A00F394E9 /* VeespoTests */ = {
			isa = PBXGroup;
			children = (
				BEEB674117EC9A1A00F394E9 /* VeespoTests.m */,
				BEEB673C17EC9A1A00F394E9 /* Supporting Files */,
			);
			path = VeespoTests;
			sourceTree = "<group>";
		};
		BEEB673C17EC9A1A00F394E9 /* Supporting Files */ = {
			isa = PBXGroup;
			children = (
				BEEB673D17EC9A1A00F394E9 /* VeespoTests-Info.plist */,
				BEEB673E17EC9A1A00F394E9 /* InfoPlist.strings */,
			);
			name = "Supporting Files";
			sourceTree = "<group>";
		};
		BEEB674E17ECAA7F00F394E9 /* Classes */ = {
			isa = PBXGroup;
			children = (
				BE1ECC7C17F31088006CCD56 /* ESPN */,
				BE1ECC6D17F22EFD006CCD56 /* RSS */,
				BE1ECB6C17F194A9006CCD56 /* Foursquare */,
				BEEB674F17ECAA8600F394E9 /* Library */,
				BEA0DFF317EDE6A200102645 /* VERootViewController.h */,
				BEA0DFF417EDE6A300102645 /* VERootViewController.m */,
				BEA0DFF617EDE9AD00102645 /* VEMenuViewController.h */,
				BEA0DFF717EDE9AD00102645 /* VEMenuViewController.m */,
				BEA0DFF917EF1D8F00102645 /* VEMenuCell.h */,
				BEA0DFFA17EF1D8F00102645 /* VEMenuCell.m */,
				BEA0E00017EF694800102645 /* VEVeespoViewController.h */,
				BEA0E00117EF694800102645 /* VEVeespoViewController.m */,
				BEA0E00317EF7FE700102645 /* VEVeespoNib.xib */,
				BE79E55617EF9F41006F60F6 /* VEUser.h */,
				BE79E55717EF9F41006F60F6 /* VEUser.m */,
			);
			name = Classes;
			sourceTree = "<group>";
		};
		BEEB674F17ECAA8600F394E9 /* Library */ = {
			isa = PBXGroup;
			children = (
				BE1ECC4017F1E704006CCD56 /* AFNetworking */,
				BE1ECB6D17F1955F006CCD56 /* Foursquare2 */,
				BEEB675B17ECAB3600F394E9 /* GHSidebarNav */,
				BEEB675317ECAAB800F394E9 /* MBProgressHUD */,
			);
			name = Library;
			sourceTree = "<group>";
		};
		BEEB675317ECAAB800F394E9 /* MBProgressHUD */ = {
			isa = PBXGroup;
			children = (
				BEEB675017ECAAB200F394E9 /* MBProgressHUD.h */,
				BEEB675117ECAAB200F394E9 /* MBProgressHUD.m */,
			);
			name = MBProgressHUD;
			sourceTree = "<group>";
		};
		BEEB675B17ECAB3600F394E9 /* GHSidebarNav */ = {
			isa = PBXGroup;
			children = (
				BEEB675417ECAB3000F394E9 /* GHRevealViewController.h */,
				BEEB675517ECAB3000F394E9 /* GHRevealViewController.m */,
				BEEB675617ECAB3000F394E9 /* GHSidebarSearchViewController.h */,
				BEEB675717ECAB3000F394E9 /* GHSidebarSearchViewController.m */,
				BEEB675817ECAB3000F394E9 /* GHSidebarSearchViewControllerDelegate.h */,
			);
			name = GHSidebarNav;
			sourceTree = "<group>";
		};
/* End PBXGroup section */

/* Begin PBXNativeTarget section */
		BEEB671217EC9A1A00F394E9 /* Veespo */ = {
			isa = PBXNativeTarget;
			buildConfigurationList = BEEB674517EC9A1A00F394E9 /* Build configuration list for PBXNativeTarget "Veespo" */;
			buildPhases = (
				BEEB670F17EC9A1A00F394E9 /* Sources */,
				BEEB671017EC9A1A00F394E9 /* Frameworks */,
				BEEB671117EC9A1A00F394E9 /* Resources */,
			);
			buildRules = (
			);
			dependencies = (
			);
			name = Veespo;
			productName = Veespo;
			productReference = BEEB671317EC9A1A00F394E9 /* Veespo.app */;
			productType = "com.apple.product-type.application";
		};
		BEEB673317EC9A1A00F394E9 /* VeespoTests */ = {
			isa = PBXNativeTarget;
			buildConfigurationList = BEEB674817EC9A1A00F394E9 /* Build configuration list for PBXNativeTarget "VeespoTests" */;
			buildPhases = (
				BEEB673017EC9A1A00F394E9 /* Sources */,
				BEEB673117EC9A1A00F394E9 /* Frameworks */,
				BEEB673217EC9A1A00F394E9 /* Resources */,
			);
			buildRules = (
			);
			dependencies = (
				BEEB673A17EC9A1A00F394E9 /* PBXTargetDependency */,
			);
			name = VeespoTests;
			productName = VeespoTests;
			productReference = BEEB673417EC9A1A00F394E9 /* VeespoTests.xctest */;
			productType = "com.apple.product-type.bundle.unit-test";
		};
/* End PBXNativeTarget section */

/* Begin PBXProject section */
		BEEB670B17EC9A1A00F394E9 /* Project object */ = {
			isa = PBXProject;
			attributes = {
				CLASSPREFIX = VE;
				LastUpgradeCheck = 0500;
				ORGANIZATIONNAME = "Veespo Ltd.";
				TargetAttributes = {
					BEEB673317EC9A1A00F394E9 = {
						TestTargetID = BEEB671217EC9A1A00F394E9;
					};
				};
			};
			buildConfigurationList = BEEB670E17EC9A1A00F394E9 /* Build configuration list for PBXProject "Veespo" */;
			compatibilityVersion = "Xcode 3.2";
			developmentRegion = English;
			hasScannedForEncodings = 0;
			knownRegions = (
				en,
				Base,
				it,
			);
			mainGroup = BEEB670A17EC9A1A00F394E9;
			productRefGroup = BEEB671417EC9A1A00F394E9 /* Products */;
			projectDirPath = "";
			projectRoot = "";
			targets = (
				BEEB671217EC9A1A00F394E9 /* Veespo */,
				BEEB673317EC9A1A00F394E9 /* VeespoTests */,
			);
		};
/* End PBXProject section */

/* Begin PBXResourcesBuildPhase section */
		BEEB671117EC9A1A00F394E9 /* Resources */ = {
			isa = PBXResourcesBuildPhase;
			buildActionMask = 2147483647;
			files = (
				BEEB672F17EC9A1A00F394E9 /* Images.xcassets in Resources */,
				BEA0DFFF17EF311C00102645 /* user.png in Resources */,
				BEEB672117EC9A1A00F394E9 /* InfoPlist.strings in Resources */,
				BE1ECC3517F1CC00006CCD56 /* pin.png in Resources */,
				BE1ECC3817F1CC00006CCD56 /* poweredByFoursquare_gray@2x.png in Resources */,
				BE1ECC2217F1B4BF006CCD56 /* FSWebLogin.xib in Resources */,
				BE1ECC3717F1CC00006CCD56 /* poweredByFoursquare_gray.png in Resources */,
				BEEB672A17EC9A1A00F394E9 /* Main.storyboard in Resources */,
				BE1ECC3617F1CC00006CCD56 /* pin@2x.png in Resources */,
				BE1ECC7B17F23B4F006CCD56 /* WebVC.xib in Resources */,
				BE1ECC3D17F1D51F006CCD56 /* Empty.xib in Resources */,
				BEA0E00417EF7FE700102645 /* VEVeespoNib.xib in Resources */,
			);
			runOnlyForDeploymentPostprocessing = 0;
		};
		BEEB673217EC9A1A00F394E9 /* Resources */ = {
			isa = PBXResourcesBuildPhase;
			buildActionMask = 2147483647;
			files = (
				BEEB674017EC9A1A00F394E9 /* InfoPlist.strings in Resources */,
			);
			runOnlyForDeploymentPostprocessing = 0;
		};
/* End PBXResourcesBuildPhase section */

/* Begin PBXSourcesBuildPhase section */
		BEEB670F17EC9A1A00F394E9 /* Sources */ = {
			isa = PBXSourcesBuildPhase;
			buildActionMask = 2147483647;
			files = (
				BEA0DFF817EDE9AD00102645 /* VEMenuViewController.m in Sources */,
				BEEB675A17ECAB3000F394E9 /* GHSidebarSearchViewController.m in Sources */,
				BE1ECC1F17F1B4BF006CCD56 /* FSRequester.m in Sources */,
				BEA0DFF517EDE6A300102645 /* VERootViewController.m in Sources */,
				BE1ECC5A17F1E724006CCD56 /* AFURLConnectionOperation.m in Sources */,
				BE1ECC1E17F1B4BF006CCD56 /* Foursquare2.m in Sources */,
				BE1ECC5C17F1E724006CCD56 /* UIImageView+AFNetworking.m in Sources */,
				BE1ECC5417F1E724006CCD56 /* AFHTTPClient.m in Sources */,
				BEEB672317EC9A1A00F394E9 /* main.m in Sources */,
				BE1ECC7F17F310D1006CCD56 /* VEEspnViewController.m in Sources */,
				BE1ECC6C17F22E6F006CCD56 /* FSVenue.m in Sources */,
				BE1ECC7017F22FE0006CCD56 /* VERSSViewController.m in Sources */,
				BE1ECC3B17F1D470006CCD56 /* VEVenueCell.m in Sources */,
				BEEB672D17EC9A1A00F394E9 /* VEViewController.m in Sources */,
				BE1ECC5517F1E724006CCD56 /* AFHTTPRequestOperation.m in Sources */,
				BE79E55817EF9F41006F60F6 /* VEUser.m in Sources */,
				BE1ECC5917F1E724006CCD56 /* AFPropertyListRequestOperation.m in Sources */,
				BE1ECC5617F1E724006CCD56 /* AFImageRequestOperation.m in Sources */,
				BE1ECC5717F1E724006CCD56 /* AFJSONRequestOperation.m in Sources */,
				BE1ECC2917F1B4CE006CCD56 /* FSOAuth.m in Sources */,
				BE1ECC2017F1B4BF006CCD56 /* FSTargetCallback.m in Sources */,
				BEA0E00217EF694800102645 /* VEVeespoViewController.m in Sources */,
				BE1ECC5B17F1E724006CCD56 /* AFXMLRequestOperation.m in Sources */,
				BE1ECC2117F1B4BF006CCD56 /* FSWebLogin.m in Sources */,
				BE1ECC6B17F22E6F006CCD56 /* FSConverter.m in Sources */,
				BE1ECC7A17F23B4F006CCD56 /* WebVC.m in Sources */,
				BEA0DFFB17EF1D8F00102645 /* VEMenuCell.m in Sources */,
				BE1ECC2A17F1B50E006CCD56 /* VEFSViewController.m in Sources */,
				BEEB675917ECAB3000F394E9 /* GHRevealViewController.m in Sources */,
				BEEB672717EC9A1A00F394E9 /* VEAppDelegate.m in Sources */,
				BEEB675217ECAAB200F394E9 /* MBProgressHUD.m in Sources */,
				BEE2FBFB17F4322300DD0FBD /* VEFSHeaderView.m in Sources */,
				BE1ECC7617F237D0006CCD56 /* RassegnaCell.m in Sources */,
				BE1ECC5817F1E724006CCD56 /* AFNetworkActivityIndicatorManager.m in Sources */,
				BE1ECC7317F23485006CCD56 /* VERSSParser.m in Sources */,
			);
			runOnlyForDeploymentPostprocessing = 0;
		};
		BEEB673017EC9A1A00F394E9 /* Sources */ = {
			isa = PBXSourcesBuildPhase;
			buildActionMask = 2147483647;
			files = (
				BEEB674217EC9A1A00F394E9 /* VeespoTests.m in Sources */,
			);
			runOnlyForDeploymentPostprocessing = 0;
		};
/* End PBXSourcesBuildPhase section */

/* Begin PBXTargetDependency section */
		BEEB673A17EC9A1A00F394E9 /* PBXTargetDependency */ = {
			isa = PBXTargetDependency;
			target = BEEB671217EC9A1A00F394E9 /* Veespo */;
			targetProxy = BEEB673917EC9A1A00F394E9 /* PBXContainerItemProxy */;
		};
/* End PBXTargetDependency section */

/* Begin PBXVariantGroup section */
		BEEB671F17EC9A1A00F394E9 /* InfoPlist.strings */ = {
			isa = PBXVariantGroup;
			children = (
				BEEB672017EC9A1A00F394E9 /* en */,
				BEEB674C17ECA95E00F394E9 /* it */,
			);
			name = InfoPlist.strings;
			sourceTree = "<group>";
		};
		BEEB672817EC9A1A00F394E9 /* Main.storyboard */ = {
			isa = PBXVariantGroup;
			children = (
				BEEB672917EC9A1A00F394E9 /* Base */,
				BEEB674B17ECA95E00F394E9 /* it */,
			);
			name = Main.storyboard;
			sourceTree = "<group>";
		};
		BEEB673E17EC9A1A00F394E9 /* InfoPlist.strings */ = {
			isa = PBXVariantGroup;
			children = (
				BEEB673F17EC9A1A00F394E9 /* en */,
				BEEB674D17ECA95E00F394E9 /* it */,
			);
			name = InfoPlist.strings;
			sourceTree = "<group>";
		};
/* End PBXVariantGroup section */

/* Begin XCBuildConfiguration section */
		BEEB674317EC9A1A00F394E9 /* Debug */ = {
			isa = XCBuildConfiguration;
			buildSettings = {
				ALWAYS_SEARCH_USER_PATHS = NO;
				ARCHS = "$(ARCHS_STANDARD_INCLUDING_64_BIT)";
				CLANG_CXX_LANGUAGE_STANDARD = "gnu++0x";
				CLANG_CXX_LIBRARY = "libc++";
				CLANG_ENABLE_MODULES = YES;
				CLANG_ENABLE_OBJC_ARC = YES;
				CLANG_WARN_BOOL_CONVERSION = YES;
				CLANG_WARN_CONSTANT_CONVERSION = YES;
				CLANG_WARN_DIRECT_OBJC_ISA_USAGE = YES_ERROR;
				CLANG_WARN_EMPTY_BODY = YES;
				CLANG_WARN_ENUM_CONVERSION = YES;
				CLANG_WARN_INT_CONVERSION = YES;
				CLANG_WARN_OBJC_ROOT_CLASS = YES_ERROR;
				CLANG_WARN__DUPLICATE_METHOD_MATCH = YES;
				"CODE_SIGN_IDENTITY[sdk=iphoneos*]" = "iPhone Developer";
				COPY_PHASE_STRIP = NO;
				GCC_C_LANGUAGE_STANDARD = gnu99;
				GCC_DYNAMIC_NO_PIC = NO;
				GCC_OPTIMIZATION_LEVEL = 0;
				GCC_PREPROCESSOR_DEFINITIONS = (
					"DEBUG=1",
					"$(inherited)",
				);
				GCC_SYMBOLS_PRIVATE_EXTERN = NO;
				GCC_WARN_64_TO_32_BIT_CONVERSION = YES;
				GCC_WARN_ABOUT_RETURN_TYPE = YES_ERROR;
				GCC_WARN_UNDECLARED_SELECTOR = YES;
				GCC_WARN_UNINITIALIZED_AUTOS = YES;
				GCC_WARN_UNUSED_FUNCTION = YES;
				GCC_WARN_UNUSED_VARIABLE = YES;
				IPHONEOS_DEPLOYMENT_TARGET = 6.0;
				ONLY_ACTIVE_ARCH = YES;
				SDKROOT = iphoneos;
			};
			name = Debug;
		};
		BEEB674417EC9A1A00F394E9 /* Release */ = {
			isa = XCBuildConfiguration;
			buildSettings = {
				ALWAYS_SEARCH_USER_PATHS = NO;
				ARCHS = "$(ARCHS_STANDARD_INCLUDING_64_BIT)";
				CLANG_CXX_LANGUAGE_STANDARD = "gnu++0x";
				CLANG_CXX_LIBRARY = "libc++";
				CLANG_ENABLE_MODULES = YES;
				CLANG_ENABLE_OBJC_ARC = YES;
				CLANG_WARN_BOOL_CONVERSION = YES;
				CLANG_WARN_CONSTANT_CONVERSION = YES;
				CLANG_WARN_DIRECT_OBJC_ISA_USAGE = YES_ERROR;
				CLANG_WARN_EMPTY_BODY = YES;
				CLANG_WARN_ENUM_CONVERSION = YES;
				CLANG_WARN_INT_CONVERSION = YES;
				CLANG_WARN_OBJC_ROOT_CLASS = YES_ERROR;
				CLANG_WARN__DUPLICATE_METHOD_MATCH = YES;
				"CODE_SIGN_IDENTITY[sdk=iphoneos*]" = "iPhone Distribution: Alessio Roberto";
				COPY_PHASE_STRIP = YES;
				ENABLE_NS_ASSERTIONS = NO;
				GCC_C_LANGUAGE_STANDARD = gnu99;
				GCC_WARN_64_TO_32_BIT_CONVERSION = YES;
				GCC_WARN_ABOUT_RETURN_TYPE = YES_ERROR;
				GCC_WARN_UNDECLARED_SELECTOR = YES;
				GCC_WARN_UNINITIALIZED_AUTOS = YES;
				GCC_WARN_UNUSED_FUNCTION = YES;
				GCC_WARN_UNUSED_VARIABLE = YES;
				IPHONEOS_DEPLOYMENT_TARGET = 6.0;
				SDKROOT = iphoneos;
				VALIDATE_PRODUCT = YES;
			};
			name = Release;
		};
		BEEB674617EC9A1A00F394E9 /* Debug */ = {
			isa = XCBuildConfiguration;
			buildSettings = {
				ASSETCATALOG_COMPILER_APPICON_NAME = AppIcon;
				ASSETCATALOG_COMPILER_LAUNCHIMAGE_NAME = LaunchImage;
				GCC_PRECOMPILE_PREFIX_HEADER = YES;
				GCC_PREFIX_HEADER = "Veespo/Veespo-Prefix.pch";
				INFOPLIST_FILE = "Veespo/Veespo-Info.plist";
				IPHONEOS_DEPLOYMENT_TARGET = 7.0;
				PRODUCT_NAME = "$(TARGET_NAME)";
				WRAPPER_EXTENSION = app;
			};
			name = Debug;
		};
		BEEB674717EC9A1A00F394E9 /* Release */ = {
			isa = XCBuildConfiguration;
			buildSettings = {
				ASSETCATALOG_COMPILER_APPICON_NAME = AppIcon;
				ASSETCATALOG_COMPILER_LAUNCHIMAGE_NAME = LaunchImage;
				"CODE_SIGN_IDENTITY[sdk=iphoneos*]" = "iPhone Distribution: Alessio Roberto";
				GCC_PRECOMPILE_PREFIX_HEADER = YES;
				GCC_PREFIX_HEADER = "Veespo/Veespo-Prefix.pch";
				INFOPLIST_FILE = "Veespo/Veespo-Info.plist";
				IPHONEOS_DEPLOYMENT_TARGET = 7.0;
				PRODUCT_NAME = "$(TARGET_NAME)";
				WRAPPER_EXTENSION = app;
			};
			name = Release;
		};
		BEEB674917EC9A1A00F394E9 /* Debug */ = {
			isa = XCBuildConfiguration;
			buildSettings = {
				ARCHS = "$(ARCHS_STANDARD_INCLUDING_64_BIT)";
				BUNDLE_LOADER = "$(BUILT_PRODUCTS_DIR)/Veespo.app/Veespo";
				FRAMEWORK_SEARCH_PATHS = (
					"$(SDKROOT)/Developer/Library/Frameworks",
					"$(inherited)",
					"$(DEVELOPER_FRAMEWORKS_DIR)",
				);
				GCC_PRECOMPILE_PREFIX_HEADER = YES;
				GCC_PREFIX_HEADER = "Veespo/Veespo-Prefix.pch";
				GCC_PREPROCESSOR_DEFINITIONS = (
					"DEBUG=1",
					"$(inherited)",
				);
				INFOPLIST_FILE = "VeespoTests/VeespoTests-Info.plist";
				PRODUCT_NAME = "$(TARGET_NAME)";
				TEST_HOST = "$(BUNDLE_LOADER)";
				WRAPPER_EXTENSION = xctest;
			};
			name = Debug;
		};
		BEEB674A17EC9A1A00F394E9 /* Release */ = {
			isa = XCBuildConfiguration;
			buildSettings = {
				ARCHS = "$(ARCHS_STANDARD_INCLUDING_64_BIT)";
				BUNDLE_LOADER = "$(BUILT_PRODUCTS_DIR)/Veespo.app/Veespo";
				FRAMEWORK_SEARCH_PATHS = (
					"$(SDKROOT)/Developer/Library/Frameworks",
					"$(inherited)",
					"$(DEVELOPER_FRAMEWORKS_DIR)",
				);
				GCC_PRECOMPILE_PREFIX_HEADER = YES;
				GCC_PREFIX_HEADER = "Veespo/Veespo-Prefix.pch";
				INFOPLIST_FILE = "VeespoTests/VeespoTests-Info.plist";
				PRODUCT_NAME = "$(TARGET_NAME)";
				TEST_HOST = "$(BUNDLE_LOADER)";
				WRAPPER_EXTENSION = xctest;
			};
			name = Release;
		};
/* End XCBuildConfiguration section */

/* Begin XCConfigurationList section */
		BEEB670E17EC9A1A00F394E9 /* Build configuration list for PBXProject "Veespo" */ = {
			isa = XCConfigurationList;
			buildConfigurations = (
				BEEB674317EC9A1A00F394E9 /* Debug */,
				BEEB674417EC9A1A00F394E9 /* Release */,
			);
			defaultConfigurationIsVisible = 0;
			defaultConfigurationName = Release;
		};
		BEEB674517EC9A1A00F394E9 /* Build configuration list for PBXNativeTarget "Veespo" */ = {
			isa = XCConfigurationList;
			buildConfigurations = (
				BEEB674617EC9A1A00F394E9 /* Debug */,
				BEEB674717EC9A1A00F394E9 /* Release */,
			);
			defaultConfigurationIsVisible = 0;
			defaultConfigurationName = Release;
		};
		BEEB674817EC9A1A00F394E9 /* Build configuration list for PBXNativeTarget "VeespoTests" */ = {
			isa = XCConfigurationList;
			buildConfigurations = (
				BEEB674917EC9A1A00F394E9 /* Debug */,
				BEEB674A17EC9A1A00F394E9 /* Release */,
			);
			defaultConfigurationIsVisible = 0;
			defaultConfigurationName = Release;
		};
/* End XCConfigurationList section */
	};
	rootObject = BEEB670B17EC9A1A00F394E9 /* Project object */;
}
