// !$*UTF8*$!
{
	archiveVersion = 1;
	classes = {
	};
	objectVersion = 46;
	objects = {

/* Begin PBXBuildFile section */
		BE01245118880E7500F015D4 /* NSString+Extra.m in Sources */ = {isa = PBXBuildFile; fileRef = BE01245018880E7500F015D4 /* NSString+Extra.m */; };
		BE1ECBB917F1962C006CCD56 /* CoreLocation.framework in Frameworks */ = {isa = PBXBuildFile; fileRef = BE1ECBB817F1962C006CCD56 /* CoreLocation.framework */; };
		BE1ECBBB17F19632006CCD56 /* MapKit.framework in Frameworks */ = {isa = PBXBuildFile; fileRef = BE1ECBBA17F19632006CCD56 /* MapKit.framework */; };
		BE1ECC5E17F22DE9006CCD56 /* SystemConfiguration.framework in Frameworks */ = {isa = PBXBuildFile; fileRef = BE1ECC5D17F22DE9006CCD56 /* SystemConfiguration.framework */; };
		BE1ECC6017F22DF8006CCD56 /* MobileCoreServices.framework in Frameworks */ = {isa = PBXBuildFile; fileRef = BE1ECC5F17F22DF8006CCD56 /* MobileCoreServices.framework */; };
		BE48371818771A2D008EC351 /* VEChartViewController.m in Sources */ = {isa = PBXBuildFile; fileRef = BE48371718771A2D008EC351 /* VEChartViewController.m */; };
		BE48372018771AEB008EC351 /* JBBarChartView.m in Sources */ = {isa = PBXBuildFile; fileRef = BE48371B18771AEB008EC351 /* JBBarChartView.m */; };
		BE48372118771AEB008EC351 /* JBChartView.m in Sources */ = {isa = PBXBuildFile; fileRef = BE48371D18771AEB008EC351 /* JBChartView.m */; };
		BE48372218771AEB008EC351 /* JBLineChartView.m in Sources */ = {isa = PBXBuildFile; fileRef = BE48371F18771AEB008EC351 /* JBLineChartView.m */; };
		BE644B1B183D5EDA007AEE9F /* PickerView.m in Sources */ = {isa = PBXBuildFile; fileRef = BE644B1A183D5EDA007AEE9F /* PickerView.m */; };
		BE644B1E183D6D7A007AEE9F /* Localizable.strings in Resources */ = {isa = PBXBuildFile; fileRef = BE644B20183D6D7A007AEE9F /* Localizable.strings */; };
		BE644B24183D7C2B007AEE9F /* Veespo-Keys.plist in Resources */ = {isa = PBXBuildFile; fileRef = BE644B23183D7C2B007AEE9F /* Veespo-Keys.plist */; };
		BE6F8B8B188965FA00262AAD /* libFlurry_4.3.1.a in Frameworks */ = {isa = PBXBuildFile; fileRef = BE6F8B8A188965FA00262AAD /* libFlurry_4.3.1.a */; };
		BE6F8B90188991D500262AAD /* Resources.bundle in Resources */ = {isa = PBXBuildFile; fileRef = BE6F8B8E188991D500262AAD /* Resources.bundle */; };
		BE6F8B91188991D500262AAD /* VeespoFramework.framework in Frameworks */ = {isa = PBXBuildFile; fileRef = BE6F8B8F188991D500262AAD /* VeespoFramework.framework */; };
		BE7516EE1818192500C2717B /* AdSupport.framework in Frameworks */ = {isa = PBXBuildFile; fileRef = BE7516ED1818192500C2717B /* AdSupport.framework */; };
		BE9800F4183F814D000900CC /* libz.dylib in Frameworks */ = {isa = PBXBuildFile; fileRef = BE9800F3183F814D000900CC /* libz.dylib */; };
		BE9DE1C0187573940011A443 /* libTestFlight.a in Frameworks */ = {isa = PBXBuildFile; fileRef = BE9DE1BA187573940011A443 /* libTestFlight.a */; };
		BE9DE1C1187573950011A443 /* README.md in Resources */ = {isa = PBXBuildFile; fileRef = BE9DE1BB187573940011A443 /* README.md */; };
		BE9DE1C2187573950011A443 /* release_notes.md in Resources */ = {isa = PBXBuildFile; fileRef = BE9DE1BC187573940011A443 /* release_notes.md */; };
		BEABDE6718805C8300079EC5 /* VEHomeViewController.m in Sources */ = {isa = PBXBuildFile; fileRef = BEABDE6518805C8300079EC5 /* VEHomeViewController.m */; };
		BEABDE6818805C8300079EC5 /* VEHomeViewController.xib in Resources */ = {isa = PBXBuildFile; fileRef = BEABDE6618805C8300079EC5 /* VEHomeViewController.xib */; };
		BEB6A9AF185B13F40029A799 /* VELeftMenuViewController.m in Sources */ = {isa = PBXBuildFile; fileRef = BEB6A9AE185B13F40029A799 /* VELeftMenuViewController.m */; };
		BEC63F52183CC6BD001C82B6 /* VEAppDelegate.m in Sources */ = {isa = PBXBuildFile; fileRef = BEC63F19183CC6BD001C82B6 /* VEAppDelegate.m */; };
		BEC63F53183CC6BD001C82B6 /* RassegnaCell.m in Sources */ = {isa = PBXBuildFile; fileRef = BEC63F1C183CC6BD001C82B6 /* RassegnaCell.m */; };
		BEC63F54183CC6BD001C82B6 /* VEMenuCell.m in Sources */ = {isa = PBXBuildFile; fileRef = BEC63F1E183CC6BD001C82B6 /* VEMenuCell.m */; };
		BEC63F55183CC6BD001C82B6 /* VEFSHeaderView.m in Sources */ = {isa = PBXBuildFile; fileRef = BEC63F21183CC6BD001C82B6 /* VEFSHeaderView.m */; };
		BEC63F56183CC6BD001C82B6 /* VEVenueCell.m in Sources */ = {isa = PBXBuildFile; fileRef = BEC63F23183CC6BD001C82B6 /* VEVenueCell.m */; };
		BEC63F57183CC6BD001C82B6 /* VEDetailVenue.m in Sources */ = {isa = PBXBuildFile; fileRef = BEC63F26183CC6BD001C82B6 /* VEDetailVenue.m */; };
		BEC63F58183CC6BD001C82B6 /* VEDetailVenue.xib in Resources */ = {isa = PBXBuildFile; fileRef = BEC63F27183CC6BD001C82B6 /* VEDetailVenue.xib */; };
		BEC63F59183CC6BD001C82B6 /* VEEspnViewController.m in Sources */ = {isa = PBXBuildFile; fileRef = BEC63F29183CC6BD001C82B6 /* VEEspnViewController.m */; };
		BEC63F5A183CC6BD001C82B6 /* VEFSViewController.m in Sources */ = {isa = PBXBuildFile; fileRef = BEC63F2B183CC6BD001C82B6 /* VEFSViewController.m */; };
		BEC63F5D183CC6BD001C82B6 /* VERSSViewController.m in Sources */ = {isa = PBXBuildFile; fileRef = BEC63F31183CC6BD001C82B6 /* VERSSViewController.m */; };
		BEC63F5E183CC6BD001C82B6 /* VETargetDetailViewController.m in Sources */ = {isa = PBXBuildFile; fileRef = BEC63F33183CC6BD001C82B6 /* VETargetDetailViewController.m */; };
		BEC63F5F183CC6BD001C82B6 /* VETargetViewController.m in Sources */ = {isa = PBXBuildFile; fileRef = BEC63F35183CC6BD001C82B6 /* VETargetViewController.m */; };
		BEC63F61183CC6BD001C82B6 /* VEViewController.m in Sources */ = {isa = PBXBuildFile; fileRef = BEC63F39183CC6BD001C82B6 /* VEViewController.m */; };
		BEC63F62183CC6BD001C82B6 /* WebViewController.m in Sources */ = {isa = PBXBuildFile; fileRef = BEC63F3B183CC6BD001C82B6 /* WebViewController.m */; };
		BEC63F63183CC6BD001C82B6 /* WebViewController.xib in Resources */ = {isa = PBXBuildFile; fileRef = BEC63F3C183CC6BD001C82B6 /* WebViewController.xib */; };
		BEC63F65183CC6BD001C82B6 /* FSConverter.m in Sources */ = {isa = PBXBuildFile; fileRef = BEC63F40183CC6BD001C82B6 /* FSConverter.m */; };
		BEC63F66183CC6BD001C82B6 /* FSVenue.m in Sources */ = {isa = PBXBuildFile; fileRef = BEC63F43183CC6BD001C82B6 /* FSVenue.m */; };
		BEC63F67183CC6BD001C82B6 /* VEUser.m in Sources */ = {isa = PBXBuildFile; fileRef = BEC63F45183CC6BD001C82B6 /* VEUser.m */; };
		BEC63F68183CC6BD001C82B6 /* pin.png in Resources */ = {isa = PBXBuildFile; fileRef = BEC63F47183CC6BD001C82B6 /* pin.png */; };
		BEC63F69183CC6BD001C82B6 /* pin@2x.png in Resources */ = {isa = PBXBuildFile; fileRef = BEC63F48183CC6BD001C82B6 /* pin@2x.png */; };
		BEC63F6A183CC6BD001C82B6 /* poweredByFoursquare_gray.png in Resources */ = {isa = PBXBuildFile; fileRef = BEC63F49183CC6BD001C82B6 /* poweredByFoursquare_gray.png */; };
		BEC63F6B183CC6BD001C82B6 /* poweredByFoursquare_gray@2x.png in Resources */ = {isa = PBXBuildFile; fileRef = BEC63F4A183CC6BD001C82B6 /* poweredByFoursquare_gray@2x.png */; };
		BEC63F6C183CC6BD001C82B6 /* user.png in Resources */ = {isa = PBXBuildFile; fileRef = BEC63F4B183CC6BD001C82B6 /* user.png */; };
		BEC63F6D183CC6BD001C82B6 /* VERSSParser.m in Sources */ = {isa = PBXBuildFile; fileRef = BEC63F4E183CC6BD001C82B6 /* VERSSParser.m */; };
		BEC63F6E183CC6BD001C82B6 /* VEConnection.m in Sources */ = {isa = PBXBuildFile; fileRef = BEC63F51183CC6BD001C82B6 /* VEConnection.m */; };
		BEC63F70183CC790001C82B6 /* Empty.xib in Resources */ = {isa = PBXBuildFile; fileRef = BEC63F6F183CC790001C82B6 /* Empty.xib */; };
		BEC63F77183CC7BC001C82B6 /* UIControl+VEControl.m in Sources */ = {isa = PBXBuildFile; fileRef = BEC63F74183CC7BC001C82B6 /* UIControl+VEControl.m */; };
		BEC63F7C183CD0B3001C82B6 /* main.m in Sources */ = {isa = PBXBuildFile; fileRef = BEC63F7A183CD0B3001C82B6 /* main.m */; };
		BEC63F7D183CD0B3001C82B6 /* Veespo-Info.plist in Resources */ = {isa = PBXBuildFile; fileRef = BEC63F7B183CD0B3001C82B6 /* Veespo-Info.plist */; };
		BEC63F7E183CD27D001C82B6 /* Main.storyboard in Resources */ = {isa = PBXBuildFile; fileRef = BE010A95180AEF0E0012817F /* Main.storyboard */; };
		BEC63F80183CD528001C82B6 /* Supporting Files in Resources */ = {isa = PBXBuildFile; fileRef = BEC63F7F183CD528001C82B6 /* Supporting Files */; };
		BEE64C581859C63000539E8A /* AFHTTPClient.m in Sources */ = {isa = PBXBuildFile; fileRef = BEE64C461859C63000539E8A /* AFHTTPClient.m */; };
		BEE64C591859C63000539E8A /* AFHTTPRequestOperation.m in Sources */ = {isa = PBXBuildFile; fileRef = BEE64C481859C63000539E8A /* AFHTTPRequestOperation.m */; };
		BEE64C5A1859C63000539E8A /* AFImageRequestOperation.m in Sources */ = {isa = PBXBuildFile; fileRef = BEE64C4A1859C63000539E8A /* AFImageRequestOperation.m */; };
		BEE64C5B1859C63000539E8A /* AFJSONRequestOperation.m in Sources */ = {isa = PBXBuildFile; fileRef = BEE64C4C1859C63000539E8A /* AFJSONRequestOperation.m */; };
		BEE64C5C1859C63000539E8A /* AFNetworkActivityIndicatorManager.m in Sources */ = {isa = PBXBuildFile; fileRef = BEE64C4E1859C63000539E8A /* AFNetworkActivityIndicatorManager.m */; };
		BEE64C5D1859C63000539E8A /* AFPropertyListRequestOperation.m in Sources */ = {isa = PBXBuildFile; fileRef = BEE64C511859C63000539E8A /* AFPropertyListRequestOperation.m */; };
		BEE64C5E1859C63000539E8A /* AFURLConnectionOperation.m in Sources */ = {isa = PBXBuildFile; fileRef = BEE64C531859C63000539E8A /* AFURLConnectionOperation.m */; };
		BEE64C5F1859C63000539E8A /* AFXMLRequestOperation.m in Sources */ = {isa = PBXBuildFile; fileRef = BEE64C551859C63000539E8A /* AFXMLRequestOperation.m */; };
		BEE64C601859C63000539E8A /* UIImageView+AFNetworking.m in Sources */ = {isa = PBXBuildFile; fileRef = BEE64C571859C63000539E8A /* UIImageView+AFNetworking.m */; };
		BEE64C6D1859C6D800539E8A /* Foursquare2.m in Sources */ = {isa = PBXBuildFile; fileRef = BEE64C631859C6D800539E8A /* Foursquare2.m */; };
		BEE64C6E1859C6D800539E8A /* FSOAuth.m in Sources */ = {isa = PBXBuildFile; fileRef = BEE64C651859C6D800539E8A /* FSOAuth.m */; };
		BEE64C6F1859C6D800539E8A /* FSRequester.m in Sources */ = {isa = PBXBuildFile; fileRef = BEE64C671859C6D800539E8A /* FSRequester.m */; };
		BEE64C701859C6D800539E8A /* FSTargetCallback.m in Sources */ = {isa = PBXBuildFile; fileRef = BEE64C691859C6D800539E8A /* FSTargetCallback.m */; };
		BEE64C711859C6D800539E8A /* FSWebLogin.m in Sources */ = {isa = PBXBuildFile; fileRef = BEE64C6B1859C6D800539E8A /* FSWebLogin.m */; };
		BEE64C721859C6D800539E8A /* FSWebLogin.xib in Resources */ = {isa = PBXBuildFile; fileRef = BEE64C6C1859C6D800539E8A /* FSWebLogin.xib */; };
		BEE64C791859C77D00539E8A /* GHRevealViewController.m in Sources */ = {isa = PBXBuildFile; fileRef = BEE64C751859C77D00539E8A /* GHRevealViewController.m */; };
		BEE64C7A1859C77D00539E8A /* GHSidebarSearchViewController.m in Sources */ = {isa = PBXBuildFile; fileRef = BEE64C771859C77D00539E8A /* GHSidebarSearchViewController.m */; };
		BEE64C7E1859C7C900539E8A /* MBProgressHUD.m in Sources */ = {isa = PBXBuildFile; fileRef = BEE64C7D1859C7C900539E8A /* MBProgressHUD.m */; };
		BEE64CB0185A2C4800539E8A /* JASidePanelController.m in Sources */ = {isa = PBXBuildFile; fileRef = BEE64CAF185A2C4800539E8A /* JASidePanelController.m */; };
		BEE64CB3185A331A00539E8A /* UIViewController+JASidePanel.m in Sources */ = {isa = PBXBuildFile; fileRef = BEE64CB2185A331A00539E8A /* UIViewController+JASidePanel.m */; };
		BEE7F2B11850BCDA005EE0F6 /* VERatedVenuesViewController.m in Sources */ = {isa = PBXBuildFile; fileRef = BEE7F2B01850BCDA005EE0F6 /* VERatedVenuesViewController.m */; };
		BEE7F2B41850C8F5005EE0F6 /* VERatedTarget.m in Sources */ = {isa = PBXBuildFile; fileRef = BEE7F2B31850C8F5005EE0F6 /* VERatedTarget.m */; };
		BEEB671717EC9A1A00F394E9 /* Foundation.framework in Frameworks */ = {isa = PBXBuildFile; fileRef = BEEB671617EC9A1A00F394E9 /* Foundation.framework */; };
		BEEB671917EC9A1A00F394E9 /* CoreGraphics.framework in Frameworks */ = {isa = PBXBuildFile; fileRef = BEEB671817EC9A1A00F394E9 /* CoreGraphics.framework */; };
		BEEB671B17EC9A1A00F394E9 /* UIKit.framework in Frameworks */ = {isa = PBXBuildFile; fileRef = BEEB671A17EC9A1A00F394E9 /* UIKit.framework */; };
		BEEB672117EC9A1A00F394E9 /* InfoPlist.strings in Resources */ = {isa = PBXBuildFile; fileRef = BEEB671F17EC9A1A00F394E9 /* InfoPlist.strings */; };
		BEEB672F17EC9A1A00F394E9 /* Images.xcassets in Resources */ = {isa = PBXBuildFile; fileRef = BEEB672E17EC9A1A00F394E9 /* Images.xcassets */; };
		BEEB673617EC9A1A00F394E9 /* XCTest.framework in Frameworks */ = {isa = PBXBuildFile; fileRef = BEEB673517EC9A1A00F394E9 /* XCTest.framework */; };
		BEEB673717EC9A1A00F394E9 /* Foundation.framework in Frameworks */ = {isa = PBXBuildFile; fileRef = BEEB671617EC9A1A00F394E9 /* Foundation.framework */; };
		BEEB673817EC9A1A00F394E9 /* UIKit.framework in Frameworks */ = {isa = PBXBuildFile; fileRef = BEEB671A17EC9A1A00F394E9 /* UIKit.framework */; };
		BEEB674017EC9A1A00F394E9 /* InfoPlist.strings in Resources */ = {isa = PBXBuildFile; fileRef = BEEB673E17EC9A1A00F394E9 /* InfoPlist.strings */; };
		BEEB674217EC9A1A00F394E9 /* VeespoTests.m in Sources */ = {isa = PBXBuildFile; fileRef = BEEB674117EC9A1A00F394E9 /* VeespoTests.m */; };
		BEED2ECA187EA853009D8C18 /* VEDataChart.m in Sources */ = {isa = PBXBuildFile; fileRef = BEED2EC9187EA853009D8C18 /* VEDataChart.m */; };
		BEED2ECB187EA869009D8C18 /* VEDataChart.m in Sources */ = {isa = PBXBuildFile; fileRef = BEED2EC9187EA853009D8C18 /* VEDataChart.m */; };
/* End PBXBuildFile section */

/* Begin PBXContainerItemProxy section */
		BEEB673917EC9A1A00F394E9 /* PBXContainerItemProxy */ = {
			isa = PBXContainerItemProxy;
			containerPortal = BEEB670B17EC9A1A00F394E9 /* Project object */;
			proxyType = 1;
			remoteGlobalIDString = BEEB671217EC9A1A00F394E9;
			remoteInfo = Veespo;
		};
/* End PBXContainerItemProxy section */

/* Begin PBXFileReference section */
		BE010A96180AEF0E0012817F /* Base */ = {isa = PBXFileReference; lastKnownFileType = file.storyboard; name = Base; path = Base.lproj/Main.storyboard; sourceTree = "<group>"; };
		BE01244F18880E7500F015D4 /* NSString+Extra.h */ = {isa = PBXFileReference; fileEncoding = 4; lastKnownFileType = sourcecode.c.h; path = "NSString+Extra.h"; sourceTree = "<group>"; };
		BE01245018880E7500F015D4 /* NSString+Extra.m */ = {isa = PBXFileReference; fileEncoding = 4; lastKnownFileType = sourcecode.c.objc; path = "NSString+Extra.m"; sourceTree = "<group>"; };
		BE1ECBB817F1962C006CCD56 /* CoreLocation.framework */ = {isa = PBXFileReference; lastKnownFileType = wrapper.framework; name = CoreLocation.framework; path = System/Library/Frameworks/CoreLocation.framework; sourceTree = SDKROOT; };
		BE1ECBBA17F19632006CCD56 /* MapKit.framework */ = {isa = PBXFileReference; lastKnownFileType = wrapper.framework; name = MapKit.framework; path = System/Library/Frameworks/MapKit.framework; sourceTree = SDKROOT; };
		BE1ECC5D17F22DE9006CCD56 /* SystemConfiguration.framework */ = {isa = PBXFileReference; lastKnownFileType = wrapper.framework; name = SystemConfiguration.framework; path = System/Library/Frameworks/SystemConfiguration.framework; sourceTree = SDKROOT; };
		BE1ECC5F17F22DF8006CCD56 /* MobileCoreServices.framework */ = {isa = PBXFileReference; lastKnownFileType = wrapper.framework; name = MobileCoreServices.framework; path = System/Library/Frameworks/MobileCoreServices.framework; sourceTree = SDKROOT; };
		BE48371618771A2D008EC351 /* VEChartViewController.h */ = {isa = PBXFileReference; fileEncoding = 4; lastKnownFileType = sourcecode.c.h; path = VEChartViewController.h; sourceTree = "<group>"; };
		BE48371718771A2D008EC351 /* VEChartViewController.m */ = {isa = PBXFileReference; fileEncoding = 4; lastKnownFileType = sourcecode.c.objc; path = VEChartViewController.m; sourceTree = "<group>"; };
		BE48371A18771AEB008EC351 /* JBBarChartView.h */ = {isa = PBXFileReference; fileEncoding = 4; lastKnownFileType = sourcecode.c.h; path = JBBarChartView.h; sourceTree = "<group>"; };
		BE48371B18771AEB008EC351 /* JBBarChartView.m */ = {isa = PBXFileReference; fileEncoding = 4; lastKnownFileType = sourcecode.c.objc; path = JBBarChartView.m; sourceTree = "<group>"; };
		BE48371C18771AEB008EC351 /* JBChartView.h */ = {isa = PBXFileReference; fileEncoding = 4; lastKnownFileType = sourcecode.c.h; path = JBChartView.h; sourceTree = "<group>"; };
		BE48371D18771AEB008EC351 /* JBChartView.m */ = {isa = PBXFileReference; fileEncoding = 4; lastKnownFileType = sourcecode.c.objc; path = JBChartView.m; sourceTree = "<group>"; };
		BE48371E18771AEB008EC351 /* JBLineChartView.h */ = {isa = PBXFileReference; fileEncoding = 4; lastKnownFileType = sourcecode.c.h; path = JBLineChartView.h; sourceTree = "<group>"; };
		BE48371F18771AEB008EC351 /* JBLineChartView.m */ = {isa = PBXFileReference; fileEncoding = 4; lastKnownFileType = sourcecode.c.objc; path = JBLineChartView.m; sourceTree = "<group>"; };
		BE644B19183D5EDA007AEE9F /* PickerView.h */ = {isa = PBXFileReference; fileEncoding = 4; lastKnownFileType = sourcecode.c.h; path = PickerView.h; sourceTree = "<group>"; };
		BE644B1A183D5EDA007AEE9F /* PickerView.m */ = {isa = PBXFileReference; fileEncoding = 4; lastKnownFileType = sourcecode.c.objc; path = PickerView.m; sourceTree = "<group>"; };
		BE644B1F183D6D7A007AEE9F /* Base */ = {isa = PBXFileReference; lastKnownFileType = text.plist.strings; name = Base; path = Base.lproj/Localizable.strings; sourceTree = "<group>"; };
		BE644B21183D6D7F007AEE9F /* it */ = {isa = PBXFileReference; lastKnownFileType = text.plist.strings; name = it; path = it.lproj/Localizable.strings; sourceTree = "<group>"; };
		BE644B22183D6D89007AEE9F /* en */ = {isa = PBXFileReference; lastKnownFileType = text.plist.strings; name = en; path = en.lproj/Localizable.strings; sourceTree = "<group>"; };
		BE644B23183D7C2B007AEE9F /* Veespo-Keys.plist */ = {isa = PBXFileReference; fileEncoding = 4; lastKnownFileType = text.plist.xml; name = "Veespo-Keys.plist"; path = "Supporting Files/Veespo-Keys.plist"; sourceTree = "<group>"; };
		BE6F8B89188965FA00262AAD /* Flurry.h */ = {isa = PBXFileReference; fileEncoding = 4; lastKnownFileType = sourcecode.c.h; path = Flurry.h; sourceTree = "<group>"; };
		BE6F8B8A188965FA00262AAD /* libFlurry_4.3.1.a */ = {isa = PBXFileReference; lastKnownFileType = archive.ar; path = libFlurry_4.3.1.a; sourceTree = "<group>"; };
		BE6F8B8E188991D500262AAD /* Resources.bundle */ = {isa = PBXFileReference; lastKnownFileType = "wrapper.plug-in"; path = Resources.bundle; sourceTree = "<group>"; };
		BE6F8B8F188991D500262AAD /* VeespoFramework.framework */ = {isa = PBXFileReference; lastKnownFileType = wrapper.framework; path = VeespoFramework.framework; sourceTree = "<group>"; };
		BE7516ED1818192500C2717B /* AdSupport.framework */ = {isa = PBXFileReference; lastKnownFileType = wrapper.framework; name = AdSupport.framework; path = System/Library/Frameworks/AdSupport.framework; sourceTree = SDKROOT; };
		BE9800F3183F814D000900CC /* libz.dylib */ = {isa = PBXFileReference; lastKnownFileType = "compiled.mach-o.dylib"; name = libz.dylib; path = usr/lib/libz.dylib; sourceTree = SDKROOT; };
		BE9DE1BA187573940011A443 /* libTestFlight.a */ = {isa = PBXFileReference; lastKnownFileType = archive.ar; path = libTestFlight.a; sourceTree = "<group>"; };
		BE9DE1BB187573940011A443 /* README.md */ = {isa = PBXFileReference; fileEncoding = 4; lastKnownFileType = text; path = README.md; sourceTree = "<group>"; };
		BE9DE1BC187573940011A443 /* release_notes.md */ = {isa = PBXFileReference; fileEncoding = 4; lastKnownFileType = text; path = release_notes.md; sourceTree = "<group>"; };
		BE9DE1BD187573940011A443 /* TestFlight+AsyncLogging.h */ = {isa = PBXFileReference; fileEncoding = 4; lastKnownFileType = sourcecode.c.h; path = "TestFlight+AsyncLogging.h"; sourceTree = "<group>"; };
		BE9DE1BE187573940011A443 /* TestFlight+ManualSessions.h */ = {isa = PBXFileReference; fileEncoding = 4; lastKnownFileType = sourcecode.c.h; path = "TestFlight+ManualSessions.h"; sourceTree = "<group>"; };
		BE9DE1BF187573940011A443 /* TestFlight.h */ = {isa = PBXFileReference; fileEncoding = 4; lastKnownFileType = sourcecode.c.h; path = TestFlight.h; sourceTree = "<group>"; };
		BEABDE6418805C8300079EC5 /* VEHomeViewController.h */ = {isa = PBXFileReference; fileEncoding = 4; lastKnownFileType = sourcecode.c.h; path = VEHomeViewController.h; sourceTree = "<group>"; };
		BEABDE6518805C8300079EC5 /* VEHomeViewController.m */ = {isa = PBXFileReference; fileEncoding = 4; lastKnownFileType = sourcecode.c.objc; path = VEHomeViewController.m; sourceTree = "<group>"; };
		BEABDE6618805C8300079EC5 /* VEHomeViewController.xib */ = {isa = PBXFileReference; fileEncoding = 4; lastKnownFileType = file.xib; path = VEHomeViewController.xib; sourceTree = "<group>"; };
		BEB6A9AD185B13F40029A799 /* VELeftMenuViewController.h */ = {isa = PBXFileReference; fileEncoding = 4; lastKnownFileType = sourcecode.c.h; path = VELeftMenuViewController.h; sourceTree = "<group>"; };
		BEB6A9AE185B13F40029A799 /* VELeftMenuViewController.m */ = {isa = PBXFileReference; fileEncoding = 4; lastKnownFileType = sourcecode.c.objc; path = VELeftMenuViewController.m; sourceTree = "<group>"; };
		BEC63F18183CC6BD001C82B6 /* VEAppDelegate.h */ = {isa = PBXFileReference; fileEncoding = 4; lastKnownFileType = sourcecode.c.h; path = VEAppDelegate.h; sourceTree = "<group>"; };
		BEC63F19183CC6BD001C82B6 /* VEAppDelegate.m */ = {isa = PBXFileReference; fileEncoding = 4; lastKnownFileType = sourcecode.c.objc; path = VEAppDelegate.m; sourceTree = "<group>"; };
		BEC63F1B183CC6BD001C82B6 /* RassegnaCell.h */ = {isa = PBXFileReference; fileEncoding = 4; lastKnownFileType = sourcecode.c.h; path = RassegnaCell.h; sourceTree = "<group>"; };
		BEC63F1C183CC6BD001C82B6 /* RassegnaCell.m */ = {isa = PBXFileReference; fileEncoding = 4; lastKnownFileType = sourcecode.c.objc; path = RassegnaCell.m; sourceTree = "<group>"; };
		BEC63F1D183CC6BD001C82B6 /* VEMenuCell.h */ = {isa = PBXFileReference; fileEncoding = 4; lastKnownFileType = sourcecode.c.h; path = VEMenuCell.h; sourceTree = "<group>"; };
		BEC63F1E183CC6BD001C82B6 /* VEMenuCell.m */ = {isa = PBXFileReference; fileEncoding = 4; lastKnownFileType = sourcecode.c.objc; path = VEMenuCell.m; sourceTree = "<group>"; };
		BEC63F20183CC6BD001C82B6 /* VEFSHeaderView.h */ = {isa = PBXFileReference; fileEncoding = 4; lastKnownFileType = sourcecode.c.h; path = VEFSHeaderView.h; sourceTree = "<group>"; };
		BEC63F21183CC6BD001C82B6 /* VEFSHeaderView.m */ = {isa = PBXFileReference; fileEncoding = 4; lastKnownFileType = sourcecode.c.objc; path = VEFSHeaderView.m; sourceTree = "<group>"; };
		BEC63F22183CC6BD001C82B6 /* VEVenueCell.h */ = {isa = PBXFileReference; fileEncoding = 4; lastKnownFileType = sourcecode.c.h; path = VEVenueCell.h; sourceTree = "<group>"; };
		BEC63F23183CC6BD001C82B6 /* VEVenueCell.m */ = {isa = PBXFileReference; fileEncoding = 4; lastKnownFileType = sourcecode.c.objc; path = VEVenueCell.m; sourceTree = "<group>"; };
		BEC63F25183CC6BD001C82B6 /* VEDetailVenue.h */ = {isa = PBXFileReference; fileEncoding = 4; lastKnownFileType = sourcecode.c.h; path = VEDetailVenue.h; sourceTree = "<group>"; };
		BEC63F26183CC6BD001C82B6 /* VEDetailVenue.m */ = {isa = PBXFileReference; fileEncoding = 4; lastKnownFileType = sourcecode.c.objc; path = VEDetailVenue.m; sourceTree = "<group>"; };
		BEC63F27183CC6BD001C82B6 /* VEDetailVenue.xib */ = {isa = PBXFileReference; fileEncoding = 4; lastKnownFileType = file.xib; path = VEDetailVenue.xib; sourceTree = "<group>"; };
		BEC63F28183CC6BD001C82B6 /* VEEspnViewController.h */ = {isa = PBXFileReference; fileEncoding = 4; lastKnownFileType = sourcecode.c.h; path = VEEspnViewController.h; sourceTree = "<group>"; };
		BEC63F29183CC6BD001C82B6 /* VEEspnViewController.m */ = {isa = PBXFileReference; fileEncoding = 4; lastKnownFileType = sourcecode.c.objc; path = VEEspnViewController.m; sourceTree = "<group>"; };
		BEC63F2A183CC6BD001C82B6 /* VEFSViewController.h */ = {isa = PBXFileReference; fileEncoding = 4; lastKnownFileType = sourcecode.c.h; path = VEFSViewController.h; sourceTree = "<group>"; };
		BEC63F2B183CC6BD001C82B6 /* VEFSViewController.m */ = {isa = PBXFileReference; fileEncoding = 4; lastKnownFileType = sourcecode.c.objc; path = VEFSViewController.m; sourceTree = "<group>"; };
		BEC63F30183CC6BD001C82B6 /* VERSSViewController.h */ = {isa = PBXFileReference; fileEncoding = 4; lastKnownFileType = sourcecode.c.h; path = VERSSViewController.h; sourceTree = "<group>"; };
		BEC63F31183CC6BD001C82B6 /* VERSSViewController.m */ = {isa = PBXFileReference; fileEncoding = 4; lastKnownFileType = sourcecode.c.objc; path = VERSSViewController.m; sourceTree = "<group>"; };
		BEC63F32183CC6BD001C82B6 /* VETargetDetailViewController.h */ = {isa = PBXFileReference; fileEncoding = 4; lastKnownFileType = sourcecode.c.h; path = VETargetDetailViewController.h; sourceTree = "<group>"; };
		BEC63F33183CC6BD001C82B6 /* VETargetDetailViewController.m */ = {isa = PBXFileReference; fileEncoding = 4; lastKnownFileType = sourcecode.c.objc; path = VETargetDetailViewController.m; sourceTree = "<group>"; };
		BEC63F34183CC6BD001C82B6 /* VETargetViewController.h */ = {isa = PBXFileReference; fileEncoding = 4; lastKnownFileType = sourcecode.c.h; path = VETargetViewController.h; sourceTree = "<group>"; };
		BEC63F35183CC6BD001C82B6 /* VETargetViewController.m */ = {isa = PBXFileReference; fileEncoding = 4; lastKnownFileType = sourcecode.c.objc; path = VETargetViewController.m; sourceTree = "<group>"; };
		BEC63F38183CC6BD001C82B6 /* VEViewController.h */ = {isa = PBXFileReference; fileEncoding = 4; lastKnownFileType = sourcecode.c.h; path = VEViewController.h; sourceTree = "<group>"; };
		BEC63F39183CC6BD001C82B6 /* VEViewController.m */ = {isa = PBXFileReference; fileEncoding = 4; lastKnownFileType = sourcecode.c.objc; path = VEViewController.m; sourceTree = "<group>"; };
		BEC63F3A183CC6BD001C82B6 /* WebViewController.h */ = {isa = PBXFileReference; fileEncoding = 4; lastKnownFileType = sourcecode.c.h; path = WebViewController.h; sourceTree = "<group>"; };
		BEC63F3B183CC6BD001C82B6 /* WebViewController.m */ = {isa = PBXFileReference; fileEncoding = 4; lastKnownFileType = sourcecode.c.objc; path = WebViewController.m; sourceTree = "<group>"; };
		BEC63F3C183CC6BD001C82B6 /* WebViewController.xib */ = {isa = PBXFileReference; fileEncoding = 4; lastKnownFileType = file.xib; path = WebViewController.xib; sourceTree = "<group>"; };
		BEC63F3F183CC6BD001C82B6 /* FSConverter.h */ = {isa = PBXFileReference; fileEncoding = 4; lastKnownFileType = sourcecode.c.h; path = FSConverter.h; sourceTree = "<group>"; };
		BEC63F40183CC6BD001C82B6 /* FSConverter.m */ = {isa = PBXFileReference; fileEncoding = 4; lastKnownFileType = sourcecode.c.objc; path = FSConverter.m; sourceTree = "<group>"; };
		BEC63F42183CC6BD001C82B6 /* FSVenue.h */ = {isa = PBXFileReference; fileEncoding = 4; lastKnownFileType = sourcecode.c.h; path = FSVenue.h; sourceTree = "<group>"; };
		BEC63F43183CC6BD001C82B6 /* FSVenue.m */ = {isa = PBXFileReference; fileEncoding = 4; lastKnownFileType = sourcecode.c.objc; path = FSVenue.m; sourceTree = "<group>"; };
		BEC63F44183CC6BD001C82B6 /* VEUser.h */ = {isa = PBXFileReference; fileEncoding = 4; lastKnownFileType = sourcecode.c.h; path = VEUser.h; sourceTree = "<group>"; };
		BEC63F45183CC6BD001C82B6 /* VEUser.m */ = {isa = PBXFileReference; fileEncoding = 4; lastKnownFileType = sourcecode.c.objc; path = VEUser.m; sourceTree = "<group>"; };
		BEC63F47183CC6BD001C82B6 /* pin.png */ = {isa = PBXFileReference; lastKnownFileType = image.png; path = pin.png; sourceTree = "<group>"; };
		BEC63F48183CC6BD001C82B6 /* pin@2x.png */ = {isa = PBXFileReference; lastKnownFileType = image.png; path = "pin@2x.png"; sourceTree = "<group>"; };
		BEC63F49183CC6BD001C82B6 /* poweredByFoursquare_gray.png */ = {isa = PBXFileReference; lastKnownFileType = image.png; path = poweredByFoursquare_gray.png; sourceTree = "<group>"; };
		BEC63F4A183CC6BD001C82B6 /* poweredByFoursquare_gray@2x.png */ = {isa = PBXFileReference; lastKnownFileType = image.png; path = "poweredByFoursquare_gray@2x.png"; sourceTree = "<group>"; };
		BEC63F4B183CC6BD001C82B6 /* user.png */ = {isa = PBXFileReference; lastKnownFileType = image.png; path = user.png; sourceTree = "<group>"; };
		BEC63F4D183CC6BD001C82B6 /* VERSSParser.h */ = {isa = PBXFileReference; fileEncoding = 4; lastKnownFileType = sourcecode.c.h; path = VERSSParser.h; sourceTree = "<group>"; };
		BEC63F4E183CC6BD001C82B6 /* VERSSParser.m */ = {isa = PBXFileReference; fileEncoding = 4; lastKnownFileType = sourcecode.c.objc; path = VERSSParser.m; sourceTree = "<group>"; };
		BEC63F50183CC6BD001C82B6 /* VEConnection.h */ = {isa = PBXFileReference; fileEncoding = 4; lastKnownFileType = sourcecode.c.h; path = VEConnection.h; sourceTree = "<group>"; };
		BEC63F51183CC6BD001C82B6 /* VEConnection.m */ = {isa = PBXFileReference; fileEncoding = 4; lastKnownFileType = sourcecode.c.objc; path = VEConnection.m; sourceTree = "<group>"; };
		BEC63F6F183CC790001C82B6 /* Empty.xib */ = {isa = PBXFileReference; fileEncoding = 4; lastKnownFileType = file.xib; path = Empty.xib; sourceTree = "<group>"; };
		BEC63F73183CC7BC001C82B6 /* UIControl+VEControl.h */ = {isa = PBXFileReference; fileEncoding = 4; lastKnownFileType = sourcecode.c.h; path = "UIControl+VEControl.h"; sourceTree = "<group>"; };
		BEC63F74183CC7BC001C82B6 /* UIControl+VEControl.m */ = {isa = PBXFileReference; fileEncoding = 4; lastKnownFileType = sourcecode.c.objc; path = "UIControl+VEControl.m"; sourceTree = "<group>"; };
		BEC63F79183CD00D001C82B6 /* Veespo-Prefix.pch */ = {isa = PBXFileReference; fileEncoding = 4; lastKnownFileType = sourcecode.c.h; path = "Veespo-Prefix.pch"; sourceTree = "<group>"; };
		BEC63F7A183CD0B3001C82B6 /* main.m */ = {isa = PBXFileReference; fileEncoding = 4; lastKnownFileType = sourcecode.c.objc; path = main.m; sourceTree = "<group>"; };
		BEC63F7B183CD0B3001C82B6 /* Veespo-Info.plist */ = {isa = PBXFileReference; fileEncoding = 4; lastKnownFileType = text.plist.xml; path = "Veespo-Info.plist"; sourceTree = "<group>"; };
		BEC63F7F183CD528001C82B6 /* Supporting Files */ = {isa = PBXFileReference; lastKnownFileType = folder; path = "Supporting Files"; sourceTree = "<group>"; };
		BEE64C451859C63000539E8A /* AFHTTPClient.h */ = {isa = PBXFileReference; fileEncoding = 4; lastKnownFileType = sourcecode.c.h; path = AFHTTPClient.h; sourceTree = "<group>"; };
		BEE64C461859C63000539E8A /* AFHTTPClient.m */ = {isa = PBXFileReference; fileEncoding = 4; lastKnownFileType = sourcecode.c.objc; path = AFHTTPClient.m; sourceTree = "<group>"; };
		BEE64C471859C63000539E8A /* AFHTTPRequestOperation.h */ = {isa = PBXFileReference; fileEncoding = 4; lastKnownFileType = sourcecode.c.h; path = AFHTTPRequestOperation.h; sourceTree = "<group>"; };
		BEE64C481859C63000539E8A /* AFHTTPRequestOperation.m */ = {isa = PBXFileReference; fileEncoding = 4; lastKnownFileType = sourcecode.c.objc; path = AFHTTPRequestOperation.m; sourceTree = "<group>"; };
		BEE64C491859C63000539E8A /* AFImageRequestOperation.h */ = {isa = PBXFileReference; fileEncoding = 4; lastKnownFileType = sourcecode.c.h; path = AFImageRequestOperation.h; sourceTree = "<group>"; };
		BEE64C4A1859C63000539E8A /* AFImageRequestOperation.m */ = {isa = PBXFileReference; fileEncoding = 4; lastKnownFileType = sourcecode.c.objc; path = AFImageRequestOperation.m; sourceTree = "<group>"; };
		BEE64C4B1859C63000539E8A /* AFJSONRequestOperation.h */ = {isa = PBXFileReference; fileEncoding = 4; lastKnownFileType = sourcecode.c.h; path = AFJSONRequestOperation.h; sourceTree = "<group>"; };
		BEE64C4C1859C63000539E8A /* AFJSONRequestOperation.m */ = {isa = PBXFileReference; fileEncoding = 4; lastKnownFileType = sourcecode.c.objc; path = AFJSONRequestOperation.m; sourceTree = "<group>"; };
		BEE64C4D1859C63000539E8A /* AFNetworkActivityIndicatorManager.h */ = {isa = PBXFileReference; fileEncoding = 4; lastKnownFileType = sourcecode.c.h; path = AFNetworkActivityIndicatorManager.h; sourceTree = "<group>"; };
		BEE64C4E1859C63000539E8A /* AFNetworkActivityIndicatorManager.m */ = {isa = PBXFileReference; fileEncoding = 4; lastKnownFileType = sourcecode.c.objc; path = AFNetworkActivityIndicatorManager.m; sourceTree = "<group>"; };
		BEE64C4F1859C63000539E8A /* AFNetworking.h */ = {isa = PBXFileReference; fileEncoding = 4; lastKnownFileType = sourcecode.c.h; path = AFNetworking.h; sourceTree = "<group>"; };
		BEE64C501859C63000539E8A /* AFPropertyListRequestOperation.h */ = {isa = PBXFileReference; fileEncoding = 4; lastKnownFileType = sourcecode.c.h; path = AFPropertyListRequestOperation.h; sourceTree = "<group>"; };
		BEE64C511859C63000539E8A /* AFPropertyListRequestOperation.m */ = {isa = PBXFileReference; fileEncoding = 4; lastKnownFileType = sourcecode.c.objc; path = AFPropertyListRequestOperation.m; sourceTree = "<group>"; };
		BEE64C521859C63000539E8A /* AFURLConnectionOperation.h */ = {isa = PBXFileReference; fileEncoding = 4; lastKnownFileType = sourcecode.c.h; path = AFURLConnectionOperation.h; sourceTree = "<group>"; };
		BEE64C531859C63000539E8A /* AFURLConnectionOperation.m */ = {isa = PBXFileReference; fileEncoding = 4; lastKnownFileType = sourcecode.c.objc; path = AFURLConnectionOperation.m; sourceTree = "<group>"; };
		BEE64C541859C63000539E8A /* AFXMLRequestOperation.h */ = {isa = PBXFileReference; fileEncoding = 4; lastKnownFileType = sourcecode.c.h; path = AFXMLRequestOperation.h; sourceTree = "<group>"; };
		BEE64C551859C63000539E8A /* AFXMLRequestOperation.m */ = {isa = PBXFileReference; fileEncoding = 4; lastKnownFileType = sourcecode.c.objc; path = AFXMLRequestOperation.m; sourceTree = "<group>"; };
		BEE64C561859C63000539E8A /* UIImageView+AFNetworking.h */ = {isa = PBXFileReference; fileEncoding = 4; lastKnownFileType = sourcecode.c.h; path = "UIImageView+AFNetworking.h"; sourceTree = "<group>"; };
		BEE64C571859C63000539E8A /* UIImageView+AFNetworking.m */ = {isa = PBXFileReference; fileEncoding = 4; lastKnownFileType = sourcecode.c.objc; path = "UIImageView+AFNetworking.m"; sourceTree = "<group>"; };
		BEE64C621859C6D800539E8A /* Foursquare2.h */ = {isa = PBXFileReference; fileEncoding = 4; lastKnownFileType = sourcecode.c.h; path = Foursquare2.h; sourceTree = "<group>"; };
		BEE64C631859C6D800539E8A /* Foursquare2.m */ = {isa = PBXFileReference; fileEncoding = 4; lastKnownFileType = sourcecode.c.objc; path = Foursquare2.m; sourceTree = "<group>"; };
		BEE64C641859C6D800539E8A /* FSOAuth.h */ = {isa = PBXFileReference; fileEncoding = 4; lastKnownFileType = sourcecode.c.h; path = FSOAuth.h; sourceTree = "<group>"; };
		BEE64C651859C6D800539E8A /* FSOAuth.m */ = {isa = PBXFileReference; fileEncoding = 4; lastKnownFileType = sourcecode.c.objc; path = FSOAuth.m; sourceTree = "<group>"; };
		BEE64C661859C6D800539E8A /* FSRequester.h */ = {isa = PBXFileReference; fileEncoding = 4; lastKnownFileType = sourcecode.c.h; path = FSRequester.h; sourceTree = "<group>"; };
		BEE64C671859C6D800539E8A /* FSRequester.m */ = {isa = PBXFileReference; fileEncoding = 4; lastKnownFileType = sourcecode.c.objc; path = FSRequester.m; sourceTree = "<group>"; };
		BEE64C681859C6D800539E8A /* FSTargetCallback.h */ = {isa = PBXFileReference; fileEncoding = 4; lastKnownFileType = sourcecode.c.h; path = FSTargetCallback.h; sourceTree = "<group>"; };
		BEE64C691859C6D800539E8A /* FSTargetCallback.m */ = {isa = PBXFileReference; fileEncoding = 4; lastKnownFileType = sourcecode.c.objc; path = FSTargetCallback.m; sourceTree = "<group>"; };
		BEE64C6A1859C6D800539E8A /* FSWebLogin.h */ = {isa = PBXFileReference; fileEncoding = 4; lastKnownFileType = sourcecode.c.h; path = FSWebLogin.h; sourceTree = "<group>"; };
		BEE64C6B1859C6D800539E8A /* FSWebLogin.m */ = {isa = PBXFileReference; fileEncoding = 4; lastKnownFileType = sourcecode.c.objc; path = FSWebLogin.m; sourceTree = "<group>"; };
		BEE64C6C1859C6D800539E8A /* FSWebLogin.xib */ = {isa = PBXFileReference; fileEncoding = 4; lastKnownFileType = file.xib; path = FSWebLogin.xib; sourceTree = "<group>"; };
		BEE64C741859C77D00539E8A /* GHRevealViewController.h */ = {isa = PBXFileReference; fileEncoding = 4; lastKnownFileType = sourcecode.c.h; path = GHRevealViewController.h; sourceTree = "<group>"; };
		BEE64C751859C77D00539E8A /* GHRevealViewController.m */ = {isa = PBXFileReference; fileEncoding = 4; lastKnownFileType = sourcecode.c.objc; path = GHRevealViewController.m; sourceTree = "<group>"; };
		BEE64C761859C77D00539E8A /* GHSidebarSearchViewController.h */ = {isa = PBXFileReference; fileEncoding = 4; lastKnownFileType = sourcecode.c.h; path = GHSidebarSearchViewController.h; sourceTree = "<group>"; };
		BEE64C771859C77D00539E8A /* GHSidebarSearchViewController.m */ = {isa = PBXFileReference; fileEncoding = 4; lastKnownFileType = sourcecode.c.objc; path = GHSidebarSearchViewController.m; sourceTree = "<group>"; };
		BEE64C781859C77D00539E8A /* GHSidebarSearchViewControllerDelegate.h */ = {isa = PBXFileReference; fileEncoding = 4; lastKnownFileType = sourcecode.c.h; path = GHSidebarSearchViewControllerDelegate.h; sourceTree = "<group>"; };
		BEE64C7C1859C7C900539E8A /* MBProgressHUD.h */ = {isa = PBXFileReference; fileEncoding = 4; lastKnownFileType = sourcecode.c.h; path = MBProgressHUD.h; sourceTree = "<group>"; };
		BEE64C7D1859C7C900539E8A /* MBProgressHUD.m */ = {isa = PBXFileReference; fileEncoding = 4; lastKnownFileType = sourcecode.c.objc; path = MBProgressHUD.m; sourceTree = "<group>"; };
		BEE64CAE185A2C4800539E8A /* JASidePanelController.h */ = {isa = PBXFileReference; fileEncoding = 4; lastKnownFileType = sourcecode.c.h; path = JASidePanelController.h; sourceTree = "<group>"; };
		BEE64CAF185A2C4800539E8A /* JASidePanelController.m */ = {isa = PBXFileReference; fileEncoding = 4; lastKnownFileType = sourcecode.c.objc; path = JASidePanelController.m; sourceTree = "<group>"; };
		BEE64CB1185A331A00539E8A /* UIViewController+JASidePanel.h */ = {isa = PBXFileReference; fileEncoding = 4; lastKnownFileType = sourcecode.c.h; path = "UIViewController+JASidePanel.h"; sourceTree = "<group>"; };
		BEE64CB2185A331A00539E8A /* UIViewController+JASidePanel.m */ = {isa = PBXFileReference; fileEncoding = 4; lastKnownFileType = sourcecode.c.objc; path = "UIViewController+JASidePanel.m"; sourceTree = "<group>"; };
		BEE7F2AF1850BCDA005EE0F6 /* VERatedVenuesViewController.h */ = {isa = PBXFileReference; fileEncoding = 4; lastKnownFileType = sourcecode.c.h; path = VERatedVenuesViewController.h; sourceTree = "<group>"; };
		BEE7F2B01850BCDA005EE0F6 /* VERatedVenuesViewController.m */ = {isa = PBXFileReference; fileEncoding = 4; lastKnownFileType = sourcecode.c.objc; path = VERatedVenuesViewController.m; sourceTree = "<group>"; };
		BEE7F2B21850C8F5005EE0F6 /* VERatedTarget.h */ = {isa = PBXFileReference; fileEncoding = 4; lastKnownFileType = sourcecode.c.h; path = VERatedTarget.h; sourceTree = "<group>"; };
		BEE7F2B31850C8F5005EE0F6 /* VERatedTarget.m */ = {isa = PBXFileReference; fileEncoding = 4; lastKnownFileType = sourcecode.c.objc; path = VERatedTarget.m; sourceTree = "<group>"; };
		BEEB671317EC9A1A00F394E9 /* Veespo Lite.app */ = {isa = PBXFileReference; explicitFileType = wrapper.application; includeInIndex = 0; path = "Veespo Lite.app"; sourceTree = BUILT_PRODUCTS_DIR; };
		BEEB671617EC9A1A00F394E9 /* Foundation.framework */ = {isa = PBXFileReference; lastKnownFileType = wrapper.framework; name = Foundation.framework; path = System/Library/Frameworks/Foundation.framework; sourceTree = SDKROOT; };
		BEEB671817EC9A1A00F394E9 /* CoreGraphics.framework */ = {isa = PBXFileReference; lastKnownFileType = wrapper.framework; name = CoreGraphics.framework; path = System/Library/Frameworks/CoreGraphics.framework; sourceTree = SDKROOT; };
		BEEB671A17EC9A1A00F394E9 /* UIKit.framework */ = {isa = PBXFileReference; lastKnownFileType = wrapper.framework; name = UIKit.framework; path = System/Library/Frameworks/UIKit.framework; sourceTree = SDKROOT; };
		BEEB672017EC9A1A00F394E9 /* en */ = {isa = PBXFileReference; lastKnownFileType = text.plist.strings; name = en; path = en.lproj/InfoPlist.strings; sourceTree = "<group>"; };
		BEEB672E17EC9A1A00F394E9 /* Images.xcassets */ = {isa = PBXFileReference; lastKnownFileType = folder.assetcatalog; name = Images.xcassets; path = ../Images.xcassets; sourceTree = "<group>"; };
		BEEB673417EC9A1A00F394E9 /* VeespoTests.xctest */ = {isa = PBXFileReference; explicitFileType = wrapper.cfbundle; includeInIndex = 0; path = VeespoTests.xctest; sourceTree = BUILT_PRODUCTS_DIR; };
		BEEB673517EC9A1A00F394E9 /* XCTest.framework */ = {isa = PBXFileReference; lastKnownFileType = wrapper.framework; name = XCTest.framework; path = Library/Frameworks/XCTest.framework; sourceTree = DEVELOPER_DIR; };
		BEEB673D17EC9A1A00F394E9 /* VeespoTests-Info.plist */ = {isa = PBXFileReference; lastKnownFileType = text.plist.xml; path = "VeespoTests-Info.plist"; sourceTree = "<group>"; };
		BEEB673F17EC9A1A00F394E9 /* en */ = {isa = PBXFileReference; lastKnownFileType = text.plist.strings; name = en; path = en.lproj/InfoPlist.strings; sourceTree = "<group>"; };
		BEEB674117EC9A1A00F394E9 /* VeespoTests.m */ = {isa = PBXFileReference; lastKnownFileType = sourcecode.c.objc; path = VeespoTests.m; sourceTree = "<group>"; };
		BEEB674C17ECA95E00F394E9 /* it */ = {isa = PBXFileReference; lastKnownFileType = text.plist.strings; name = it; path = it.lproj/InfoPlist.strings; sourceTree = "<group>"; };
		BEEB674D17ECA95E00F394E9 /* it */ = {isa = PBXFileReference; lastKnownFileType = text.plist.strings; name = it; path = it.lproj/InfoPlist.strings; sourceTree = "<group>"; };
		BEED2EC8187EA853009D8C18 /* VEDataChart.h */ = {isa = PBXFileReference; fileEncoding = 4; lastKnownFileType = sourcecode.c.h; path = VEDataChart.h; sourceTree = "<group>"; };
		BEED2EC9187EA853009D8C18 /* VEDataChart.m */ = {isa = PBXFileReference; fileEncoding = 4; lastKnownFileType = sourcecode.c.objc; path = VEDataChart.m; sourceTree = "<group>"; };
/* End PBXFileReference section */

/* Begin PBXFrameworksBuildPhase section */
		BEEB671017EC9A1A00F394E9 /* Frameworks */ = {
			isa = PBXFrameworksBuildPhase;
			buildActionMask = 2147483647;
			files = (
				BE9800F4183F814D000900CC /* libz.dylib in Frameworks */,
				BE7516EE1818192500C2717B /* AdSupport.framework in Frameworks */,
				BE6F8B8B188965FA00262AAD /* libFlurry_4.3.1.a in Frameworks */,
				BE9DE1C0187573940011A443 /* libTestFlight.a in Frameworks */,
				BE1ECC6017F22DF8006CCD56 /* MobileCoreServices.framework in Frameworks */,
				BE6F8B91188991D500262AAD /* VeespoFramework.framework in Frameworks */,
				BE1ECC5E17F22DE9006CCD56 /* SystemConfiguration.framework in Frameworks */,
				BE1ECBBB17F19632006CCD56 /* MapKit.framework in Frameworks */,
				BE1ECBB917F1962C006CCD56 /* CoreLocation.framework in Frameworks */,
				BEEB671917EC9A1A00F394E9 /* CoreGraphics.framework in Frameworks */,
				BEEB671B17EC9A1A00F394E9 /* UIKit.framework in Frameworks */,
				BEEB671717EC9A1A00F394E9 /* Foundation.framework in Frameworks */,
			);
			runOnlyForDeploymentPostprocessing = 0;
		};
		BEEB673117EC9A1A00F394E9 /* Frameworks */ = {
			isa = PBXFrameworksBuildPhase;
			buildActionMask = 2147483647;
			files = (
				BEEB673617EC9A1A00F394E9 /* XCTest.framework in Frameworks */,
				BEEB673817EC9A1A00F394E9 /* UIKit.framework in Frameworks */,
				BEEB673717EC9A1A00F394E9 /* Foundation.framework in Frameworks */,
			);
			runOnlyForDeploymentPostprocessing = 0;
		};
/* End PBXFrameworksBuildPhase section */

/* Begin PBXGroup section */
		BE01244E18880E7500F015D4 /* NSString+Extra */ = {
			isa = PBXGroup;
			children = (
				BE01244F18880E7500F015D4 /* NSString+Extra.h */,
				BE01245018880E7500F015D4 /* NSString+Extra.m */,
			);
			path = "NSString+Extra";
			sourceTree = "<group>";
		};
		BE48371918771AEB008EC351 /* JawboneChartView */ = {
			isa = PBXGroup;
			children = (
				BE48371A18771AEB008EC351 /* JBBarChartView.h */,
				BE48371B18771AEB008EC351 /* JBBarChartView.m */,
				BE48371C18771AEB008EC351 /* JBChartView.h */,
				BE48371D18771AEB008EC351 /* JBChartView.m */,
				BE48371E18771AEB008EC351 /* JBLineChartView.h */,
				BE48371F18771AEB008EC351 /* JBLineChartView.m */,
			);
			name = JawboneChartView;
			path = Library/JawboneChartView;
			sourceTree = "<group>";
		};
		BE644B18183D5EDA007AEE9F /* PickerView */ = {
			isa = PBXGroup;
			children = (
				BE644B19183D5EDA007AEE9F /* PickerView.h */,
				BE644B1A183D5EDA007AEE9F /* PickerView.m */,
			);
			path = PickerView;
			sourceTree = "<group>";
		};
		BE6F8B88188965FA00262AAD /* Flurry */ = {
			isa = PBXGroup;
			children = (
				BE6F8B89188965FA00262AAD /* Flurry.h */,
				BE6F8B8A188965FA00262AAD /* libFlurry_4.3.1.a */,
			);
			path = Flurry;
			sourceTree = "<group>";
		};
		BE6F8B8C188991D500262AAD /* VeespoFramework.embeddedframework */ = {
			isa = PBXGroup;
			children = (
				BE6F8B8D188991D500262AAD /* Resources */,
				BE6F8B8F188991D500262AAD /* VeespoFramework.framework */,
			);
			path = VeespoFramework.embeddedframework;
			sourceTree = "<group>";
		};
		BE6F8B8D188991D500262AAD /* Resources */ = {
			isa = PBXGroup;
			children = (
				BE6F8B8E188991D500262AAD /* Resources.bundle */,
			);
			path = Resources;
			sourceTree = "<group>";
		};
		BE9DE1B9187573940011A443 /* TestFlightSDK2.0.2 */ = {
			isa = PBXGroup;
			children = (
				BE9DE1BA187573940011A443 /* libTestFlight.a */,
				BE9DE1BB187573940011A443 /* README.md */,
				BE9DE1BC187573940011A443 /* release_notes.md */,
				BE9DE1BD187573940011A443 /* TestFlight+AsyncLogging.h */,
				BE9DE1BE187573940011A443 /* TestFlight+ManualSessions.h */,
				BE9DE1BF187573940011A443 /* TestFlight.h */,
			);
			path = TestFlightSDK2.0.2;
			sourceTree = "<group>";
		};
		BEC63F17183CC6BD001C82B6 /* Application */ = {
			isa = PBXGroup;
			children = (
				BEEB672E17EC9A1A00F394E9 /* Images.xcassets */,
				BE010A95180AEF0E0012817F /* Main.storyboard */,
				BEC63F18183CC6BD001C82B6 /* VEAppDelegate.h */,
				BEC63F19183CC6BD001C82B6 /* VEAppDelegate.m */,
			);
			path = Application;
			sourceTree = "<group>";
		};
		BEC63F1A183CC6BD001C82B6 /* Cells */ = {
			isa = PBXGroup;
			children = (
				BEC63F1B183CC6BD001C82B6 /* RassegnaCell.h */,
				BEC63F1C183CC6BD001C82B6 /* RassegnaCell.m */,
				BEC63F1D183CC6BD001C82B6 /* VEMenuCell.h */,
				BEC63F1E183CC6BD001C82B6 /* VEMenuCell.m */,
			);
			path = Cells;
			sourceTree = "<group>";
		};
		BEC63F1F183CC6BD001C82B6 /* Collections */ = {
			isa = PBXGroup;
			children = (
				BEC63F6F183CC790001C82B6 /* Empty.xib */,
				BEC63F20183CC6BD001C82B6 /* VEFSHeaderView.h */,
				BEC63F21183CC6BD001C82B6 /* VEFSHeaderView.m */,
				BEC63F22183CC6BD001C82B6 /* VEVenueCell.h */,
				BEC63F23183CC6BD001C82B6 /* VEVenueCell.m */,
			);
			path = Collections;
			sourceTree = "<group>";
		};
		BEC63F24183CC6BD001C82B6 /* Controllers */ = {
			isa = PBXGroup;
			children = (
				BEC63F25183CC6BD001C82B6 /* VEDetailVenue.h */,
				BEC63F26183CC6BD001C82B6 /* VEDetailVenue.m */,
				BEC63F27183CC6BD001C82B6 /* VEDetailVenue.xib */,
				BEC63F28183CC6BD001C82B6 /* VEEspnViewController.h */,
				BEC63F29183CC6BD001C82B6 /* VEEspnViewController.m */,
				BEC63F2A183CC6BD001C82B6 /* VEFSViewController.h */,
				BEC63F2B183CC6BD001C82B6 /* VEFSViewController.m */,
				BEE7F2AF1850BCDA005EE0F6 /* VERatedVenuesViewController.h */,
				BEE7F2B01850BCDA005EE0F6 /* VERatedVenuesViewController.m */,
				BEC63F30183CC6BD001C82B6 /* VERSSViewController.h */,
				BEC63F31183CC6BD001C82B6 /* VERSSViewController.m */,
				BEC63F32183CC6BD001C82B6 /* VETargetDetailViewController.h */,
				BEC63F33183CC6BD001C82B6 /* VETargetDetailViewController.m */,
				BEC63F34183CC6BD001C82B6 /* VETargetViewController.h */,
				BEC63F35183CC6BD001C82B6 /* VETargetViewController.m */,
				BEC63F38183CC6BD001C82B6 /* VEViewController.h */,
				BEC63F39183CC6BD001C82B6 /* VEViewController.m */,
				BEC63F3A183CC6BD001C82B6 /* WebViewController.h */,
				BEC63F3B183CC6BD001C82B6 /* WebViewController.m */,
				BEC63F3C183CC6BD001C82B6 /* WebViewController.xib */,
				BEB6A9AD185B13F40029A799 /* VELeftMenuViewController.h */,
				BEB6A9AE185B13F40029A799 /* VELeftMenuViewController.m */,
				BE48371618771A2D008EC351 /* VEChartViewController.h */,
				BE48371718771A2D008EC351 /* VEChartViewController.m */,
				BEABDE6418805C8300079EC5 /* VEHomeViewController.h */,
				BEABDE6518805C8300079EC5 /* VEHomeViewController.m */,
				BEABDE6618805C8300079EC5 /* VEHomeViewController.xib */,
			);
			path = Controllers;
			sourceTree = "<group>";
		};
		BEC63F3D183CC6BD001C82B6 /* Foursquare */ = {
			isa = PBXGroup;
			children = (
				BEC63F3F183CC6BD001C82B6 /* FSConverter.h */,
				BEC63F40183CC6BD001C82B6 /* FSConverter.m */,
			);
			path = Foursquare;
			sourceTree = "<group>";
		};
		BEC63F41183CC6BD001C82B6 /* Models */ = {
			isa = PBXGroup;
			children = (
				BEC63F42183CC6BD001C82B6 /* FSVenue.h */,
				BEC63F43183CC6BD001C82B6 /* FSVenue.m */,
				BEC63F44183CC6BD001C82B6 /* VEUser.h */,
				BEC63F45183CC6BD001C82B6 /* VEUser.m */,
				BEE7F2B21850C8F5005EE0F6 /* VERatedTarget.h */,
				BEE7F2B31850C8F5005EE0F6 /* VERatedTarget.m */,
			);
			path = Models;
			sourceTree = "<group>";
		};
		BEC63F46183CC6BD001C82B6 /* Resources */ = {
			isa = PBXGroup;
			children = (
				BEC63F47183CC6BD001C82B6 /* pin.png */,
				BEC63F48183CC6BD001C82B6 /* pin@2x.png */,
				BEC63F49183CC6BD001C82B6 /* poweredByFoursquare_gray.png */,
				BEC63F4A183CC6BD001C82B6 /* poweredByFoursquare_gray@2x.png */,
				BEC63F4B183CC6BD001C82B6 /* user.png */,
			);
			path = Resources;
			sourceTree = "<group>";
		};
		BEC63F4C183CC6BD001C82B6 /* RSS */ = {
			isa = PBXGroup;
			children = (
				BEC63F4D183CC6BD001C82B6 /* VERSSParser.h */,
				BEC63F4E183CC6BD001C82B6 /* VERSSParser.m */,
			);
			path = RSS;
			sourceTree = "<group>";
		};
		BEC63F4F183CC6BD001C82B6 /* Veespo */ = {
			isa = PBXGroup;
			children = (
				BEC63F50183CC6BD001C82B6 /* VEConnection.h */,
				BEC63F51183CC6BD001C82B6 /* VEConnection.m */,
				BEED2EC8187EA853009D8C18 /* VEDataChart.h */,
				BEED2EC9187EA853009D8C18 /* VEDataChart.m */,
			);
			path = Veespo;
			sourceTree = "<group>";
		};
		BEC63F71183CC7BC001C82B6 /* Tools */ = {
			isa = PBXGroup;
			children = (
				BE01244E18880E7500F015D4 /* NSString+Extra */,
				BE9DE1B9187573940011A443 /* TestFlightSDK2.0.2 */,
				BEC63F72183CC7BC001C82B6 /* UIControl+VEControl */,
			);
			path = Tools;
			sourceTree = "<group>";
		};
		BEC63F72183CC7BC001C82B6 /* UIControl+VEControl */ = {
			isa = PBXGroup;
			children = (
				BEC63F73183CC7BC001C82B6 /* UIControl+VEControl.h */,
				BEC63F74183CC7BC001C82B6 /* UIControl+VEControl.m */,
			);
			path = "UIControl+VEControl";
			sourceTree = "<group>";
		};
		BEE64C431859C62400539E8A /* Library */ = {
			isa = PBXGroup;
			children = (
				BE48371918771AEB008EC351 /* JawboneChartView */,
				BEE64CAD185A2C4800539E8A /* JASidePanels */,
				BEE64C7B1859C7C900539E8A /* MBProgressHUD */,
				BEE64C731859C77D00539E8A /* GHSidebarNav */,
				BEE64C611859C6D800539E8A /* Foursquare2 */,
				BEE64C441859C63000539E8A /* AFNetworking */,
			);
			name = Library;
			sourceTree = "<group>";
		};
		BEE64C441859C63000539E8A /* AFNetworking */ = {
			isa = PBXGroup;
			children = (
				BEE64C451859C63000539E8A /* AFHTTPClient.h */,
				BEE64C461859C63000539E8A /* AFHTTPClient.m */,
				BEE64C471859C63000539E8A /* AFHTTPRequestOperation.h */,
				BEE64C481859C63000539E8A /* AFHTTPRequestOperation.m */,
				BEE64C491859C63000539E8A /* AFImageRequestOperation.h */,
				BEE64C4A1859C63000539E8A /* AFImageRequestOperation.m */,
				BEE64C4B1859C63000539E8A /* AFJSONRequestOperation.h */,
				BEE64C4C1859C63000539E8A /* AFJSONRequestOperation.m */,
				BEE64C4D1859C63000539E8A /* AFNetworkActivityIndicatorManager.h */,
				BEE64C4E1859C63000539E8A /* AFNetworkActivityIndicatorManager.m */,
				BEE64C4F1859C63000539E8A /* AFNetworking.h */,
				BEE64C501859C63000539E8A /* AFPropertyListRequestOperation.h */,
				BEE64C511859C63000539E8A /* AFPropertyListRequestOperation.m */,
				BEE64C521859C63000539E8A /* AFURLConnectionOperation.h */,
				BEE64C531859C63000539E8A /* AFURLConnectionOperation.m */,
				BEE64C541859C63000539E8A /* AFXMLRequestOperation.h */,
				BEE64C551859C63000539E8A /* AFXMLRequestOperation.m */,
				BEE64C561859C63000539E8A /* UIImageView+AFNetworking.h */,
				BEE64C571859C63000539E8A /* UIImageView+AFNetworking.m */,
			);
			name = AFNetworking;
			path = Library/AFNetworking;
			sourceTree = "<group>";
		};
		BEE64C611859C6D800539E8A /* Foursquare2 */ = {
			isa = PBXGroup;
			children = (
				BEE64C621859C6D800539E8A /* Foursquare2.h */,
				BEE64C631859C6D800539E8A /* Foursquare2.m */,
				BEE64C641859C6D800539E8A /* FSOAuth.h */,
				BEE64C651859C6D800539E8A /* FSOAuth.m */,
				BEE64C661859C6D800539E8A /* FSRequester.h */,
				BEE64C671859C6D800539E8A /* FSRequester.m */,
				BEE64C681859C6D800539E8A /* FSTargetCallback.h */,
				BEE64C691859C6D800539E8A /* FSTargetCallback.m */,
				BEE64C6A1859C6D800539E8A /* FSWebLogin.h */,
				BEE64C6B1859C6D800539E8A /* FSWebLogin.m */,
				BEE64C6C1859C6D800539E8A /* FSWebLogin.xib */,
			);
			name = Foursquare2;
			path = Library/Foursquare2;
			sourceTree = "<group>";
		};
		BEE64C731859C77D00539E8A /* GHSidebarNav */ = {
			isa = PBXGroup;
			children = (
				BEE64C741859C77D00539E8A /* GHRevealViewController.h */,
				BEE64C751859C77D00539E8A /* GHRevealViewController.m */,
				BEE64C761859C77D00539E8A /* GHSidebarSearchViewController.h */,
				BEE64C771859C77D00539E8A /* GHSidebarSearchViewController.m */,
				BEE64C781859C77D00539E8A /* GHSidebarSearchViewControllerDelegate.h */,
			);
			name = GHSidebarNav;
			path = Library/GHSidebarNav;
			sourceTree = "<group>";
		};
		BEE64C7B1859C7C900539E8A /* MBProgressHUD */ = {
			isa = PBXGroup;
			children = (
				BEE64C7C1859C7C900539E8A /* MBProgressHUD.h */,
				BEE64C7D1859C7C900539E8A /* MBProgressHUD.m */,
			);
			name = MBProgressHUD;
			path = Library/MBProgressHUD;
			sourceTree = "<group>";
		};
		BEE64CAD185A2C4800539E8A /* JASidePanels */ = {
			isa = PBXGroup;
			children = (
				BEE64CB1185A331A00539E8A /* UIViewController+JASidePanel.h */,
				BEE64CB2185A331A00539E8A /* UIViewController+JASidePanel.m */,
				BEE64CAE185A2C4800539E8A /* JASidePanelController.h */,
				BEE64CAF185A2C4800539E8A /* JASidePanelController.m */,
			);
			name = JASidePanels;
			path = Library/JASidePanels;
			sourceTree = "<group>";
		};
		BEEB670A17EC9A1A00F394E9 = {
			isa = PBXGroup;
			children = (
				BEEB671C17EC9A1A00F394E9 /* Veespo */,
				BEEB673B17EC9A1A00F394E9 /* VeespoTests */,
				BEEB671517EC9A1A00F394E9 /* Frameworks */,
				BEEB671417EC9A1A00F394E9 /* Products */,
			);
			sourceTree = "<group>";
		};
		BEEB671417EC9A1A00F394E9 /* Products */ = {
			isa = PBXGroup;
			children = (
				BEEB671317EC9A1A00F394E9 /* Veespo Lite.app */,
				BEEB673417EC9A1A00F394E9 /* VeespoTests.xctest */,
			);
			name = Products;
			sourceTree = "<group>";
		};
		BEEB671517EC9A1A00F394E9 /* Frameworks */ = {
			isa = PBXGroup;
			children = (
				BE6F8B8C188991D500262AAD /* VeespoFramework.embeddedframework */,
				BE6F8B88188965FA00262AAD /* Flurry */,
				BE9800F3183F814D000900CC /* libz.dylib */,
				BE7516ED1818192500C2717B /* AdSupport.framework */,
				BE1ECC5F17F22DF8006CCD56 /* MobileCoreServices.framework */,
				BE1ECC5D17F22DE9006CCD56 /* SystemConfiguration.framework */,
				BE1ECBBA17F19632006CCD56 /* MapKit.framework */,
				BE1ECBB817F1962C006CCD56 /* CoreLocation.framework */,
				BEEB671617EC9A1A00F394E9 /* Foundation.framework */,
				BEEB671817EC9A1A00F394E9 /* CoreGraphics.framework */,
				BEEB671A17EC9A1A00F394E9 /* UIKit.framework */,
				BEEB673517EC9A1A00F394E9 /* XCTest.framework */,
			);
			name = Frameworks;
			sourceTree = "<group>";
		};
		BEEB671C17EC9A1A00F394E9 /* Veespo */ = {
			isa = PBXGroup;
			children = (
				BEC63F17183CC6BD001C82B6 /* Application */,
				BEC63F1A183CC6BD001C82B6 /* Cells */,
				BEC63F1F183CC6BD001C82B6 /* Collections */,
				BEC63F24183CC6BD001C82B6 /* Controllers */,
				BEC63F3D183CC6BD001C82B6 /* Foursquare */,
				BEE64C431859C62400539E8A /* Library */,
				BEC63F41183CC6BD001C82B6 /* Models */,
				BE644B18183D5EDA007AEE9F /* PickerView */,
				BEC63F46183CC6BD001C82B6 /* Resources */,
				BEC63F4C183CC6BD001C82B6 /* RSS */,
				BEC63F71183CC7BC001C82B6 /* Tools */,
				BEC63F4F183CC6BD001C82B6 /* Veespo */,
				BEEB671D17EC9A1A00F394E9 /* Supporting Files */,
			);
			path = Veespo;
			sourceTree = "<group>";
		};
		BEEB671D17EC9A1A00F394E9 /* Supporting Files */ = {
			isa = PBXGroup;
			children = (
				BE644B23183D7C2B007AEE9F /* Veespo-Keys.plist */,
				BEC63F7F183CD528001C82B6 /* Supporting Files */,
				BEC63F7A183CD0B3001C82B6 /* main.m */,
				BEC63F7B183CD0B3001C82B6 /* Veespo-Info.plist */,
				BEC63F79183CD00D001C82B6 /* Veespo-Prefix.pch */,
				BEEB671F17EC9A1A00F394E9 /* InfoPlist.strings */,
				BE644B20183D6D7A007AEE9F /* Localizable.strings */,
			);
			name = "Supporting Files";
			sourceTree = "<group>";
		};
		BEEB673B17EC9A1A00F394E9 /* VeespoTests */ = {
			isa = PBXGroup;
			children = (
				BEEB674117EC9A1A00F394E9 /* VeespoTests.m */,
				BEEB673C17EC9A1A00F394E9 /* Supporting Files */,
			);
			path = VeespoTests;
			sourceTree = "<group>";
		};
		BEEB673C17EC9A1A00F394E9 /* Supporting Files */ = {
			isa = PBXGroup;
			children = (
				BEEB673D17EC9A1A00F394E9 /* VeespoTests-Info.plist */,
				BEEB673E17EC9A1A00F394E9 /* InfoPlist.strings */,
			);
			name = "Supporting Files";
			sourceTree = "<group>";
		};
/* End PBXGroup section */

/* Begin PBXNativeTarget section */
		BEEB671217EC9A1A00F394E9 /* Veespo */ = {
			isa = PBXNativeTarget;
			buildConfigurationList = BEEB674517EC9A1A00F394E9 /* Build configuration list for PBXNativeTarget "Veespo" */;
			buildPhases = (
				BEEB670F17EC9A1A00F394E9 /* Sources */,
				BEEB671017EC9A1A00F394E9 /* Frameworks */,
				BEEB671117EC9A1A00F394E9 /* Resources */,
			);
			buildRules = (
			);
			dependencies = (
			);
			name = Veespo;
			productName = Veespo;
			productReference = BEEB671317EC9A1A00F394E9 /* Veespo Lite.app */;
			productType = "com.apple.product-type.application";
		};
		BEEB673317EC9A1A00F394E9 /* VeespoTests */ = {
			isa = PBXNativeTarget;
			buildConfigurationList = BEEB674817EC9A1A00F394E9 /* Build configuration list for PBXNativeTarget "VeespoTests" */;
			buildPhases = (
				BEEB673017EC9A1A00F394E9 /* Sources */,
				BEEB673117EC9A1A00F394E9 /* Frameworks */,
				BEEB673217EC9A1A00F394E9 /* Resources */,
			);
			buildRules = (
			);
			dependencies = (
				BEEB673A17EC9A1A00F394E9 /* PBXTargetDependency */,
			);
			name = VeespoTests;
			productName = VeespoTests;
			productReference = BEEB673417EC9A1A00F394E9 /* VeespoTests.xctest */;
			productType = "com.apple.product-type.bundle.unit-test";
		};
/* End PBXNativeTarget section */

/* Begin PBXProject section */
		BEEB670B17EC9A1A00F394E9 /* Project object */ = {
			isa = PBXProject;
			attributes = {
				CLASSPREFIX = VE;
				LastUpgradeCheck = 0500;
				ORGANIZATIONNAME = "Veespo Ltd.";
				TargetAttributes = {
					BEEB671217EC9A1A00F394E9 = {
						DevelopmentTeam = 8H2HF6RX92;
					};
					BEEB673317EC9A1A00F394E9 = {
						TestTargetID = BEEB671217EC9A1A00F394E9;
					};
				};
			};
			buildConfigurationList = BEEB670E17EC9A1A00F394E9 /* Build configuration list for PBXProject "Veespo" */;
			compatibilityVersion = "Xcode 3.2";
			developmentRegion = English;
			hasScannedForEncodings = 0;
			knownRegions = (
				en,
				Base,
				it,
			);
			mainGroup = BEEB670A17EC9A1A00F394E9;
			productRefGroup = BEEB671417EC9A1A00F394E9 /* Products */;
			projectDirPath = "";
			projectRoot = "";
			targets = (
				BEEB671217EC9A1A00F394E9 /* Veespo */,
				BEEB673317EC9A1A00F394E9 /* VeespoTests */,
			);
		};
/* End PBXProject section */

/* Begin PBXResourcesBuildPhase section */
		BEEB671117EC9A1A00F394E9 /* Resources */ = {
			isa = PBXResourcesBuildPhase;
			buildActionMask = 2147483647;
			files = (
				BEC63F80183CD528001C82B6 /* Supporting Files in Resources */,
				BEC63F7E183CD27D001C82B6 /* Main.storyboard in Resources */,
				BE9DE1C2187573950011A443 /* release_notes.md in Resources */,
				BEC63F69183CC6BD001C82B6 /* pin@2x.png in Resources */,
				BEEB672F17EC9A1A00F394E9 /* Images.xcassets in Resources */,
				BEEB672117EC9A1A00F394E9 /* InfoPlist.strings in Resources */,
				BEC63F58183CC6BD001C82B6 /* VEDetailVenue.xib in Resources */,
				BE9DE1C1187573950011A443 /* README.md in Resources */,
				BEC63F70183CC790001C82B6 /* Empty.xib in Resources */,
				BE644B24183D7C2B007AEE9F /* Veespo-Keys.plist in Resources */,
				BEC63F7D183CD0B3001C82B6 /* Veespo-Info.plist in Resources */,
				BEABDE6818805C8300079EC5 /* VEHomeViewController.xib in Resources */,
				BEC63F6A183CC6BD001C82B6 /* poweredByFoursquare_gray.png in Resources */,
				BEC63F63183CC6BD001C82B6 /* WebViewController.xib in Resources */,
				BEC63F6B183CC6BD001C82B6 /* poweredByFoursquare_gray@2x.png in Resources */,
				BE6F8B90188991D500262AAD /* Resources.bundle in Resources */,
				BE644B1E183D6D7A007AEE9F /* Localizable.strings in Resources */,
				BEE64C721859C6D800539E8A /* FSWebLogin.xib in Resources */,
				BEC63F6C183CC6BD001C82B6 /* user.png in Resources */,
				BEC63F68183CC6BD001C82B6 /* pin.png in Resources */,
			);
			runOnlyForDeploymentPostprocessing = 0;
		};
		BEEB673217EC9A1A00F394E9 /* Resources */ = {
			isa = PBXResourcesBuildPhase;
			buildActionMask = 2147483647;
			files = (
				BEEB674017EC9A1A00F394E9 /* InfoPlist.strings in Resources */,
			);
			runOnlyForDeploymentPostprocessing = 0;
		};
/* End PBXResourcesBuildPhase section */

/* Begin PBXSourcesBuildPhase section */
		BEEB670F17EC9A1A00F394E9 /* Sources */ = {
			isa = PBXSourcesBuildPhase;
			buildActionMask = 2147483647;
			files = (
				BEE64C7A1859C77D00539E8A /* GHSidebarSearchViewController.m in Sources */,
				BEC63F5A183CC6BD001C82B6 /* VEFSViewController.m in Sources */,
				BEC63F52183CC6BD001C82B6 /* VEAppDelegate.m in Sources */,
				BEC63F56183CC6BD001C82B6 /* VEVenueCell.m in Sources */,
				BEE64CB3185A331A00539E8A /* UIViewController+JASidePanel.m in Sources */,
				BEE64C6E1859C6D800539E8A /* FSOAuth.m in Sources */,
				BE48372018771AEB008EC351 /* JBBarChartView.m in Sources */,
				BEC63F77183CC7BC001C82B6 /* UIControl+VEControl.m in Sources */,
				BEE64C6D1859C6D800539E8A /* Foursquare2.m in Sources */,
				BEC63F61183CC6BD001C82B6 /* VEViewController.m in Sources */,
				BEC63F5E183CC6BD001C82B6 /* VETargetDetailViewController.m in Sources */,
				BEC63F7C183CD0B3001C82B6 /* main.m in Sources */,
				BEC63F65183CC6BD001C82B6 /* FSConverter.m in Sources */,
				BEE64C7E1859C7C900539E8A /* MBProgressHUD.m in Sources */,
				BE01245118880E7500F015D4 /* NSString+Extra.m in Sources */,
				BEE64C791859C77D00539E8A /* GHRevealViewController.m in Sources */,
				BE48372218771AEB008EC351 /* JBLineChartView.m in Sources */,
				BE48371818771A2D008EC351 /* VEChartViewController.m in Sources */,
				BEE64CB0185A2C4800539E8A /* JASidePanelController.m in Sources */,
				BEC63F66183CC6BD001C82B6 /* FSVenue.m in Sources */,
				BEABDE6718805C8300079EC5 /* VEHomeViewController.m in Sources */,
				BEE64C601859C63000539E8A /* UIImageView+AFNetworking.m in Sources */,
				BEE64C591859C63000539E8A /* AFHTTPRequestOperation.m in Sources */,
				BEC63F6E183CC6BD001C82B6 /* VEConnection.m in Sources */,
				BEE64C6F1859C6D800539E8A /* FSRequester.m in Sources */,
				BEE64C5E1859C63000539E8A /* AFURLConnectionOperation.m in Sources */,
				BEE64C5B1859C63000539E8A /* AFJSONRequestOperation.m in Sources */,
				BEE64C581859C63000539E8A /* AFHTTPClient.m in Sources */,
				BEE7F2B41850C8F5005EE0F6 /* VERatedTarget.m in Sources */,
				BEC63F55183CC6BD001C82B6 /* VEFSHeaderView.m in Sources */,
				BEE64C5A1859C63000539E8A /* AFImageRequestOperation.m in Sources */,
				BEE7F2B11850BCDA005EE0F6 /* VERatedVenuesViewController.m in Sources */,
				BEC63F62183CC6BD001C82B6 /* WebViewController.m in Sources */,
				BEC63F59183CC6BD001C82B6 /* VEEspnViewController.m in Sources */,
				BEC63F5F183CC6BD001C82B6 /* VETargetViewController.m in Sources */,
				BEC63F6D183CC6BD001C82B6 /* VERSSParser.m in Sources */,
				BEE64C5D1859C63000539E8A /* AFPropertyListRequestOperation.m in Sources */,
				BE644B1B183D5EDA007AEE9F /* PickerView.m in Sources */,
				BEE64C711859C6D800539E8A /* FSWebLogin.m in Sources */,
				BEC63F5D183CC6BD001C82B6 /* VERSSViewController.m in Sources */,
				BE48372118771AEB008EC351 /* JBChartView.m in Sources */,
				BEE64C701859C6D800539E8A /* FSTargetCallback.m in Sources */,
				BEE64C5F1859C63000539E8A /* AFXMLRequestOperation.m in Sources */,
				BEE64C5C1859C63000539E8A /* AFNetworkActivityIndicatorManager.m in Sources */,
				BEC63F67183CC6BD001C82B6 /* VEUser.m in Sources */,
				BEC63F54183CC6BD001C82B6 /* VEMenuCell.m in Sources */,
				BEB6A9AF185B13F40029A799 /* VELeftMenuViewController.m in Sources */,
				BEC63F53183CC6BD001C82B6 /* RassegnaCell.m in Sources */,
				BEC63F57183CC6BD001C82B6 /* VEDetailVenue.m in Sources */,
				BEED2ECA187EA853009D8C18 /* VEDataChart.m in Sources */,
			);
			runOnlyForDeploymentPostprocessing = 0;
		};
		BEEB673017EC9A1A00F394E9 /* Sources */ = {
			isa = PBXSourcesBuildPhase;
			buildActionMask = 2147483647;
			files = (
				BEEB674217EC9A1A00F394E9 /* VeespoTests.m in Sources */,
				BEED2ECB187EA869009D8C18 /* VEDataChart.m in Sources */,
			);
			runOnlyForDeploymentPostprocessing = 0;
		};
/* End PBXSourcesBuildPhase section */

/* Begin PBXTargetDependency section */
		BEEB673A17EC9A1A00F394E9 /* PBXTargetDependency */ = {
			isa = PBXTargetDependency;
			target = BEEB671217EC9A1A00F394E9 /* Veespo */;
			targetProxy = BEEB673917EC9A1A00F394E9 /* PBXContainerItemProxy */;
		};
/* End PBXTargetDependency section */

/* Begin PBXVariantGroup section */
		BE010A95180AEF0E0012817F /* Main.storyboard */ = {
			isa = PBXVariantGroup;
			children = (
				BE010A96180AEF0E0012817F /* Base */,
			);
			name = Main.storyboard;
			path = ..;
			sourceTree = "<group>";
		};
		BE644B20183D6D7A007AEE9F /* Localizable.strings */ = {
			isa = PBXVariantGroup;
			children = (
				BE644B1F183D6D7A007AEE9F /* Base */,
				BE644B21183D6D7F007AEE9F /* it */,
				BE644B22183D6D89007AEE9F /* en */,
			);
			name = Localizable.strings;
			path = "Supporting Files";
			sourceTree = "<group>";
		};
		BEEB671F17EC9A1A00F394E9 /* InfoPlist.strings */ = {
			isa = PBXVariantGroup;
			children = (
				BEEB672017EC9A1A00F394E9 /* en */,
				BEEB674C17ECA95E00F394E9 /* it */,
			);
			name = InfoPlist.strings;
			sourceTree = "<group>";
		};
		BEEB673E17EC9A1A00F394E9 /* InfoPlist.strings */ = {
			isa = PBXVariantGroup;
			children = (
				BEEB673F17EC9A1A00F394E9 /* en */,
				BEEB674D17ECA95E00F394E9 /* it */,
			);
			name = InfoPlist.strings;
			sourceTree = "<group>";
		};
/* End PBXVariantGroup section */

/* Begin XCBuildConfiguration section */
		BEEB674317EC9A1A00F394E9 /* Debug */ = {
			isa = XCBuildConfiguration;
			buildSettings = {
				ALWAYS_SEARCH_USER_PATHS = NO;
				ARCHS = "$(ARCHS_STANDARD_INCLUDING_64_BIT)";
				CLANG_CXX_LANGUAGE_STANDARD = "compiler-default";
				CLANG_CXX_LIBRARY = "compiler-default";
				CLANG_ENABLE_MODULES = YES;
				CLANG_ENABLE_OBJC_ARC = YES;
				CLANG_WARN_BOOL_CONVERSION = YES;
				CLANG_WARN_CONSTANT_CONVERSION = YES;
				CLANG_WARN_DIRECT_OBJC_ISA_USAGE = YES_ERROR;
				CLANG_WARN_EMPTY_BODY = YES;
				CLANG_WARN_ENUM_CONVERSION = YES;
				CLANG_WARN_INT_CONVERSION = YES;
				CLANG_WARN_OBJC_ROOT_CLASS = YES_ERROR;
				CLANG_WARN__DUPLICATE_METHOD_MATCH = YES;
				"CODE_SIGN_IDENTITY[sdk=iphoneos*]" = "iPhone Developer";
				COPY_PHASE_STRIP = NO;
				GCC_C_LANGUAGE_STANDARD = gnu99;
				GCC_DYNAMIC_NO_PIC = NO;
				GCC_OPTIMIZATION_LEVEL = 0;
				GCC_PREPROCESSOR_DEFINITIONS = (
					"DEBUG=1",
					"$(inherited)",
				);
				GCC_SYMBOLS_PRIVATE_EXTERN = NO;
				GCC_WARN_64_TO_32_BIT_CONVERSION = YES;
				GCC_WARN_ABOUT_RETURN_TYPE = YES_ERROR;
				GCC_WARN_UNDECLARED_SELECTOR = YES;
				GCC_WARN_UNINITIALIZED_AUTOS = YES;
				GCC_WARN_UNUSED_FUNCTION = YES;
				GCC_WARN_UNUSED_VARIABLE = YES;
				IPHONEOS_DEPLOYMENT_TARGET = 6.0;
				ONLY_ACTIVE_ARCH = YES;
				PROVISIONING_PROFILE = "";
				SDKROOT = iphoneos;
			};
			name = Debug;
		};
		BEEB674417EC9A1A00F394E9 /* Release */ = {
			isa = XCBuildConfiguration;
			buildSettings = {
				ALWAYS_SEARCH_USER_PATHS = NO;
				ARCHS = "$(ARCHS_STANDARD_INCLUDING_64_BIT)";
				CLANG_CXX_LANGUAGE_STANDARD = "compiler-default";
				CLANG_CXX_LIBRARY = "compiler-default";
				CLANG_ENABLE_MODULES = YES;
				CLANG_ENABLE_OBJC_ARC = YES;
				CLANG_WARN_BOOL_CONVERSION = YES;
				CLANG_WARN_CONSTANT_CONVERSION = YES;
				CLANG_WARN_DIRECT_OBJC_ISA_USAGE = YES_ERROR;
				CLANG_WARN_EMPTY_BODY = YES;
				CLANG_WARN_ENUM_CONVERSION = YES;
				CLANG_WARN_INT_CONVERSION = YES;
				CLANG_WARN_OBJC_ROOT_CLASS = YES_ERROR;
				CLANG_WARN__DUPLICATE_METHOD_MATCH = YES;
				"CODE_SIGN_IDENTITY[sdk=iphoneos*]" = "iPhone Distribution: giordano scalzo (8H2HF6RX92)";
				COPY_PHASE_STRIP = YES;
				ENABLE_NS_ASSERTIONS = NO;
				GCC_C_LANGUAGE_STANDARD = gnu99;
				GCC_WARN_64_TO_32_BIT_CONVERSION = YES;
				GCC_WARN_ABOUT_RETURN_TYPE = YES_ERROR;
				GCC_WARN_UNDECLARED_SELECTOR = YES;
				GCC_WARN_UNINITIALIZED_AUTOS = YES;
				GCC_WARN_UNUSED_FUNCTION = YES;
				GCC_WARN_UNUSED_VARIABLE = YES;
				IPHONEOS_DEPLOYMENT_TARGET = 6.0;
				PROVISIONING_PROFILE = "0E749AB2-C820-4EDE-BE82-73D0CB6B8E04";
				SDKROOT = iphoneos;
				VALIDATE_PRODUCT = YES;
			};
			name = Release;
		};
		BEEB674617EC9A1A00F394E9 /* Debug */ = {
			isa = XCBuildConfiguration;
			buildSettings = {
				ARCHS = "$(ARCHS_STANDARD)";
				ASSETCATALOG_COMPILER_APPICON_NAME = AppIcon;
				ASSETCATALOG_COMPILER_LAUNCHIMAGE_NAME = LaunchImage;
				CODE_SIGN_IDENTITY = "";
				"CODE_SIGN_IDENTITY[sdk=iphoneos*]" = "iPhone Developer";
				FRAMEWORK_SEARCH_PATHS = (
					"$(USER_LIBRARY_DIR)/Developer/Xcode/DerivedData/VeespoFramework-eldtvhdwpsteoudgvebpfjvbcvhm/Build/Products/Debug-iphoneos/VeespoFramework.embeddedframework",
					/Users/darth/Dropbox/veespo/Veespo/VeespoFramework.embeddedframework,
					"$(USER_LIBRARY_DIR)/Developer/Xcode/DerivedData/VeespoFramework-eldtvhdwpsteoudgvebpfjvbcvhm/Build/Products/Release-iphoneos/VeespoFramework.embeddedframework",
				);
				GCC_PRECOMPILE_PREFIX_HEADER = YES;
				GCC_PREFIX_HEADER = "Veespo/Veespo-Prefix.pch";
				INFOPLIST_FILE = "Veespo/Veespo-Info.plist";
				IPHONEOS_DEPLOYMENT_TARGET = 6.0;
				LIBRARY_SEARCH_PATHS = (
					/Users/darth/Dropbox/veespo/Veespo/Veespo/Tools/TestFlightSDK2.0.2,
					/Users/darth/Dropbox/veespo/Veespo/Flurry,
				);
				PRODUCT_NAME = "$(TARGET_NAME) Lite";
				PROVISIONING_PROFILE = "";
				VALID_ARCHS = "armv7 armv7s";
				WRAPPER_EXTENSION = app;
			};
			name = Debug;
		};
		BEEB674717EC9A1A00F394E9 /* Release */ = {
			isa = XCBuildConfiguration;
			buildSettings = {
				ARCHS = "$(ARCHS_STANDARD)";
				ASSETCATALOG_COMPILER_APPICON_NAME = AppIcon;
				ASSETCATALOG_COMPILER_LAUNCHIMAGE_NAME = LaunchImage;
				CODE_SIGN_IDENTITY = "";
				"CODE_SIGN_IDENTITY[sdk=iphoneos*]" = "iPhone Distribution: giordano scalzo (8H2HF6RX92)";
				FRAMEWORK_SEARCH_PATHS = (
					"$(USER_LIBRARY_DIR)/Developer/Xcode/DerivedData/VeespoFramework-eldtvhdwpsteoudgvebpfjvbcvhm/Build/Products/Debug-iphoneos/VeespoFramework.embeddedframework",
					/Users/darth/Dropbox/veespo/Veespo/VeespoFramework.embeddedframework,
					"$(USER_LIBRARY_DIR)/Developer/Xcode/DerivedData/VeespoFramework-eldtvhdwpsteoudgvebpfjvbcvhm/Build/Products/Release-iphoneos/VeespoFramework.embeddedframework",
				);
				GCC_PRECOMPILE_PREFIX_HEADER = YES;
				GCC_PREFIX_HEADER = "Veespo/Veespo-Prefix.pch";
				INFOPLIST_FILE = "Veespo/Veespo-Info.plist";
				IPHONEOS_DEPLOYMENT_TARGET = 6.0;
				LIBRARY_SEARCH_PATHS = (
					/Users/darth/Dropbox/veespo/Veespo/Veespo/Tools/TestFlightSDK2.0.2,
					/Users/darth/Dropbox/veespo/Veespo/Flurry,
				);
				PRODUCT_NAME = "$(TARGET_NAME) Lite";
				PROVISIONING_PROFILE = "0E749AB2-C820-4EDE-BE82-73D0CB6B8E04";
				VALID_ARCHS = "armv7 armv7s";
				WRAPPER_EXTENSION = app;
			};
			name = Release;
		};
		BEEB674917EC9A1A00F394E9 /* Debug */ = {
			isa = XCBuildConfiguration;
			buildSettings = {
				ARCHS = "$(ARCHS_STANDARD_INCLUDING_64_BIT)";
				BUNDLE_LOADER = "$(BUILT_PRODUCTS_DIR)/Veespo Lite.app/Veespo Lite";
				FRAMEWORK_SEARCH_PATHS = (
					"$(SDKROOT)/Developer/Library/Frameworks",
					"$(inherited)",
					"$(DEVELOPER_FRAMEWORKS_DIR)",
					"$(USER_LIBRARY_DIR)/Developer/Xcode/DerivedData/VeespoFramework-eldtvhdwpsteoudgvebpfjvbcvhm/Build/Products/Debug-iphoneos/VeespoFramework.embeddedframework",
				);
				GCC_PRECOMPILE_PREFIX_HEADER = YES;
				GCC_PREFIX_HEADER = "Veespo/Veespo-Prefix.pch";
				GCC_PREPROCESSOR_DEFINITIONS = (
					"DEBUG=1",
					"$(inherited)",
				);
				INFOPLIST_FILE = "VeespoTests/VeespoTests-Info.plist";
				PRODUCT_NAME = "$(TARGET_NAME)";
				TEST_HOST = "$(BUNDLE_LOADER)";
				WRAPPER_EXTENSION = xctest;
			};
			name = Debug;
		};
		BEEB674A17EC9A1A00F394E9 /* Release */ = {
			isa = XCBuildConfiguration;
			buildSettings = {
				ARCHS = "$(ARCHS_STANDARD_INCLUDING_64_BIT)";
				BUNDLE_LOADER = "$(BUILT_PRODUCTS_DIR)/Veespo.app/Veespo";
				FRAMEWORK_SEARCH_PATHS = (
					"$(SDKROOT)/Developer/Library/Frameworks",
					"$(inherited)",
					"$(DEVELOPER_FRAMEWORKS_DIR)",
					"$(USER_LIBRARY_DIR)/Developer/Xcode/DerivedData/VeespoFramework-eldtvhdwpsteoudgvebpfjvbcvhm/Build/Products/Debug-iphoneos/VeespoFramework.embeddedframework",
				);
				GCC_PRECOMPILE_PREFIX_HEADER = YES;
				GCC_PREFIX_HEADER = "Veespo/Veespo-Prefix.pch";
				INFOPLIST_FILE = "VeespoTests/VeespoTests-Info.plist";
				PRODUCT_NAME = "$(TARGET_NAME)";
				TEST_HOST = "$(BUNDLE_LOADER)";
				WRAPPER_EXTENSION = xctest;
			};
			name = Release;
		};
/* End XCBuildConfiguration section */

/* Begin XCConfigurationList section */
		BEEB670E17EC9A1A00F394E9 /* Build configuration list for PBXProject "Veespo" */ = {
			isa = XCConfigurationList;
			buildConfigurations = (
				BEEB674317EC9A1A00F394E9 /* Debug */,
				BEEB674417EC9A1A00F394E9 /* Release */,
			);
			defaultConfigurationIsVisible = 0;
			defaultConfigurationName = Release;
		};
		BEEB674517EC9A1A00F394E9 /* Build configuration list for PBXNativeTarget "Veespo" */ = {
			isa = XCConfigurationList;
			buildConfigurations = (
				BEEB674617EC9A1A00F394E9 /* Debug */,
				BEEB674717EC9A1A00F394E9 /* Release */,
			);
			defaultConfigurationIsVisible = 0;
			defaultConfigurationName = Release;
		};
		BEEB674817EC9A1A00F394E9 /* Build configuration list for PBXNativeTarget "VeespoTests" */ = {
			isa = XCConfigurationList;
			buildConfigurations = (
				BEEB674917EC9A1A00F394E9 /* Debug */,
				BEEB674A17EC9A1A00F394E9 /* Release */,
			);
			defaultConfigurationIsVisible = 0;
			defaultConfigurationName = Release;
		};
/* End XCConfigurationList section */
	};
	rootObject = BEEB670B17EC9A1A00F394E9 /* Project object */;
}
